{
  "version": 4,
  "terraform_version": "1.10.5",
  "serial": 37,
  "lineage": "2916c9b8-614b-35b5-748d-f5ac9b7db512",
  "outputs": {
    "private_key_pem": {
      "value": "-----BEGIN RSA PRIVATE KEY-----\nMIIJKQIBAAKCAgEAxZr5fejqo/BxPpsY4KioAis397WHHRY9pip0optsme7oUPVE\nbZ2BlT3WbTvqIMdPlDx9TS21eDamOgIt9DJEsbCM/Hh1n+U+5EdIRh+SRcS0xgMn\nsvIL/QlaQhak9D831lVtcA1X48idjohhCP34xnIX/KbQCQjfQ2g5IT3Vqx99F0xE\nsA25IwBgrEi/xwrlm+fk+cDiIoBRXvdTSxIVD66IcUaSx291V2wY5Wy7hsP/Iao3\nLkJMMPd+isg5JFTJEAwEyD3effXqZL0dakr6TKrjMpMMrS4pN08KFWw62iMZweln\nwjg8V97j6EZFItbVfDCDQtju8d0QeAVk8key2y8ER4uRIorKqfeAF9FWsPdLvuf7\no/ilMEWWXqwvk/xLA6c7fleVfx9aZJHqAod4iG07TczRB6dPupynOQAPkbFOi5HZ\nIrh1YUqHIMazKdB2TOodM7sTdciIxV4k/KAaipujMI1Dl3eut7yynrSuW1GXaWHx\nS+TJW6RxdraOFmgy6iFw5j0XokAeV4ejz7jz+6POJO+DnkFA4Jrg4ahz0CavJ+T7\nJIe8/jjSJLAw9iTQ1dIIPMzcJT5eBRFu4CMywT1EDEzMsrZQhhHCqgFljkKMHU2y\nOq4iK8bSy66cVEabig9aYUpj4SYfiExWbyhxGztoPwTiTgCqr4uJSq8ruyMCAwEA\nAQKCAgADfRHshCEoVcVaCpjs1m1o5GRvjhfdjpf2CAfZGw9WxF37l+jmWoKAJQBV\nG1qty3b/MfYwV589iRF0Mrem+QA3dtt2VZYWBZEPrKZ8/m+xpaBfYozf3uARTon2\nYrn0yeztbsKo2MN1dQQ7EPNNmlY7Aqajwjon/q0aXourp5DPHZYyxBjuVr+u+4G5\naOth0zJshzKGqj4Tx9on6AvjZmVSyo0EGu/ab4BN0824tyu0XF9zs7KXsXnw312v\ni4tetdR64QtwkY8NADtsHd6YEszKb7XlHa16nTcDD/UonamIUlhRERLQ3fdKwdea\nMStlSw+nyp92nafSQ0nYJJg8osFojzn32llZsQVElcwa8VnS9W0Hpwj2FU2yesj9\n168dTsWDDF9IjlBlP5Xo1Hll2oDzWW4TgcFqBRULT2j5w5qSeegd1UOQGQApyI5X\na2H7TvVJsiLoxKXP3FjuFOsUEzY9pCALkAqyZ3UMMmnYkdIyoP6bAaq+9llfI/oS\ninEOTGIZo1tzc5C0WFoSigcrR0qZJFoCxutO6UZ85PMk/XY57ns2YTPxT3Q17rCQ\nUpDk2FpD+FHIISYXx7/+D03g0qyVPin3orsE4pgTLfYB0ktuVFBL0IfJUO6C+s9D\nsRLc5mAXPS5memyGUpvTbJBuBvoMAGl8hCDUzu3C4mLSdq2KgQKCAQEA9bE95Msa\nEl3ucOHgEuwBmTvs8acQMI+sdLyjt5YCd9qdbxVreAGUghW/3lHiFuOqoLKZwKAN\nAIFhikmkG0rwSfOalBBL1viTqqbIGlJYnyFppY+FaI2XaoEuqYoYiVmrJVPdkuD/\nhSokrECJQgOaPyLw9ktYdBs2+odTV8qahAMQbG3KQXIszOpExcPAxpTAGa3ZB8Pg\nQOFOBhnj04clwwKv915OfdwFTBTt2tKIxuRnHXym6o4gTCvJjgkIWzCGoJ/EHME9\ngQO6A/AZvIS8Ap+O3j3ys+18w66iACmFYGjyQMMaWN727isDy5CjiLJKSlxoAsJj\nrYSnhLt/ZK4IQQKCAQEAzeVGNP/+px623WvT2pGPAgT2A3hlQgxFF4zQRLTJFEyY\nQApukJkaMJf3lwBEv52HM4xB6enIULiT069o9J/iIKQ8lCeuQ+QuKCVisO+ZcrFz\nqG4Pxo6bSimRbcQMErNokERUgfYTmT/Wqxkj51LQS+5irTJQILsW3k55/bgJLjiy\nOKSsPf2KdRo1scmko6FLQp/vp5Bt/y3ASRjfKddWX+FhfSPp3Uo1IUonwkrdffto\nKMM+gDyOKciC6kxeoPoPhZWAdH22yY3l7wabtTkwHwn0sl0VJkZneT234MYCLeN3\ncUxYPaH0z0Pxf7LbdwRMFTmoL6C0KzIFVr6PcIwKYwKCAQAvM9kvTrH4m2FHAK5b\nFEqOVQwFtVIP8lpwpxlRGRnqSu76O4RFLxCIGYOeQ98LBLxwWT/e2SEGWtURi2pi\n7/fQTWQCVEstxt4f6CEDpZRvJi006Kj52FIh3SXI3sYuBTMzXbRxFpcgz2LyUQfN\nzgFhZeYje4BH9j6OzVb+w+cBu9D48/LqtfPTfqKt2Bj+Te/GPzc2HbTE4kRqOaki\np5FisO57uPudhJrj7hVweAhdJd6FtMAgyiN8XuE/T47ybhU/YNJ9r8aQNdYUEZnw\nNRQl8N+y5PXvCY5xzehD3bZJOoBoXtN+BYAta8gz4Nr6VT6eoLg+53fdC2JfxuIH\nxsPBAoIBAQCFQc6entCB+S8BP7htzadw9yUCOfnPNYHCLDDfRuKdcLVZPWcxzuVU\nbgaghFv6aEoI4s4GRniPRebnKrATIyeHWMScXtI6voPhF9E4EtqNkKv6ZsFvEP0Q\nkra9BBWMRPF37cGEG2+zz81wD2VdYgvOGQtkbRvPE0dJuiDaRTIr6CXw4yNXO7FQ\n+RWna4pTHSFIjZreKGwIq+O3a5GD0wrkI0qlY4kI3+5jDUuOREX2M7DGMRdSh966\nzDtuyN618SH6ozfwLS0QZfZbLTu5nrm2XQsyJWx6yTZPEdLgd0cRzBaSDYdO3HNF\ncgPrUicYcH+NfTONH8V773PlIJBVl01hAoIBAQCiUGG6R34cTqbnTrLbDyQ/OmoO\nq6sQKTA+nGmRL6v1/0XJ2LXNaud4g9YaPM7cOSdu18NlFVe/vQnCsMNVgClO+/yt\nmRmHsmsSwmXEXj6K2z009xpcfONKmcJfpD8xxGCew2BNkc3itl5kZqZp7LcwLzuQ\nj5XCNIy6dPZ+wAqQXAYXpHjapHAZ48ZtlXKX8en56gdcdYUAINNFNwTc5N2XYU6W\n32A5hSMURZlDyoLIC5oWfcnurr/jsT+HBuCRvemGcAp//PuzH2N4V2tuOI4YDCrA\n3rTGOOR6eDzSn1SzmUG8h0HJyidHs8IV9JTkVRAK0gJrxW/ssYAycWhbySje\n-----END RSA PRIVATE KEY-----\n",
      "type": "string",
      "sensitive": true
    }
  },
  "resources": [
    {
      "mode": "managed",
      "type": "aws_eip",
      "name": "eip",
      "provider": "provider[\"registry.terraform.io/hashicorp/aws\"]",
      "instances": [
        {
          "schema_version": 0,
          "attributes": {
            "address": null,
            "allocation_id": "eipalloc-0dbd7ae443ca5f7fe",
            "arn": "arn:aws:ec2:us-east-1:135808924399:elastic-ip/eipalloc-0dbd7ae443ca5f7fe",
            "associate_with_private_ip": null,
            "association_id": "eipassoc-0ce541de2b04d5c47",
            "carrier_ip": "",
            "customer_owned_ip": "",
            "customer_owned_ipv4_pool": "",
            "domain": "vpc",
            "id": "eipalloc-0dbd7ae443ca5f7fe",
            "instance": "",
            "network_border_group": "us-east-1",
            "network_interface": "eni-0512c4cc06c0e298f",
            "private_dns": "ip-10-0-1-137.ec2.internal",
            "private_ip": "10.0.1.137",
            "ptr_record": "",
            "public_dns": "ec2-23-20-7-228.compute-1.amazonaws.com",
            "public_ip": "23.20.7.228",
            "public_ipv4_pool": "amazon",
            "tags": {
              "Name": "elastic-ip"
            },
            "tags_all": {
              "Name": "elastic-ip"
            },
            "timeouts": null,
            "vpc": true
          },
          "sensitive_attributes": [],
          "private": "eyJlMmJmYjczMC1lY2FhLTExZTYtOGY4OC0zNDM2M2JjN2M0YzAiOnsiZGVsZXRlIjoxODAwMDAwMDAwMDAsInJlYWQiOjkwMDAwMDAwMDAwMCwidXBkYXRlIjozMDAwMDAwMDAwMDB9fQ=="
        }
      ]
    },
    {
      "mode": "managed",
      "type": "aws_instance",
      "name": "myec2",
      "provider": "provider[\"registry.terraform.io/hashicorp/aws\"]",
      "instances": [
        {
          "schema_version": 1,
          "attributes": {
            "ami": "ami-0e449927258d45bc4",
            "arn": "arn:aws:ec2:us-east-1:135808924399:instance/i-036cff22d3b4cf308",
            "associate_public_ip_address": true,
            "availability_zone": "us-east-1a",
            "capacity_reservation_specification": [
              {
                "capacity_reservation_preference": "open",
                "capacity_reservation_target": []
              }
            ],
            "cpu_core_count": 1,
            "cpu_options": [
              {
                "amd_sev_snp": "",
                "core_count": 1,
                "threads_per_core": 1
              }
            ],
            "cpu_threads_per_core": 1,
            "credit_specification": [
              {
                "cpu_credits": "standard"
              }
            ],
            "disable_api_stop": false,
            "disable_api_termination": false,
            "ebs_block_device": [],
            "ebs_optimized": false,
            "enclave_options": [
              {
                "enabled": false
              }
            ],
            "ephemeral_block_device": [],
            "get_password_data": false,
            "hibernation": false,
            "host_id": "",
            "host_resource_group_arn": null,
            "iam_instance_profile": "",
            "id": "i-036cff22d3b4cf308",
            "instance_initiated_shutdown_behavior": "stop",
            "instance_lifecycle": "",
            "instance_market_options": [],
            "instance_state": "running",
            "instance_type": "t2.micro",
            "ipv6_address_count": 0,
            "ipv6_addresses": [],
            "key_name": "example-key",
            "launch_template": [],
            "maintenance_options": [
              {
                "auto_recovery": "default"
              }
            ],
            "metadata_options": [
              {
                "http_endpoint": "enabled",
                "http_protocol_ipv6": "disabled",
                "http_put_response_hop_limit": 2,
                "http_tokens": "required",
                "instance_metadata_tags": "disabled"
              }
            ],
            "monitoring": false,
            "network_interface": [],
            "outpost_arn": "",
            "password_data": "",
            "placement_group": "",
            "placement_partition_number": 0,
            "primary_network_interface_id": "eni-0c381affedd620c2b",
            "private_dns": "ip-10-0-1-197.ec2.internal",
            "private_dns_name_options": [
              {
                "enable_resource_name_dns_a_record": false,
                "enable_resource_name_dns_aaaa_record": false,
                "hostname_type": "ip-name"
              }
            ],
            "private_ip": "10.0.1.197",
            "public_dns": "ec2-54-208-6-6.compute-1.amazonaws.com",
            "public_ip": "54.208.6.6",
            "root_block_device": [
              {
                "delete_on_termination": true,
                "device_name": "/dev/xvda",
                "encrypted": false,
                "iops": 3000,
                "kms_key_id": "",
                "tags": {},
                "tags_all": {},
                "throughput": 125,
                "volume_id": "vol-02a006580524a94d0",
                "volume_size": 8,
                "volume_type": "gp3"
              }
            ],
            "secondary_private_ips": [],
            "security_groups": [],
            "source_dest_check": true,
            "spot_instance_request_id": "",
            "subnet_id": "subnet-044d58a861753035b",
            "tags": {
              "Name": "My-EC2"
            },
            "tags_all": {
              "Name": "My-EC2"
            },
            "tenancy": "default",
            "timeouts": null,
            "user_data": null,
            "user_data_base64": null,
            "user_data_replace_on_change": false,
            "volume_tags": null,
            "vpc_security_group_ids": [
              "sg-073c72c09fecc3308"
            ]
          },
          "sensitive_attributes": [],
          "private": "eyJlMmJmYjczMC1lY2FhLTExZTYtOGY4OC0zNDM2M2JjN2M0YzAiOnsiY3JlYXRlIjo2MDAwMDAwMDAwMDAsImRlbGV0ZSI6MTIwMDAwMDAwMDAwMCwicmVhZCI6OTAwMDAwMDAwMDAwLCJ1cGRhdGUiOjYwMDAwMDAwMDAwMH0sInNjaGVtYV92ZXJzaW9uIjoiMSJ9",
          "dependencies": [
            "aws_key_pair.example",
            "aws_security_group.aws-sg",
            "aws_subnet.public-subnet",
            "aws_vpc.myvpc",
            "tls_private_key.example"
          ]
        }
      ]
    },
    {
      "mode": "managed",
      "type": "aws_internet_gateway",
      "name": "internet-gtw",
      "provider": "provider[\"registry.terraform.io/hashicorp/aws\"]",
      "instances": [
        {
          "schema_version": 0,
          "attributes": {
            "arn": "arn:aws:ec2:us-east-1:135808924399:internet-gateway/igw-0b8912f34ad28e778",
            "id": "igw-0b8912f34ad28e778",
            "owner_id": "135808924399",
            "tags": {
              "Name": "internet-gateway"
            },
            "tags_all": {
              "Name": "internet-gateway"
            },
            "timeouts": null,
            "vpc_id": "vpc-0d830c370380be2a3"
          },
          "sensitive_attributes": [],
          "private": "eyJlMmJmYjczMC1lY2FhLTExZTYtOGY4OC0zNDM2M2JjN2M0YzAiOnsiY3JlYXRlIjoxMjAwMDAwMDAwMDAwLCJkZWxldGUiOjEyMDAwMDAwMDAwMDAsInVwZGF0ZSI6MTIwMDAwMDAwMDAwMH19",
          "dependencies": [
            "aws_vpc.myvpc"
          ]
        }
      ]
    },
    {
      "mode": "managed",
      "type": "aws_key_pair",
      "name": "example",
      "provider": "provider[\"registry.terraform.io/hashicorp/aws\"]",
      "instances": [
        {
          "schema_version": 1,
          "attributes": {
            "arn": "arn:aws:ec2:us-east-1:135808924399:key-pair/example-key",
            "fingerprint": "ff:2d:8f:04:f8:8d:e9:3e:64:ce:02:6b:31:bd:8f:4a",
            "id": "example-key",
            "key_name": "example-key",
            "key_name_prefix": "",
            "key_pair_id": "key-01d3ef942a2229195",
            "key_type": "rsa",
            "public_key": "ssh-rsa AAAAB3NzaC1yc2EAAAADAQABAAACAQDFmvl96Oqj8HE+mxjgqKgCKzf3tYcdFj2mKnSim2yZ7uhQ9URtnYGVPdZtO+ogx0+UPH1NLbV4NqY6Ai30MkSxsIz8eHWf5T7kR0hGH5JFxLTGAyey8gv9CVpCFqT0PzfWVW1wDVfjyJ2OiGEI/fjGchf8ptAJCN9DaDkhPdWrH30XTESwDbkjAGCsSL/HCuWb5+T5wOIigFFe91NLEhUProhxRpLHb3VXbBjlbLuGw/8hqjcuQkww936KyDkkVMkQDATIPd599epkvR1qSvpMquMykwytLik3TwoVbDraIxnB6WfCODxX3uPoRkUi1tV8MINC2O7x3RB4BWTyR7LbLwRHi5Eiisqp94AX0Vaw90u+5/uj+KUwRZZerC+T/EsDpzt+V5V/H1pkkeoCh3iIbTtNzNEHp0+6nKc5AA+RsU6LkdkiuHVhSocgxrMp0HZM6h0zuxN1yIjFXiT8oBqKm6MwjUOXd663vLKetK5bUZdpYfFL5MlbpHF2to4WaDLqIXDmPReiQB5Xh6PPuPP7o84k74OeQUDgmuDhqHPQJq8n5Pskh7z+ONIksDD2JNDV0gg8zNwlPl4FEW7gIzLBPUQMTMyytlCGEcKqAWWOQowdTbI6riIrxtLLrpxURpuKD1phSmPhJh+ITFZvKHEbO2g/BOJOAKqvi4lKryu7Iw==",
            "tags": {},
            "tags_all": {}
          },
          "sensitive_attributes": [],
          "private": "eyJzY2hlbWFfdmVyc2lvbiI6IjEifQ==",
          "dependencies": [
            "tls_private_key.example"
          ]
        }
      ]
    },
    {
      "mode": "managed",
      "type": "aws_nat_gateway",
      "name": "nat-gtw",
      "provider": "provider[\"registry.terraform.io/hashicorp/aws\"]",
      "instances": [
        {
          "schema_version": 0,
          "attributes": {
            "allocation_id": "eipalloc-0dbd7ae443ca5f7fe",
            "association_id": "eipassoc-0ce541de2b04d5c47",
            "connectivity_type": "public",
            "id": "nat-0018e2a023e937ab8",
            "network_interface_id": "eni-0512c4cc06c0e298f",
            "private_ip": "10.0.1.137",
            "public_ip": "23.20.7.228",
            "secondary_allocation_ids": [],
            "secondary_private_ip_address_count": 0,
            "secondary_private_ip_addresses": [],
            "subnet_id": "subnet-044d58a861753035b",
            "tags": {
              "Name": "nat-gtw"
            },
            "tags_all": {
              "Name": "nat-gtw"
            },
            "timeouts": null
          },
          "sensitive_attributes": [],
          "private": "eyJlMmJmYjczMC1lY2FhLTExZTYtOGY4OC0zNDM2M2JjN2M0YzAiOnsiY3JlYXRlIjo2MDAwMDAwMDAwMDAsImRlbGV0ZSI6MTgwMDAwMDAwMDAwMCwidXBkYXRlIjo2MDAwMDAwMDAwMDB9fQ==",
          "dependencies": [
            "aws_eip.eip",
            "aws_subnet.public-subnet",
            "aws_vpc.myvpc"
          ]
        }
      ]
    },
    {
      "mode": "managed",
      "type": "aws_route_table",
      "name": "private_route_table",
      "provider": "provider[\"registry.terraform.io/hashicorp/aws\"]",
      "instances": [
        {
          "schema_version": 0,
          "attributes": {
            "arn": "arn:aws:ec2:us-east-1:135808924399:route-table/rtb-0294262058d32fc38",
            "id": "rtb-0294262058d32fc38",
            "owner_id": "135808924399",
            "propagating_vgws": [],
            "route": [
              {
                "carrier_gateway_id": "",
                "cidr_block": "0.0.0.0/0",
                "core_network_arn": "",
                "destination_prefix_list_id": "",
                "egress_only_gateway_id": "",
                "gateway_id": "nat-0018e2a023e937ab8",
                "ipv6_cidr_block": "",
                "local_gateway_id": "",
                "nat_gateway_id": "",
                "network_interface_id": "",
                "transit_gateway_id": "",
                "vpc_endpoint_id": "",
                "vpc_peering_connection_id": ""
              }
            ],
            "tags": {
              "Name": "private_route_table"
            },
            "tags_all": {
              "Name": "private_route_table"
            },
            "timeouts": null,
            "vpc_id": "vpc-0d830c370380be2a3"
          },
          "sensitive_attributes": [],
          "private": "eyJlMmJmYjczMC1lY2FhLTExZTYtOGY4OC0zNDM2M2JjN2M0YzAiOnsiY3JlYXRlIjozMDAwMDAwMDAwMDAsImRlbGV0ZSI6MzAwMDAwMDAwMDAwLCJ1cGRhdGUiOjEyMDAwMDAwMDAwMH19",
          "dependencies": [
            "aws_eip.eip",
            "aws_nat_gateway.nat-gtw",
            "aws_subnet.public-subnet",
            "aws_vpc.myvpc"
          ]
        }
      ]
    },
    {
      "mode": "managed",
      "type": "aws_route_table",
      "name": "public_route_table",
      "provider": "provider[\"registry.terraform.io/hashicorp/aws\"]",
      "instances": [
        {
          "schema_version": 0,
          "attributes": {
            "arn": "arn:aws:ec2:us-east-1:135808924399:route-table/rtb-0abbce8abe19852dc",
            "id": "rtb-0abbce8abe19852dc",
            "owner_id": "135808924399",
            "propagating_vgws": [],
            "route": [
              {
                "carrier_gateway_id": "",
                "cidr_block": "0.0.0.0/0",
                "core_network_arn": "",
                "destination_prefix_list_id": "",
                "egress_only_gateway_id": "",
                "gateway_id": "igw-0b8912f34ad28e778",
                "ipv6_cidr_block": "",
                "local_gateway_id": "",
                "nat_gateway_id": "",
                "network_interface_id": "",
                "transit_gateway_id": "",
                "vpc_endpoint_id": "",
                "vpc_peering_connection_id": ""
              }
            ],
            "tags": {
              "Name": "public_route_table"
            },
            "tags_all": {
              "Name": "public_route_table"
            },
            "timeouts": null,
            "vpc_id": "vpc-0d830c370380be2a3"
          },
          "sensitive_attributes": [],
          "private": "eyJlMmJmYjczMC1lY2FhLTExZTYtOGY4OC0zNDM2M2JjN2M0YzAiOnsiY3JlYXRlIjozMDAwMDAwMDAwMDAsImRlbGV0ZSI6MzAwMDAwMDAwMDAwLCJ1cGRhdGUiOjEyMDAwMDAwMDAwMH19",
          "dependencies": [
            "aws_internet_gateway.internet-gtw",
            "aws_vpc.myvpc"
          ]
        }
      ]
    },
    {
      "mode": "managed",
      "type": "aws_route_table_association",
      "name": "private_route_table",
      "provider": "provider[\"registry.terraform.io/hashicorp/aws\"]",
      "instances": [
        {
          "schema_version": 0,
          "attributes": {
            "gateway_id": "",
            "id": "rtbassoc-06d0c0a00832027c4",
            "route_table_id": "rtb-0294262058d32fc38",
            "subnet_id": "subnet-0ee9b27378d802565",
            "timeouts": null
          },
          "sensitive_attributes": [],
          "private": "eyJlMmJmYjczMC1lY2FhLTExZTYtOGY4OC0zNDM2M2JjN2M0YzAiOnsiY3JlYXRlIjozMDAwMDAwMDAwMDAsImRlbGV0ZSI6MzAwMDAwMDAwMDAwLCJ1cGRhdGUiOjEyMDAwMDAwMDAwMH19",
          "dependencies": [
            "aws_eip.eip",
            "aws_nat_gateway.nat-gtw",
            "aws_route_table.private_route_table",
            "aws_subnet.private-subnet",
            "aws_subnet.public-subnet",
            "aws_vpc.myvpc"
          ]
        }
      ]
    },
    {
      "mode": "managed",
      "type": "aws_route_table_association",
      "name": "public_route_table",
      "provider": "provider[\"registry.terraform.io/hashicorp/aws\"]",
      "instances": [
        {
          "schema_version": 0,
          "attributes": {
            "gateway_id": "",
            "id": "rtbassoc-0cf9d03481f77d98c",
            "route_table_id": "rtb-0abbce8abe19852dc",
            "subnet_id": "subnet-044d58a861753035b",
            "timeouts": null
          },
          "sensitive_attributes": [],
          "private": "eyJlMmJmYjczMC1lY2FhLTExZTYtOGY4OC0zNDM2M2JjN2M0YzAiOnsiY3JlYXRlIjozMDAwMDAwMDAwMDAsImRlbGV0ZSI6MzAwMDAwMDAwMDAwLCJ1cGRhdGUiOjEyMDAwMDAwMDAwMH19",
          "dependencies": [
            "aws_internet_gateway.internet-gtw",
            "aws_route_table.public_route_table",
            "aws_subnet.public-subnet",
            "aws_vpc.myvpc"
          ]
        }
      ]
    },
    {
      "mode": "managed",
      "type": "aws_security_group",
      "name": "aws-sg",
      "provider": "provider[\"registry.terraform.io/hashicorp/aws\"]",
      "instances": [
        {
          "schema_version": 1,
          "attributes": {
            "arn": "arn:aws:ec2:us-east-1:135808924399:security-group/sg-073c72c09fecc3308",
            "description": "Managed by Terraform",
            "egress": [
              {
                "cidr_blocks": [
                  "0.0.0.0/0"
                ],
                "description": "",
                "from_port": 0,
                "ipv6_cidr_blocks": [],
                "prefix_list_ids": [],
                "protocol": "-1",
                "security_groups": [],
                "self": false,
                "to_port": 0
              }
            ],
            "id": "sg-073c72c09fecc3308",
            "ingress": [
              {
                "cidr_blocks": [
                  "0.0.0.0/0"
                ],
                "description": "",
                "from_port": 22,
                "ipv6_cidr_blocks": [],
                "prefix_list_ids": [],
                "protocol": "tcp",
                "security_groups": [],
                "self": false,
                "to_port": 22
              },
              {
                "cidr_blocks": [
                  "0.0.0.0/0"
                ],
                "description": null,
                "from_port": 80,
                "ipv6_cidr_blocks": [],
                "prefix_list_ids": [],
                "protocol": "tcp",
                "security_groups": [],
                "self": false,
                "to_port": 80
              }
            ],
            "name": "terraform-20250427054221851100000001",
            "name_prefix": "terraform-",
            "owner_id": "135808924399",
            "revoke_rules_on_delete": false,
            "tags": {
              "Name": "NATSG"
            },
            "tags_all": {
              "Name": "NATSG"
            },
            "timeouts": null,
            "vpc_id": "vpc-0d830c370380be2a3"
          },
          "sensitive_attributes": [],
          "private": "eyJlMmJmYjczMC1lY2FhLTExZTYtOGY4OC0zNDM2M2JjN2M0YzAiOnsiY3JlYXRlIjo2MDAwMDAwMDAwMDAsImRlbGV0ZSI6OTAwMDAwMDAwMDAwfSwic2NoZW1hX3ZlcnNpb24iOiIxIn0=",
          "dependencies": [
            "aws_vpc.myvpc"
          ]
        }
      ]
    },
    {
      "mode": "managed",
      "type": "aws_subnet",
      "name": "private-subnet",
      "provider": "provider[\"registry.terraform.io/hashicorp/aws\"]",
      "instances": [
        {
          "schema_version": 1,
          "attributes": {
            "arn": "arn:aws:ec2:us-east-1:135808924399:subnet/subnet-0ee9b27378d802565",
            "assign_ipv6_address_on_creation": false,
            "availability_zone": "us-east-1b",
            "availability_zone_id": "use1-az6",
            "cidr_block": "10.0.2.0/24",
            "customer_owned_ipv4_pool": "",
            "enable_dns64": false,
            "enable_lni_at_device_index": 0,
            "enable_resource_name_dns_a_record_on_launch": false,
            "enable_resource_name_dns_aaaa_record_on_launch": false,
            "id": "subnet-0ee9b27378d802565",
            "ipv6_cidr_block": "",
            "ipv6_cidr_block_association_id": "",
            "ipv6_native": false,
            "map_customer_owned_ip_on_launch": false,
            "map_public_ip_on_launch": false,
            "outpost_arn": "",
            "owner_id": "135808924399",
            "private_dns_hostname_type_on_launch": "ip-name",
            "tags": {
              "Name": "Private-subnet"
            },
            "tags_all": {
              "Name": "Private-subnet"
            },
            "timeouts": null,
            "vpc_id": "vpc-0d830c370380be2a3"
          },
          "sensitive_attributes": [],
          "private": "eyJlMmJmYjczMC1lY2FhLTExZTYtOGY4OC0zNDM2M2JjN2M0YzAiOnsiY3JlYXRlIjo2MDAwMDAwMDAwMDAsImRlbGV0ZSI6MTIwMDAwMDAwMDAwMH0sInNjaGVtYV92ZXJzaW9uIjoiMSJ9",
          "dependencies": [
            "aws_vpc.myvpc"
          ]
        }
      ]
    },
    {
      "mode": "managed",
      "type": "aws_subnet",
      "name": "public-subnet",
      "provider": "provider[\"registry.terraform.io/hashicorp/aws\"]",
      "instances": [
        {
          "schema_version": 1,
          "attributes": {
            "arn": "arn:aws:ec2:us-east-1:135808924399:subnet/subnet-044d58a861753035b",
            "assign_ipv6_address_on_creation": false,
            "availability_zone": "us-east-1a",
            "availability_zone_id": "use1-az4",
            "cidr_block": "10.0.1.0/24",
            "customer_owned_ipv4_pool": "",
            "enable_dns64": false,
            "enable_lni_at_device_index": 0,
            "enable_resource_name_dns_a_record_on_launch": false,
            "enable_resource_name_dns_aaaa_record_on_launch": false,
            "id": "subnet-044d58a861753035b",
            "ipv6_cidr_block": "",
            "ipv6_cidr_block_association_id": "",
            "ipv6_native": false,
            "map_customer_owned_ip_on_launch": false,
            "map_public_ip_on_launch": false,
            "outpost_arn": "",
            "owner_id": "135808924399",
            "private_dns_hostname_type_on_launch": "ip-name",
            "tags": {
              "Name": "Public-subnet"
            },
            "tags_all": {
              "Name": "Public-subnet"
            },
            "timeouts": null,
            "vpc_id": "vpc-0d830c370380be2a3"
          },
          "sensitive_attributes": [],
          "private": "eyJlMmJmYjczMC1lY2FhLTExZTYtOGY4OC0zNDM2M2JjN2M0YzAiOnsiY3JlYXRlIjo2MDAwMDAwMDAwMDAsImRlbGV0ZSI6MTIwMDAwMDAwMDAwMH0sInNjaGVtYV92ZXJzaW9uIjoiMSJ9",
          "dependencies": [
            "aws_vpc.myvpc"
          ]
        }
      ]
    },
    {
      "mode": "managed",
      "type": "aws_vpc",
      "name": "myvpc",
      "provider": "provider[\"registry.terraform.io/hashicorp/aws\"]",
      "instances": [
        {
          "schema_version": 1,
          "attributes": {
            "arn": "arn:aws:ec2:us-east-1:135808924399:vpc/vpc-0d830c370380be2a3",
            "assign_generated_ipv6_cidr_block": false,
            "cidr_block": "10.0.0.0/16",
            "default_network_acl_id": "acl-00073a2bc9d9f49a8",
            "default_route_table_id": "rtb-068eb49671e04b59a",
            "default_security_group_id": "sg-0c3d522e853808949",
            "dhcp_options_id": "dopt-07d25e5b23700ffa6",
            "enable_dns_hostnames": true,
            "enable_dns_support": true,
            "enable_network_address_usage_metrics": false,
            "id": "vpc-0d830c370380be2a3",
            "instance_tenancy": "default",
            "ipv4_ipam_pool_id": null,
            "ipv4_netmask_length": null,
            "ipv6_association_id": "",
            "ipv6_cidr_block": "",
            "ipv6_cidr_block_network_border_group": "",
            "ipv6_ipam_pool_id": "",
            "ipv6_netmask_length": 0,
            "main_route_table_id": "rtb-068eb49671e04b59a",
            "owner_id": "135808924399",
            "tags": {
              "Name": "My-VPC"
            },
            "tags_all": {
              "Name": "My-VPC"
            }
          },
          "sensitive_attributes": [],
          "private": "eyJzY2hlbWFfdmVyc2lvbiI6IjEifQ=="
        }
      ]
    },
    {
      "mode": "managed",
      "type": "tls_private_key",
      "name": "example",
      "provider": "provider[\"registry.terraform.io/hashicorp/tls\"]",
      "instances": [
        {
          "schema_version": 1,
          "attributes": {
            "algorithm": "RSA",
            "ecdsa_curve": "P224",
            "id": "44af70bdd500d3b124d3123cbe1bb4f1a34860ae",
            "private_key_openssh": "-----BEGIN OPENSSH PRIVATE KEY-----\nb3BlbnNzaC1rZXktdjEAAAAABG5vbmUAAAAEbm9uZQAAAAAAAAABAAACFwAAAAdz\nc2gtcnNhAAAAAwEAAQAAAgEAxZr5fejqo/BxPpsY4KioAis397WHHRY9pip0opts\nme7oUPVEbZ2BlT3WbTvqIMdPlDx9TS21eDamOgIt9DJEsbCM/Hh1n+U+5EdIRh+S\nRcS0xgMnsvIL/QlaQhak9D831lVtcA1X48idjohhCP34xnIX/KbQCQjfQ2g5IT3V\nqx99F0xEsA25IwBgrEi/xwrlm+fk+cDiIoBRXvdTSxIVD66IcUaSx291V2wY5Wy7\nhsP/Iao3LkJMMPd+isg5JFTJEAwEyD3effXqZL0dakr6TKrjMpMMrS4pN08KFWw6\n2iMZwelnwjg8V97j6EZFItbVfDCDQtju8d0QeAVk8key2y8ER4uRIorKqfeAF9FW\nsPdLvuf7o/ilMEWWXqwvk/xLA6c7fleVfx9aZJHqAod4iG07TczRB6dPupynOQAP\nkbFOi5HZIrh1YUqHIMazKdB2TOodM7sTdciIxV4k/KAaipujMI1Dl3eut7yynrSu\nW1GXaWHxS+TJW6RxdraOFmgy6iFw5j0XokAeV4ejz7jz+6POJO+DnkFA4Jrg4ahz\n0CavJ+T7JIe8/jjSJLAw9iTQ1dIIPMzcJT5eBRFu4CMywT1EDEzMsrZQhhHCqgFl\njkKMHU2yOq4iK8bSy66cVEabig9aYUpj4SYfiExWbyhxGztoPwTiTgCqr4uJSq8r\nuyMAAAc4uZSe77mUnu8AAAAHc3NoLXJzYQAAAgEAxZr5fejqo/BxPpsY4KioAis3\n97WHHRY9pip0optsme7oUPVEbZ2BlT3WbTvqIMdPlDx9TS21eDamOgIt9DJEsbCM\n/Hh1n+U+5EdIRh+SRcS0xgMnsvIL/QlaQhak9D831lVtcA1X48idjohhCP34xnIX\n/KbQCQjfQ2g5IT3Vqx99F0xEsA25IwBgrEi/xwrlm+fk+cDiIoBRXvdTSxIVD66I\ncUaSx291V2wY5Wy7hsP/Iao3LkJMMPd+isg5JFTJEAwEyD3effXqZL0dakr6TKrj\nMpMMrS4pN08KFWw62iMZwelnwjg8V97j6EZFItbVfDCDQtju8d0QeAVk8key2y8E\nR4uRIorKqfeAF9FWsPdLvuf7o/ilMEWWXqwvk/xLA6c7fleVfx9aZJHqAod4iG07\nTczRB6dPupynOQAPkbFOi5HZIrh1YUqHIMazKdB2TOodM7sTdciIxV4k/KAaipuj\nMI1Dl3eut7yynrSuW1GXaWHxS+TJW6RxdraOFmgy6iFw5j0XokAeV4ejz7jz+6PO\nJO+DnkFA4Jrg4ahz0CavJ+T7JIe8/jjSJLAw9iTQ1dIIPMzcJT5eBRFu4CMywT1E\nDEzMsrZQhhHCqgFljkKMHU2yOq4iK8bSy66cVEabig9aYUpj4SYfiExWbyhxGzto\nPwTiTgCqr4uJSq8ruyMAAAADAQABAAACAAN9EeyEIShVxVoKmOzWbWjkZG+OF92O\nl/YIB9kbD1bEXfuX6OZagoAlAFUbWq3Ldv8x9jBXnz2JEXQyt6b5ADd223ZVlhYF\nkQ+spnz+b7GloF9ijN/e4BFOifZiufTJ7O1uwqjYw3V1BDsQ802aVjsCpqPCOif+\nrRpei6unkM8dljLEGO5Wv677gblo62HTMmyHMoaqPhPH2ifoC+NmZVLKjQQa79pv\ngE3Tzbi3K7RcX3OzspexefDfXa+Li1611HrhC3CRjw0AO2wd3pgSzMpvteUdrXqd\nNwMP9SidqYhSWFEREtDd90rB15oxK2VLD6fKn3adp9JDSdgkmDyiwWiPOffaWVmx\nBUSVzBrxWdL1bQenCPYVTbJ6yP3Xrx1OxYMMX0iOUGU/lejUeWXagPNZbhOBwWoF\nFQtPaPnDmpJ56B3VQ5AZACnIjldrYftO9UmyIujEpc/cWO4U6xQTNj2kIAuQCrJn\ndQwyadiR0jKg/psBqr72WV8j+hKKcQ5MYhmjW3NzkLRYWhKKBytHSpkkWgLG607p\nRnzk8yT9djnuezZhM/FPdDXusJBSkOTYWkP4UcghJhfHv/4PTeDSrJU+KfeiuwTi\nmBMt9gHSS25UUEvQh8lQ7oL6z0OxEtzmYBc9LmZ6bIZSm9NskG4G+gwAaXyEINTO\n7cLiYtJ2rYqBAAABAQCiUGG6R34cTqbnTrLbDyQ/OmoOq6sQKTA+nGmRL6v1/0XJ\n2LXNaud4g9YaPM7cOSdu18NlFVe/vQnCsMNVgClO+/ytmRmHsmsSwmXEXj6K2z00\n9xpcfONKmcJfpD8xxGCew2BNkc3itl5kZqZp7LcwLzuQj5XCNIy6dPZ+wAqQXAYX\npHjapHAZ48ZtlXKX8en56gdcdYUAINNFNwTc5N2XYU6W32A5hSMURZlDyoLIC5oW\nfcnurr/jsT+HBuCRvemGcAp//PuzH2N4V2tuOI4YDCrA3rTGOOR6eDzSn1SzmUG8\nh0HJyidHs8IV9JTkVRAK0gJrxW/ssYAycWhbySjeAAABAQD1sT3kyxoSXe5w4eAS\n7AGZO+zxpxAwj6x0vKO3lgJ32p1vFWt4AZSCFb/eUeIW46qgspnAoA0AgWGKSaQb\nSvBJ85qUEEvW+JOqpsgaUlifIWmlj4VojZdqgS6pihiJWaslU92S4P+FKiSsQIlC\nA5o/IvD2S1h0Gzb6h1NXypqEAxBsbcpBcizM6kTFw8DGlMAZrdkHw+BA4U4GGePT\nhyXDAq/3Xk593AVMFO3a0ojG5GcdfKbqjiBMK8mOCQhbMIagn8QcwT2BA7oD8Bm8\nhLwCn47ePfKz7XzDrqIAKYVgaPJAwxpY3vbuKwPLkKOIskpKXGgCwmOthKeEu39k\nrghBAAABAQDN5UY0//6nHrbda9PakY8CBPYDeGVCDEUXjNBEtMkUTJhACm6QmRow\nl/eXAES/nYczjEHp6chQuJPTr2j0n+IgpDyUJ65D5C4oJWKw75lysXOobg/GjptK\nKZFtxAwSs2iQRFSB9hOZP9arGSPnUtBL7mKtMlAguxbeTnn9uAkuOLI4pKw9/Yp1\nGjWxyaSjoUtCn++nkG3/LcBJGN8p11Zf4WF9I+ndSjUhSifCSt19+2gowz6API4p\nyILqTF6g+g+FlYB0fbbJjeXvBpu1OTAfCfSyXRUmRmd5PbfgxgIt43dxTFg9ofTP\nQ/F/stt3BEwVOagvoLQrMgVWvo9wjApjAAAAAAEC\n-----END OPENSSH PRIVATE KEY-----\n",
            "private_key_pem": "-----BEGIN RSA PRIVATE KEY-----\nMIIJKQIBAAKCAgEAxZr5fejqo/BxPpsY4KioAis397WHHRY9pip0optsme7oUPVE\nbZ2BlT3WbTvqIMdPlDx9TS21eDamOgIt9DJEsbCM/Hh1n+U+5EdIRh+SRcS0xgMn\nsvIL/QlaQhak9D831lVtcA1X48idjohhCP34xnIX/KbQCQjfQ2g5IT3Vqx99F0xE\nsA25IwBgrEi/xwrlm+fk+cDiIoBRXvdTSxIVD66IcUaSx291V2wY5Wy7hsP/Iao3\nLkJMMPd+isg5JFTJEAwEyD3effXqZL0dakr6TKrjMpMMrS4pN08KFWw62iMZweln\nwjg8V97j6EZFItbVfDCDQtju8d0QeAVk8key2y8ER4uRIorKqfeAF9FWsPdLvuf7\no/ilMEWWXqwvk/xLA6c7fleVfx9aZJHqAod4iG07TczRB6dPupynOQAPkbFOi5HZ\nIrh1YUqHIMazKdB2TOodM7sTdciIxV4k/KAaipujMI1Dl3eut7yynrSuW1GXaWHx\nS+TJW6RxdraOFmgy6iFw5j0XokAeV4ejz7jz+6POJO+DnkFA4Jrg4ahz0CavJ+T7\nJIe8/jjSJLAw9iTQ1dIIPMzcJT5eBRFu4CMywT1EDEzMsrZQhhHCqgFljkKMHU2y\nOq4iK8bSy66cVEabig9aYUpj4SYfiExWbyhxGztoPwTiTgCqr4uJSq8ruyMCAwEA\nAQKCAgADfRHshCEoVcVaCpjs1m1o5GRvjhfdjpf2CAfZGw9WxF37l+jmWoKAJQBV\nG1qty3b/MfYwV589iRF0Mrem+QA3dtt2VZYWBZEPrKZ8/m+xpaBfYozf3uARTon2\nYrn0yeztbsKo2MN1dQQ7EPNNmlY7Aqajwjon/q0aXourp5DPHZYyxBjuVr+u+4G5\naOth0zJshzKGqj4Tx9on6AvjZmVSyo0EGu/ab4BN0824tyu0XF9zs7KXsXnw312v\ni4tetdR64QtwkY8NADtsHd6YEszKb7XlHa16nTcDD/UonamIUlhRERLQ3fdKwdea\nMStlSw+nyp92nafSQ0nYJJg8osFojzn32llZsQVElcwa8VnS9W0Hpwj2FU2yesj9\n168dTsWDDF9IjlBlP5Xo1Hll2oDzWW4TgcFqBRULT2j5w5qSeegd1UOQGQApyI5X\na2H7TvVJsiLoxKXP3FjuFOsUEzY9pCALkAqyZ3UMMmnYkdIyoP6bAaq+9llfI/oS\ninEOTGIZo1tzc5C0WFoSigcrR0qZJFoCxutO6UZ85PMk/XY57ns2YTPxT3Q17rCQ\nUpDk2FpD+FHIISYXx7/+D03g0qyVPin3orsE4pgTLfYB0ktuVFBL0IfJUO6C+s9D\nsRLc5mAXPS5memyGUpvTbJBuBvoMAGl8hCDUzu3C4mLSdq2KgQKCAQEA9bE95Msa\nEl3ucOHgEuwBmTvs8acQMI+sdLyjt5YCd9qdbxVreAGUghW/3lHiFuOqoLKZwKAN\nAIFhikmkG0rwSfOalBBL1viTqqbIGlJYnyFppY+FaI2XaoEuqYoYiVmrJVPdkuD/\nhSokrECJQgOaPyLw9ktYdBs2+odTV8qahAMQbG3KQXIszOpExcPAxpTAGa3ZB8Pg\nQOFOBhnj04clwwKv915OfdwFTBTt2tKIxuRnHXym6o4gTCvJjgkIWzCGoJ/EHME9\ngQO6A/AZvIS8Ap+O3j3ys+18w66iACmFYGjyQMMaWN727isDy5CjiLJKSlxoAsJj\nrYSnhLt/ZK4IQQKCAQEAzeVGNP/+px623WvT2pGPAgT2A3hlQgxFF4zQRLTJFEyY\nQApukJkaMJf3lwBEv52HM4xB6enIULiT069o9J/iIKQ8lCeuQ+QuKCVisO+ZcrFz\nqG4Pxo6bSimRbcQMErNokERUgfYTmT/Wqxkj51LQS+5irTJQILsW3k55/bgJLjiy\nOKSsPf2KdRo1scmko6FLQp/vp5Bt/y3ASRjfKddWX+FhfSPp3Uo1IUonwkrdffto\nKMM+gDyOKciC6kxeoPoPhZWAdH22yY3l7wabtTkwHwn0sl0VJkZneT234MYCLeN3\ncUxYPaH0z0Pxf7LbdwRMFTmoL6C0KzIFVr6PcIwKYwKCAQAvM9kvTrH4m2FHAK5b\nFEqOVQwFtVIP8lpwpxlRGRnqSu76O4RFLxCIGYOeQ98LBLxwWT/e2SEGWtURi2pi\n7/fQTWQCVEstxt4f6CEDpZRvJi006Kj52FIh3SXI3sYuBTMzXbRxFpcgz2LyUQfN\nzgFhZeYje4BH9j6OzVb+w+cBu9D48/LqtfPTfqKt2Bj+Te/GPzc2HbTE4kRqOaki\np5FisO57uPudhJrj7hVweAhdJd6FtMAgyiN8XuE/T47ybhU/YNJ9r8aQNdYUEZnw\nNRQl8N+y5PXvCY5xzehD3bZJOoBoXtN+BYAta8gz4Nr6VT6eoLg+53fdC2JfxuIH\nxsPBAoIBAQCFQc6entCB+S8BP7htzadw9yUCOfnPNYHCLDDfRuKdcLVZPWcxzuVU\nbgaghFv6aEoI4s4GRniPRebnKrATIyeHWMScXtI6voPhF9E4EtqNkKv6ZsFvEP0Q\nkra9BBWMRPF37cGEG2+zz81wD2VdYgvOGQtkbRvPE0dJuiDaRTIr6CXw4yNXO7FQ\n+RWna4pTHSFIjZreKGwIq+O3a5GD0wrkI0qlY4kI3+5jDUuOREX2M7DGMRdSh966\nzDtuyN618SH6ozfwLS0QZfZbLTu5nrm2XQsyJWx6yTZPEdLgd0cRzBaSDYdO3HNF\ncgPrUicYcH+NfTONH8V773PlIJBVl01hAoIBAQCiUGG6R34cTqbnTrLbDyQ/OmoO\nq6sQKTA+nGmRL6v1/0XJ2LXNaud4g9YaPM7cOSdu18NlFVe/vQnCsMNVgClO+/yt\nmRmHsmsSwmXEXj6K2z009xpcfONKmcJfpD8xxGCew2BNkc3itl5kZqZp7LcwLzuQ\nj5XCNIy6dPZ+wAqQXAYXpHjapHAZ48ZtlXKX8en56gdcdYUAINNFNwTc5N2XYU6W\n32A5hSMURZlDyoLIC5oWfcnurr/jsT+HBuCRvemGcAp//PuzH2N4V2tuOI4YDCrA\n3rTGOOR6eDzSn1SzmUG8h0HJyidHs8IV9JTkVRAK0gJrxW/ssYAycWhbySje\n-----END RSA PRIVATE KEY-----\n",
            "private_key_pem_pkcs8": "-----BEGIN PRIVATE KEY-----\nMIIJQwIBADANBgkqhkiG9w0BAQEFAASCCS0wggkpAgEAAoICAQDFmvl96Oqj8HE+\nmxjgqKgCKzf3tYcdFj2mKnSim2yZ7uhQ9URtnYGVPdZtO+ogx0+UPH1NLbV4NqY6\nAi30MkSxsIz8eHWf5T7kR0hGH5JFxLTGAyey8gv9CVpCFqT0PzfWVW1wDVfjyJ2O\niGEI/fjGchf8ptAJCN9DaDkhPdWrH30XTESwDbkjAGCsSL/HCuWb5+T5wOIigFFe\n91NLEhUProhxRpLHb3VXbBjlbLuGw/8hqjcuQkww936KyDkkVMkQDATIPd599epk\nvR1qSvpMquMykwytLik3TwoVbDraIxnB6WfCODxX3uPoRkUi1tV8MINC2O7x3RB4\nBWTyR7LbLwRHi5Eiisqp94AX0Vaw90u+5/uj+KUwRZZerC+T/EsDpzt+V5V/H1pk\nkeoCh3iIbTtNzNEHp0+6nKc5AA+RsU6LkdkiuHVhSocgxrMp0HZM6h0zuxN1yIjF\nXiT8oBqKm6MwjUOXd663vLKetK5bUZdpYfFL5MlbpHF2to4WaDLqIXDmPReiQB5X\nh6PPuPP7o84k74OeQUDgmuDhqHPQJq8n5Pskh7z+ONIksDD2JNDV0gg8zNwlPl4F\nEW7gIzLBPUQMTMyytlCGEcKqAWWOQowdTbI6riIrxtLLrpxURpuKD1phSmPhJh+I\nTFZvKHEbO2g/BOJOAKqvi4lKryu7IwIDAQABAoICAAN9EeyEIShVxVoKmOzWbWjk\nZG+OF92Ol/YIB9kbD1bEXfuX6OZagoAlAFUbWq3Ldv8x9jBXnz2JEXQyt6b5ADd2\n23ZVlhYFkQ+spnz+b7GloF9ijN/e4BFOifZiufTJ7O1uwqjYw3V1BDsQ802aVjsC\npqPCOif+rRpei6unkM8dljLEGO5Wv677gblo62HTMmyHMoaqPhPH2ifoC+NmZVLK\njQQa79pvgE3Tzbi3K7RcX3OzspexefDfXa+Li1611HrhC3CRjw0AO2wd3pgSzMpv\nteUdrXqdNwMP9SidqYhSWFEREtDd90rB15oxK2VLD6fKn3adp9JDSdgkmDyiwWiP\nOffaWVmxBUSVzBrxWdL1bQenCPYVTbJ6yP3Xrx1OxYMMX0iOUGU/lejUeWXagPNZ\nbhOBwWoFFQtPaPnDmpJ56B3VQ5AZACnIjldrYftO9UmyIujEpc/cWO4U6xQTNj2k\nIAuQCrJndQwyadiR0jKg/psBqr72WV8j+hKKcQ5MYhmjW3NzkLRYWhKKBytHSpkk\nWgLG607pRnzk8yT9djnuezZhM/FPdDXusJBSkOTYWkP4UcghJhfHv/4PTeDSrJU+\nKfeiuwTimBMt9gHSS25UUEvQh8lQ7oL6z0OxEtzmYBc9LmZ6bIZSm9NskG4G+gwA\naXyEINTO7cLiYtJ2rYqBAoIBAQD1sT3kyxoSXe5w4eAS7AGZO+zxpxAwj6x0vKO3\nlgJ32p1vFWt4AZSCFb/eUeIW46qgspnAoA0AgWGKSaQbSvBJ85qUEEvW+JOqpsga\nUlifIWmlj4VojZdqgS6pihiJWaslU92S4P+FKiSsQIlCA5o/IvD2S1h0Gzb6h1NX\nypqEAxBsbcpBcizM6kTFw8DGlMAZrdkHw+BA4U4GGePThyXDAq/3Xk593AVMFO3a\n0ojG5GcdfKbqjiBMK8mOCQhbMIagn8QcwT2BA7oD8Bm8hLwCn47ePfKz7XzDrqIA\nKYVgaPJAwxpY3vbuKwPLkKOIskpKXGgCwmOthKeEu39krghBAoIBAQDN5UY0//6n\nHrbda9PakY8CBPYDeGVCDEUXjNBEtMkUTJhACm6QmRowl/eXAES/nYczjEHp6chQ\nuJPTr2j0n+IgpDyUJ65D5C4oJWKw75lysXOobg/GjptKKZFtxAwSs2iQRFSB9hOZ\nP9arGSPnUtBL7mKtMlAguxbeTnn9uAkuOLI4pKw9/Yp1GjWxyaSjoUtCn++nkG3/\nLcBJGN8p11Zf4WF9I+ndSjUhSifCSt19+2gowz6API4pyILqTF6g+g+FlYB0fbbJ\njeXvBpu1OTAfCfSyXRUmRmd5PbfgxgIt43dxTFg9ofTPQ/F/stt3BEwVOagvoLQr\nMgVWvo9wjApjAoIBAC8z2S9OsfibYUcArlsUSo5VDAW1Ug/yWnCnGVEZGepK7vo7\nhEUvEIgZg55D3wsEvHBZP97ZIQZa1RGLamLv99BNZAJUSy3G3h/oIQOllG8mLTTo\nqPnYUiHdJcjexi4FMzNdtHEWlyDPYvJRB83OAWFl5iN7gEf2Po7NVv7D5wG70Pjz\n8uq189N+oq3YGP5N78Y/NzYdtMTiRGo5qSKnkWKw7nu4+52EmuPuFXB4CF0l3oW0\nwCDKI3xe4T9PjvJuFT9g0n2vxpA11hQRmfA1FCXw37Lk9e8JjnHN6EPdtkk6gGhe\n034FgC1ryDPg2vpVPp6guD7nd90LYl/G4gfGw8ECggEBAIVBzp6e0IH5LwE/uG3N\np3D3JQI5+c81gcIsMN9G4p1wtVk9ZzHO5VRuBqCEW/poSgjizgZGeI9F5ucqsBMj\nJ4dYxJxe0jq+g+EX0TgS2o2Qq/pmwW8Q/RCStr0EFYxE8XftwYQbb7PPzXAPZV1i\nC84ZC2RtG88TR0m6INpFMivoJfDjI1c7sVD5FadrilMdIUiNmt4obAir47drkYPT\nCuQjSqVjiQjf7mMNS45ERfYzsMYxF1KH3rrMO27I3rXxIfqjN/AtLRBl9lstO7me\nubZdCzIlbHrJNk8R0uB3RxHMFpINh07cc0VyA+tSJxhwf419M40fxXvvc+UgkFWX\nTWECggEBAKJQYbpHfhxOpudOstsPJD86ag6rqxApMD6caZEvq/X/RcnYtc1q53iD\n1ho8ztw5J27Xw2UVV7+9CcKww1WAKU77/K2ZGYeyaxLCZcRePorbPTT3Glx840qZ\nwl+kPzHEYJ7DYE2RzeK2XmRmpmnstzAvO5CPlcI0jLp09n7ACpBcBhekeNqkcBnj\nxm2Vcpfx6fnqB1x1hQAg00U3BNzk3ZdhTpbfYDmFIxRFmUPKgsgLmhZ9ye6uv+Ox\nP4cG4JG96YZwCn/8+7MfY3hXa244jhgMKsDetMY45Hp4PNKfVLOZQbyHQcnKJ0ez\nwhX0lORVEArSAmvFb+yxgDJxaFvJKN4=\n-----END PRIVATE KEY-----\n",
            "public_key_fingerprint_md5": "1b:30:87:d3:8d:f0:06:06:3a:8c:05:7c:af:aa:80:82",
            "public_key_fingerprint_sha256": "SHA256:wCVQ5oPO9AFGOy5CGQFayMsIZpTWdKtk7W0ZpV1KvWQ",
            "public_key_openssh": "ssh-rsa AAAAB3NzaC1yc2EAAAADAQABAAACAQDFmvl96Oqj8HE+mxjgqKgCKzf3tYcdFj2mKnSim2yZ7uhQ9URtnYGVPdZtO+ogx0+UPH1NLbV4NqY6Ai30MkSxsIz8eHWf5T7kR0hGH5JFxLTGAyey8gv9CVpCFqT0PzfWVW1wDVfjyJ2OiGEI/fjGchf8ptAJCN9DaDkhPdWrH30XTESwDbkjAGCsSL/HCuWb5+T5wOIigFFe91NLEhUProhxRpLHb3VXbBjlbLuGw/8hqjcuQkww936KyDkkVMkQDATIPd599epkvR1qSvpMquMykwytLik3TwoVbDraIxnB6WfCODxX3uPoRkUi1tV8MINC2O7x3RB4BWTyR7LbLwRHi5Eiisqp94AX0Vaw90u+5/uj+KUwRZZerC+T/EsDpzt+V5V/H1pkkeoCh3iIbTtNzNEHp0+6nKc5AA+RsU6LkdkiuHVhSocgxrMp0HZM6h0zuxN1yIjFXiT8oBqKm6MwjUOXd663vLKetK5bUZdpYfFL5MlbpHF2to4WaDLqIXDmPReiQB5Xh6PPuPP7o84k74OeQUDgmuDhqHPQJq8n5Pskh7z+ONIksDD2JNDV0gg8zNwlPl4FEW7gIzLBPUQMTMyytlCGEcKqAWWOQowdTbI6riIrxtLLrpxURpuKD1phSmPhJh+ITFZvKHEbO2g/BOJOAKqvi4lKryu7Iw==\n",
            "public_key_pem": "-----BEGIN PUBLIC KEY-----\nMIICIjANBgkqhkiG9w0BAQEFAAOCAg8AMIICCgKCAgEAxZr5fejqo/BxPpsY4Kio\nAis397WHHRY9pip0optsme7oUPVEbZ2BlT3WbTvqIMdPlDx9TS21eDamOgIt9DJE\nsbCM/Hh1n+U+5EdIRh+SRcS0xgMnsvIL/QlaQhak9D831lVtcA1X48idjohhCP34\nxnIX/KbQCQjfQ2g5IT3Vqx99F0xEsA25IwBgrEi/xwrlm+fk+cDiIoBRXvdTSxIV\nD66IcUaSx291V2wY5Wy7hsP/Iao3LkJMMPd+isg5JFTJEAwEyD3effXqZL0dakr6\nTKrjMpMMrS4pN08KFWw62iMZwelnwjg8V97j6EZFItbVfDCDQtju8d0QeAVk8key\n2y8ER4uRIorKqfeAF9FWsPdLvuf7o/ilMEWWXqwvk/xLA6c7fleVfx9aZJHqAod4\niG07TczRB6dPupynOQAPkbFOi5HZIrh1YUqHIMazKdB2TOodM7sTdciIxV4k/KAa\nipujMI1Dl3eut7yynrSuW1GXaWHxS+TJW6RxdraOFmgy6iFw5j0XokAeV4ejz7jz\n+6POJO+DnkFA4Jrg4ahz0CavJ+T7JIe8/jjSJLAw9iTQ1dIIPMzcJT5eBRFu4CMy\nwT1EDEzMsrZQhhHCqgFljkKMHU2yOq4iK8bSy66cVEabig9aYUpj4SYfiExWbyhx\nGztoPwTiTgCqr4uJSq8ruyMCAwEAAQ==\n-----END PUBLIC KEY-----\n",
            "rsa_bits": 4096
          },
          "sensitive_attributes": [
            [
              {
                "type": "get_attr",
                "value": "private_key_openssh"
              }
            ],
            [
              {
                "type": "get_attr",
                "value": "private_key_pem_pkcs8"
              }
            ],
            [
              {
                "type": "get_attr",
                "value": "private_key_pem"
              }
            ]
          ]
        }
      ]
    }
  ],
  "check_results": null
}
