{
  "version": 4,
  "terraform_version": "1.11.4",
  "serial": 91,
  "lineage": "d1c863a8-e411-d2a3-4b23-14e8d80ed4a6",
  "outputs": {
    "DNS-NLB": {
      "value": "NLB-instances-55213ef0715c75f8.elb.us-east-1.amazonaws.com",
      "type": "string"
    },
    "VPC-Cidr": {
      "value": "10.0.0.0/16",
      "type": "string"
    },
    "instance-public-ip": {
      "value": [
        "34.235.170.174",
        "54.92.233.153"
      ],
      "type": [
        "tuple",
        [
          "string",
          "string"
        ]
      ]
    },
    "private_key_pem": {
      "value": "-----BEGIN RSA PRIVATE KEY-----\nMIIJKgIBAAKCAgEAvxKVAJJ+fVWjCyMpo0aL9/lRJzPlr6zRiL5fTRTi1z4FQIUO\nfmjqO0uBnHQDym6GgT4fYW/CxCeLT62z0ERlx1NVrZtAsGhZDwJNVnOUsQdVLVoD\noZBcgzZFHjpjJrB/vwqzroPbkHXHEF5+RCsNYQ1l+AXJDajNg4K6UlIUZqNfuXi+\n/S7t3MiqS0inkpXFWuPEKLOczKxmBSTn2mSOkrZqFskYGCjVcO66u38A5uqPn9Ms\nGPCANDaqlzl2XvgUawb4xWK815XpD8g16upZa9KsBrOFen1pb057JJRBbdyVu9Hp\n3qVj96eUG2IXtRfslXTmo9Y0vkieOG644Q2ZzwwZpYxl3XWNhwTKo8caAtYzRqBZ\nsTLUayXzpoj9pp3fcE/qhwt6KWH1PxA0pZW4q6JkxTzVowuFY8zp8OdrHcvAT4Qb\ncekzUGJqnZe1ge0LQ+zer7pRKm0YvU3niPmFT45aW3HN9lQuyr8OZAXIQqePuaHq\nD1E046P5R/KS7NxXgsuE9h1wfyRnVrKB0ikzNpYgFG8ob9PQc3AqaWWDj5CY2fHw\n4zQwatorq223ltQi5A9MlkVZYCuUv/OqM1X1v6bMqk5S6aqa6wO67FaOYZBpZ+gO\ntY+yyPZj1YUcWuS4edtWhqzX6lxHxQiYwJhgs4c1GMRBsLEaWa6yhlOVlLkCAwEA\nAQKCAgAEx7qlvZnVBGNfGArcDHExgRGxmk0yKy/Ad592PqIbMkXFiAlQCnYRCYdN\nVPiy+TdmZy8NTBNnvrkv7d+nA6ML4iRCrYo9hOrKIuuw5eov0J1l/vptcb64GKTm\nMp3q6J+q4Ey/qQmr8Eph44n4ph7AUWpo5/967EDHUWoHEl8eHz256+ZT+rcq3slQ\njK7b47aA2txm4UbNtw1urljvlYmcltw0xDn/rBEvnAVcw1AQNt46KHlnXqhHxiCt\nRlvVWJMC3MqJ/k73p3GMenI2NZU1oEW7UtqcG87wti+t/1iGCVlPTjCHPa+F0VyK\n9StfKuFOxD0wlvS8WErpt1lq5fZ1qhH4YZQ2i4kbLMQjrh4qH2Sg0S+afv5LDgrk\nNf/wiYR0VZW1stOZ4lk8dnOyBJyKoEyHue6FJMYeBoJVTOsEVpSHLxw7Ew6Vg6dt\nF4ke7IbTuTdxrSppG4hppBGSjulFWgB1AuJkb8XfucQ3bnWZEZtKoZzw33VMQUjO\n6j6oQimEoIR8hiT9m7tDlEb8htjQz3i6WJcB6WtY261wHKKj1Vth3abQ3vLdGwwn\n4p3Z4/5En2/vFlL7M7rZEhDdJzgdURAf8i3wAtmtlS1/zL674loFkVk/07U3nLi8\nm2RCgNHuKdPl3t9dAMSUqv2eh4lH005JrKnEohRVliRxOH4bwQKCAQEA8nRYOcsL\n2k/dI2bp6QjA6ZXYYecxfl0JmBbRhvHJ6tjyRug8zIx1JR2GS+vlR6DwyBWemMtn\nF3xCgfiyHLEi+g9y/5Vpv1cG5+IOkNEWheUCYiCpqcQX9/X/QJ382YU8yT8u++hs\nAXOAETRsOILM0d5dljpJkoyysPjIyjvk8KA7Zoek7XsCKkF0hYZ8zOGLhBrPEPh+\nww1d3lCtvbism/FxhPcym5eX9A6zKnzIQ8jk0Bi6yyx5PTEO8fQWmLoZMZO424vX\nCHSZECbIQuvgMaAvcaPUGKQXjss5fZWpHy5cJIiNXr3oMM3BQgBOOFT3+e5dH0zv\nKmHK6Kviz1y3oQKCAQEAyb9byKE6IKLzZucjDP91mMGR0fhlqr2b+aG4dwI3AWGs\ncNv9/j2tsBDvvJiEF54WgRQP48VDBk1QtnOwSluvVm2rCiNnAtCAJDzl2F6DHN3z\nkhShqg81d5d62cszE8h/3gbjBdFz3ZsxVkEkzpS1Y8Kt/loEKdGMG4XOiDW/R7Pg\ndJk6CFY6T5aG64l5lZ613TOAx9Lvh07PTdvLszqy3asHgt8J9NMN9WmuxUFPvVv+\n5w3i2n0FvD+g/XQwKlFwVCFncMrDqTzGenfsMYehK3vNVWj3dgkc93y2tXUyi97F\nZCV4hxgdf9e7rmbEFreOph+cVV/EjkJ3TfcFN23mGQKCAQEAm+LUKuxzBX2d6Dou\nIOfA6S6v/lqghueY2JGrTAE/2uB7/b0qAjY4x5FRHJViSIig53SHESSOdxosxNY6\n5pm5rF+sh8nwQNbamNLOnKviuFoDC0aG76El7AbdhBVQUicJazdVpR/N+aziZa13\n+2mV+UXolEOLtE8EQSbkKqsRyuiq6IRENXCGdta47XUH3s8RXfHCut2a2xxIAz2K\nR9ZqHKXDYENz5Xg1efTNm365YGPVQjr0Nte0Z/SX8FcJBE97DVY2X+psaoJVO35D\n+ksgTaf5eS5lmyY+A1CE+Ur1fxfWpKKrioO9u0s/e4kowa1X9vkcJJjZmT1hMfH6\nFWs+oQKCAQEAm2yR0EHtXyFKdRdSWHwh45oUtfcwk9ZZaHqfewe4ypat25CP36My\nwPZ7SwcQlIVU/wIur6HT3fIIYVdFFDQII4R/hWL6xB9O6RwFUqiVR9LyB7NfTH1F\nCqonmcxCwFXxtGIH2f6fzbT20GWFbqUADSf5FX/Rv0nRL47pKuSFRT8dh5ZYL/4G\nFDR6ItEZWxwXLZ+08bzejZY4fNn810o8bCuLsNYVfIhwM4XEf/Ct9sr92JFJGFvC\n5GD8rOYrCR8Oc7H8V9fN3v6URdtHmmzLzI0nBkrEginJKBzrQWZVl4368gkwDpuU\ndl4EF/rRzFKDUhX+QYNzEMnB0c2hNi+zWQKCAQEAx+S7+ydyN6BZXfwqE2EubYFD\ncV6DEe4tu3TgIlC6rJb2EjLl/kjxJyaqNqRxq51pzmZO0bWpdzDzsNKKeV7pmG6p\nmV8qpfWde0YcfASnaXFHxcvuFz/RAstcVkJPXMPBC3uGbfShea2MzSbIEf2MQG5m\nNRhSc59xOfrkzMEhkHwbTRxIqfLQtJPPraEI0L/qKmY+w3RyEpLFNpSrR/dQdTVE\nNMf6UP+XZhiKP/XilV6zL6ie2fGkwIezTxkH5XLOdGcsPzv01tdhVZHLHMPDN4ns\nalDHGzYg3iecR3jfggr0uRnvZyneHQGyOqAVtjmGLAG5MdBJUNEpYYxCy/svlw==\n-----END RSA PRIVATE KEY-----\n",
      "type": "string",
      "sensitive": true
    },
    "subnet-ID": {
      "value": "subnet-05798b69602256290",
      "type": "string"
    },
    "subnet-IDs": {
      "value": "subnet-03a5e2a27f3aa9b4d",
      "type": "string"
    }
  },
  "resources": [
    {
      "mode": "managed",
      "type": "aws_instance",
      "name": "ec2-nlb",
      "provider": "provider[\"registry.terraform.io/hashicorp/aws\"]",
      "instances": [
        {
          "index_key": 0,
          "schema_version": 1,
          "attributes": {
            "ami": "ami-084a7d336e816906b",
            "arn": "arn:aws:ec2:us-east-1:273873396060:instance/i-084a709ecd61d10b4",
            "associate_public_ip_address": true,
            "availability_zone": "us-east-1a",
            "capacity_reservation_specification": [
              {
                "capacity_reservation_preference": "open",
                "capacity_reservation_target": []
              }
            ],
            "cpu_core_count": 1,
            "cpu_options": [
              {
                "amd_sev_snp": "",
                "core_count": 1,
                "threads_per_core": 1
              }
            ],
            "cpu_threads_per_core": 1,
            "credit_specification": [
              {
                "cpu_credits": "standard"
              }
            ],
            "disable_api_stop": false,
            "disable_api_termination": false,
            "ebs_block_device": [],
            "ebs_optimized": false,
            "enclave_options": [
              {
                "enabled": false
              }
            ],
            "ephemeral_block_device": [],
            "get_password_data": false,
            "hibernation": false,
            "host_id": "",
            "host_resource_group_arn": null,
            "iam_instance_profile": "",
            "id": "i-084a709ecd61d10b4",
            "instance_initiated_shutdown_behavior": "stop",
            "instance_lifecycle": "",
            "instance_market_options": [],
            "instance_state": "running",
            "instance_type": "t2.micro",
            "ipv6_address_count": 0,
            "ipv6_addresses": [],
            "key_name": "example-key",
            "launch_template": [],
            "maintenance_options": [
              {
                "auto_recovery": "default"
              }
            ],
            "metadata_options": [
              {
                "http_endpoint": "enabled",
                "http_protocol_ipv6": "disabled",
                "http_put_response_hop_limit": 2,
                "http_tokens": "required",
                "instance_metadata_tags": "disabled"
              }
            ],
            "monitoring": false,
            "network_interface": [],
            "outpost_arn": "",
            "password_data": "",
            "placement_group": "",
            "placement_partition_number": 0,
            "primary_network_interface_id": "eni-0dc124275c2ee53b3",
            "private_dns": "ip-10-0-1-109.ec2.internal",
            "private_dns_name_options": [
              {
                "enable_resource_name_dns_a_record": false,
                "enable_resource_name_dns_aaaa_record": false,
                "hostname_type": "ip-name"
              }
            ],
            "private_ip": "10.0.1.109",
            "public_dns": "ec2-34-235-170-174.compute-1.amazonaws.com",
            "public_ip": "34.235.170.174",
            "root_block_device": [
              {
                "delete_on_termination": true,
                "device_name": "/dev/xvda",
                "encrypted": false,
                "iops": 3000,
                "kms_key_id": "",
                "tags": {},
                "tags_all": {},
                "throughput": 125,
                "volume_id": "vol-0c32e928673af03bd",
                "volume_size": 8,
                "volume_type": "gp3"
              }
            ],
            "secondary_private_ips": [],
            "security_groups": [],
            "source_dest_check": true,
            "spot_instance_request_id": "",
            "subnet_id": "subnet-05798b69602256290",
            "tags": {
              "Name": "instance-1"
            },
            "tags_all": {
              "Name": "instance-1"
            },
            "tenancy": "default",
            "timeouts": null,
            "user_data": "15220128fbd7d5ef04ce7d747e8106c0662588e0",
            "user_data_base64": null,
            "user_data_replace_on_change": false,
            "volume_tags": null,
            "vpc_security_group_ids": [
              "sg-01db42ab6ad6ddbee"
            ]
          },
          "sensitive_attributes": [],
          "private": "eyJlMmJmYjczMC1lY2FhLTExZTYtOGY4OC0zNDM2M2JjN2M0YzAiOnsiY3JlYXRlIjo2MDAwMDAwMDAwMDAsImRlbGV0ZSI6MTIwMDAwMDAwMDAwMCwicmVhZCI6OTAwMDAwMDAwMDAwLCJ1cGRhdGUiOjYwMDAwMDAwMDAwMH0sInNjaGVtYV92ZXJzaW9uIjoiMSJ9",
          "dependencies": [
            "aws_key_pair.example",
            "aws_security_group.s_group",
            "aws_subnet.subnet1",
            "aws_vpc.myvpc",
            "tls_private_key.example"
          ]
        },
        {
          "index_key": 1,
          "schema_version": 1,
          "attributes": {
            "ami": "ami-084a7d336e816906b",
            "arn": "arn:aws:ec2:us-east-1:273873396060:instance/i-0d8abc8e06d317ccb",
            "associate_public_ip_address": true,
            "availability_zone": "us-east-1a",
            "capacity_reservation_specification": [
              {
                "capacity_reservation_preference": "open",
                "capacity_reservation_target": []
              }
            ],
            "cpu_core_count": 1,
            "cpu_options": [
              {
                "amd_sev_snp": "",
                "core_count": 1,
                "threads_per_core": 1
              }
            ],
            "cpu_threads_per_core": 1,
            "credit_specification": [
              {
                "cpu_credits": "standard"
              }
            ],
            "disable_api_stop": false,
            "disable_api_termination": false,
            "ebs_block_device": [],
            "ebs_optimized": false,
            "enclave_options": [
              {
                "enabled": false
              }
            ],
            "ephemeral_block_device": [],
            "get_password_data": false,
            "hibernation": false,
            "host_id": "",
            "host_resource_group_arn": null,
            "iam_instance_profile": "",
            "id": "i-0d8abc8e06d317ccb",
            "instance_initiated_shutdown_behavior": "stop",
            "instance_lifecycle": "",
            "instance_market_options": [],
            "instance_state": "running",
            "instance_type": "t2.micro",
            "ipv6_address_count": 0,
            "ipv6_addresses": [],
            "key_name": "example-key",
            "launch_template": [],
            "maintenance_options": [
              {
                "auto_recovery": "default"
              }
            ],
            "metadata_options": [
              {
                "http_endpoint": "enabled",
                "http_protocol_ipv6": "disabled",
                "http_put_response_hop_limit": 2,
                "http_tokens": "required",
                "instance_metadata_tags": "disabled"
              }
            ],
            "monitoring": false,
            "network_interface": [],
            "outpost_arn": "",
            "password_data": "",
            "placement_group": "",
            "placement_partition_number": 0,
            "primary_network_interface_id": "eni-0a2ee185af4ba192a",
            "private_dns": "ip-10-0-1-133.ec2.internal",
            "private_dns_name_options": [
              {
                "enable_resource_name_dns_a_record": false,
                "enable_resource_name_dns_aaaa_record": false,
                "hostname_type": "ip-name"
              }
            ],
            "private_ip": "10.0.1.133",
            "public_dns": "ec2-54-92-233-153.compute-1.amazonaws.com",
            "public_ip": "54.92.233.153",
            "root_block_device": [
              {
                "delete_on_termination": true,
                "device_name": "/dev/xvda",
                "encrypted": false,
                "iops": 3000,
                "kms_key_id": "",
                "tags": {},
                "tags_all": {},
                "throughput": 125,
                "volume_id": "vol-09890513aa304a407",
                "volume_size": 8,
                "volume_type": "gp3"
              }
            ],
            "secondary_private_ips": [],
            "security_groups": [],
            "source_dest_check": true,
            "spot_instance_request_id": "",
            "subnet_id": "subnet-05798b69602256290",
            "tags": {
              "Name": "instance-2"
            },
            "tags_all": {
              "Name": "instance-2"
            },
            "tenancy": "default",
            "timeouts": null,
            "user_data": "15220128fbd7d5ef04ce7d747e8106c0662588e0",
            "user_data_base64": null,
            "user_data_replace_on_change": false,
            "volume_tags": null,
            "vpc_security_group_ids": [
              "sg-01db42ab6ad6ddbee"
            ]
          },
          "sensitive_attributes": [],
          "private": "eyJlMmJmYjczMC1lY2FhLTExZTYtOGY4OC0zNDM2M2JjN2M0YzAiOnsiY3JlYXRlIjo2MDAwMDAwMDAwMDAsImRlbGV0ZSI6MTIwMDAwMDAwMDAwMCwicmVhZCI6OTAwMDAwMDAwMDAwLCJ1cGRhdGUiOjYwMDAwMDAwMDAwMH0sInNjaGVtYV92ZXJzaW9uIjoiMSJ9",
          "dependencies": [
            "aws_key_pair.example",
            "aws_security_group.s_group",
            "aws_subnet.subnet1",
            "aws_vpc.myvpc",
            "tls_private_key.example"
          ]
        }
      ]
    },
    {
      "mode": "managed",
      "type": "aws_internet_gateway",
      "name": "internet-gtw",
      "provider": "provider[\"registry.terraform.io/hashicorp/aws\"]",
      "instances": [
        {
          "schema_version": 0,
          "attributes": {
            "arn": "arn:aws:ec2:us-east-1:273873396060:internet-gateway/igw-06710910655d2ffe6",
            "id": "igw-06710910655d2ffe6",
            "owner_id": "273873396060",
            "tags": {
              "Name": "internet-gateway"
            },
            "tags_all": {
              "Name": "internet-gateway"
            },
            "timeouts": null,
            "vpc_id": "vpc-0db49049e914984ee"
          },
          "sensitive_attributes": [],
          "private": "eyJlMmJmYjczMC1lY2FhLTExZTYtOGY4OC0zNDM2M2JjN2M0YzAiOnsiY3JlYXRlIjoxMjAwMDAwMDAwMDAwLCJkZWxldGUiOjEyMDAwMDAwMDAwMDAsInVwZGF0ZSI6MTIwMDAwMDAwMDAwMH19",
          "dependencies": [
            "aws_vpc.myvpc"
          ]
        }
      ]
    },
    {
      "mode": "managed",
      "type": "aws_key_pair",
      "name": "example",
      "provider": "provider[\"registry.terraform.io/hashicorp/aws\"]",
      "instances": [
        {
          "schema_version": 1,
          "attributes": {
            "arn": "arn:aws:ec2:us-east-1:273873396060:key-pair/example-key",
            "fingerprint": "99:f5:a5:6d:12:7b:a2:cc:c3:56:3a:d5:0b:c0:77:cf",
            "id": "example-key",
            "key_name": "example-key",
            "key_name_prefix": "",
            "key_pair_id": "key-0ad2b8abedbbfa72a",
            "key_type": "rsa",
            "public_key": "ssh-rsa AAAAB3NzaC1yc2EAAAADAQABAAACAQC/EpUAkn59VaMLIymjRov3+VEnM+WvrNGIvl9NFOLXPgVAhQ5+aOo7S4GcdAPKboaBPh9hb8LEJ4tPrbPQRGXHU1Wtm0CwaFkPAk1Wc5SxB1UtWgOhkFyDNkUeOmMmsH+/CrOug9uQdccQXn5EKw1hDWX4BckNqM2DgrpSUhRmo1+5eL79Lu3cyKpLSKeSlcVa48Qos5zMrGYFJOfaZI6StmoWyRgYKNVw7rq7fwDm6o+f0ywY8IA0NqqXOXZe+BRrBvjFYrzXlekPyDXq6llr0qwGs4V6fWlvTnsklEFt3JW70enepWP3p5QbYhe1F+yVdOaj1jS+SJ44brjhDZnPDBmljGXddY2HBMqjxxoC1jNGoFmxMtRrJfOmiP2mnd9wT+qHC3opYfU/EDSllbiromTFPNWjC4VjzOnw52sdy8BPhBtx6TNQYmqdl7WB7QtD7N6vulEqbRi9TeeI+YVPjlpbcc32VC7Kvw5kBchCp4+5oeoPUTTjo/lH8pLs3FeCy4T2HXB/JGdWsoHSKTM2liAUbyhv09BzcCppZYOPkJjZ8fDjNDBq2iurbbeW1CLkD0yWRVlgK5S/86ozVfW/psyqTlLpqprrA7rsVo5hkGln6A61j7LI9mPVhRxa5Lh521aGrNfqXEfFCJjAmGCzhzUYxEGwsRpZrrKGU5WUuQ==",
            "tags": {},
            "tags_all": {}
          },
          "sensitive_attributes": [],
          "private": "eyJzY2hlbWFfdmVyc2lvbiI6IjEifQ==",
          "dependencies": [
            "tls_private_key.example"
          ]
        }
      ]
    },
    {
      "mode": "managed",
      "type": "aws_lb",
      "name": "NLB-lb",
      "provider": "provider[\"registry.terraform.io/hashicorp/aws\"]",
      "instances": [
        {
          "schema_version": 0,
          "attributes": {
            "access_logs": [
              {
                "bucket": "",
                "enabled": false,
                "prefix": ""
              }
            ],
            "arn": "arn:aws:elasticloadbalancing:us-east-1:273873396060:loadbalancer/net/NLB-instances/55213ef0715c75f8",
            "arn_suffix": "net/NLB-instances/55213ef0715c75f8",
            "client_keep_alive": null,
            "connection_logs": [],
            "customer_owned_ipv4_pool": "",
            "desync_mitigation_mode": null,
            "dns_name": "NLB-instances-55213ef0715c75f8.elb.us-east-1.amazonaws.com",
            "dns_record_client_routing_policy": "any_availability_zone",
            "drop_invalid_header_fields": null,
            "enable_cross_zone_load_balancing": false,
            "enable_deletion_protection": false,
            "enable_http2": null,
            "enable_tls_version_and_cipher_suite_headers": null,
            "enable_waf_fail_open": null,
            "enable_xff_client_port": null,
            "enforce_security_group_inbound_rules_on_private_link_traffic": "",
            "id": "arn:aws:elasticloadbalancing:us-east-1:273873396060:loadbalancer/net/NLB-instances/55213ef0715c75f8",
            "idle_timeout": null,
            "internal": false,
            "ip_address_type": "ipv4",
            "load_balancer_type": "network",
            "name": "NLB-instances",
            "name_prefix": "",
            "preserve_host_header": null,
            "security_groups": [
              "sg-01db42ab6ad6ddbee"
            ],
            "subnet_mapping": [
              {
                "allocation_id": "",
                "ipv6_address": "",
                "outpost_id": "",
                "private_ipv4_address": "",
                "subnet_id": "subnet-03a5e2a27f3aa9b4d"
              },
              {
                "allocation_id": "",
                "ipv6_address": "",
                "outpost_id": "",
                "private_ipv4_address": "",
                "subnet_id": "subnet-05798b69602256290"
              }
            ],
            "subnets": [
              "subnet-03a5e2a27f3aa9b4d",
              "subnet-05798b69602256290"
            ],
            "tags": {},
            "tags_all": {},
            "timeouts": null,
            "vpc_id": "vpc-0db49049e914984ee",
            "xff_header_processing_mode": null,
            "zone_id": "Z26RNL4JYFTOTI"
          },
          "sensitive_attributes": [],
          "private": "eyJlMmJmYjczMC1lY2FhLTExZTYtOGY4OC0zNDM2M2JjN2M0YzAiOnsiY3JlYXRlIjo2MDAwMDAwMDAwMDAsImRlbGV0ZSI6NjAwMDAwMDAwMDAwLCJ1cGRhdGUiOjYwMDAwMDAwMDAwMH19",
          "dependencies": [
            "aws_security_group.s_group",
            "aws_subnet.subnet1",
            "aws_subnet.subnet2",
            "aws_vpc.myvpc"
          ]
        }
      ]
    },
    {
      "mode": "managed",
      "type": "aws_lb_listener",
      "name": "listner1",
      "provider": "provider[\"registry.terraform.io/hashicorp/aws\"]",
      "instances": [
        {
          "schema_version": 0,
          "attributes": {
            "alpn_policy": null,
            "arn": "arn:aws:elasticloadbalancing:us-east-1:273873396060:listener/net/NLB-instances/55213ef0715c75f8/b3291f74dcfc68ef",
            "certificate_arn": null,
            "default_action": [
              {
                "authenticate_cognito": [],
                "authenticate_oidc": [],
                "fixed_response": [],
                "forward": [],
                "order": 1,
                "redirect": [],
                "target_group_arn": "arn:aws:elasticloadbalancing:us-east-1:273873396060:targetgroup/targetgroup-lb-nlb/1aabae7df77507b0",
                "type": "forward"
              }
            ],
            "id": "arn:aws:elasticloadbalancing:us-east-1:273873396060:listener/net/NLB-instances/55213ef0715c75f8/b3291f74dcfc68ef",
            "load_balancer_arn": "arn:aws:elasticloadbalancing:us-east-1:273873396060:loadbalancer/net/NLB-instances/55213ef0715c75f8",
            "mutual_authentication": [],
            "port": 80,
            "protocol": "TCP",
            "ssl_policy": "",
            "tags": {},
            "tags_all": {},
            "timeouts": null
          },
          "sensitive_attributes": [],
          "private": "eyJlMmJmYjczMC1lY2FhLTExZTYtOGY4OC0zNDM2M2JjN2M0YzAiOnsiY3JlYXRlIjozMDAwMDAwMDAwMDAsInVwZGF0ZSI6MzAwMDAwMDAwMDAwfX0=",
          "dependencies": [
            "aws_lb.NLB-lb",
            "aws_lb_target_group.targetgroup-lb-nlb",
            "aws_security_group.s_group",
            "aws_subnet.subnet1",
            "aws_subnet.subnet2",
            "aws_vpc.myvpc"
          ]
        }
      ]
    },
    {
      "mode": "managed",
      "type": "aws_lb_target_group",
      "name": "targetgroup-lb-nlb",
      "provider": "provider[\"registry.terraform.io/hashicorp/aws\"]",
      "instances": [
        {
          "schema_version": 0,
          "attributes": {
            "arn": "arn:aws:elasticloadbalancing:us-east-1:273873396060:targetgroup/targetgroup-lb-nlb/1aabae7df77507b0",
            "arn_suffix": "targetgroup/targetgroup-lb-nlb/1aabae7df77507b0",
            "connection_termination": false,
            "deregistration_delay": "300",
            "health_check": [
              {
                "enabled": true,
                "healthy_threshold": 5,
                "interval": 30,
                "matcher": "",
                "path": "",
                "port": "traffic-port",
                "protocol": "TCP",
                "timeout": 10,
                "unhealthy_threshold": 2
              }
            ],
            "id": "arn:aws:elasticloadbalancing:us-east-1:273873396060:targetgroup/targetgroup-lb-nlb/1aabae7df77507b0",
            "ip_address_type": "ipv4",
            "lambda_multi_value_headers_enabled": false,
            "load_balancer_arns": [
              "arn:aws:elasticloadbalancing:us-east-1:273873396060:loadbalancer/net/NLB-instances/55213ef0715c75f8"
            ],
            "load_balancing_algorithm_type": null,
            "load_balancing_anomaly_mitigation": null,
            "load_balancing_cross_zone_enabled": "use_load_balancer_configuration",
            "name": "targetgroup-lb-nlb",
            "name_prefix": "",
            "port": 80,
            "preserve_client_ip": "true",
            "protocol": "TCP",
            "protocol_version": "",
            "proxy_protocol_v2": false,
            "slow_start": 0,
            "stickiness": [
              {
                "cookie_duration": 0,
                "cookie_name": "",
                "enabled": false,
                "type": "source_ip"
              }
            ],
            "tags": {
              "Name": "ASG-tg-tags"
            },
            "tags_all": {
              "Name": "ASG-tg-tags"
            },
            "target_failover": [
              {
                "on_deregistration": null,
                "on_unhealthy": null
              }
            ],
            "target_health_state": [
              {
                "enable_unhealthy_connection_termination": true
              }
            ],
            "target_type": "instance",
            "vpc_id": "vpc-0db49049e914984ee"
          },
          "sensitive_attributes": [],
          "private": "bnVsbA==",
          "dependencies": [
            "aws_vpc.myvpc"
          ]
        }
      ]
    },
    {
      "mode": "managed",
      "type": "aws_route_table",
      "name": "public_route_table1",
      "provider": "provider[\"registry.terraform.io/hashicorp/aws\"]",
      "instances": [
        {
          "schema_version": 0,
          "attributes": {
            "arn": "arn:aws:ec2:us-east-1:273873396060:route-table/rtb-0aa19a2061956a554",
            "id": "rtb-0aa19a2061956a554",
            "owner_id": "273873396060",
            "propagating_vgws": [],
            "route": [
              {
                "carrier_gateway_id": "",
                "cidr_block": "0.0.0.0/0",
                "core_network_arn": "",
                "destination_prefix_list_id": "",
                "egress_only_gateway_id": "",
                "gateway_id": "igw-06710910655d2ffe6",
                "ipv6_cidr_block": "",
                "local_gateway_id": "",
                "nat_gateway_id": "",
                "network_interface_id": "",
                "transit_gateway_id": "",
                "vpc_endpoint_id": "",
                "vpc_peering_connection_id": ""
              }
            ],
            "tags": {
              "Name": "public_route_table1"
            },
            "tags_all": {
              "Name": "public_route_table1"
            },
            "timeouts": null,
            "vpc_id": "vpc-0db49049e914984ee"
          },
          "sensitive_attributes": [],
          "private": "eyJlMmJmYjczMC1lY2FhLTExZTYtOGY4OC0zNDM2M2JjN2M0YzAiOnsiY3JlYXRlIjozMDAwMDAwMDAwMDAsImRlbGV0ZSI6MzAwMDAwMDAwMDAwLCJ1cGRhdGUiOjEyMDAwMDAwMDAwMH19",
          "dependencies": [
            "aws_internet_gateway.internet-gtw",
            "aws_vpc.myvpc"
          ]
        }
      ]
    },
    {
      "mode": "managed",
      "type": "aws_route_table",
      "name": "public_route_table2",
      "provider": "provider[\"registry.terraform.io/hashicorp/aws\"]",
      "instances": [
        {
          "schema_version": 0,
          "attributes": {
            "arn": "arn:aws:ec2:us-east-1:273873396060:route-table/rtb-04412ca67e05706c9",
            "id": "rtb-04412ca67e05706c9",
            "owner_id": "273873396060",
            "propagating_vgws": [],
            "route": [
              {
                "carrier_gateway_id": "",
                "cidr_block": "0.0.0.0/0",
                "core_network_arn": "",
                "destination_prefix_list_id": "",
                "egress_only_gateway_id": "",
                "gateway_id": "igw-06710910655d2ffe6",
                "ipv6_cidr_block": "",
                "local_gateway_id": "",
                "nat_gateway_id": "",
                "network_interface_id": "",
                "transit_gateway_id": "",
                "vpc_endpoint_id": "",
                "vpc_peering_connection_id": ""
              }
            ],
            "tags": {
              "Name": "public_route_table2"
            },
            "tags_all": {
              "Name": "public_route_table2"
            },
            "timeouts": null,
            "vpc_id": "vpc-0db49049e914984ee"
          },
          "sensitive_attributes": [],
          "private": "eyJlMmJmYjczMC1lY2FhLTExZTYtOGY4OC0zNDM2M2JjN2M0YzAiOnsiY3JlYXRlIjozMDAwMDAwMDAwMDAsImRlbGV0ZSI6MzAwMDAwMDAwMDAwLCJ1cGRhdGUiOjEyMDAwMDAwMDAwMH19",
          "dependencies": [
            "aws_internet_gateway.internet-gtw",
            "aws_vpc.myvpc"
          ]
        }
      ]
    },
    {
      "mode": "managed",
      "type": "aws_route_table_association",
      "name": "public_route_table",
      "provider": "provider[\"registry.terraform.io/hashicorp/aws\"]",
      "instances": [
        {
          "schema_version": 0,
          "attributes": {
            "gateway_id": "",
            "id": "rtbassoc-0b0444f18b216b688",
            "route_table_id": "rtb-0aa19a2061956a554",
            "subnet_id": "subnet-05798b69602256290",
            "timeouts": null
          },
          "sensitive_attributes": [],
          "private": "eyJlMmJmYjczMC1lY2FhLTExZTYtOGY4OC0zNDM2M2JjN2M0YzAiOnsiY3JlYXRlIjozMDAwMDAwMDAwMDAsImRlbGV0ZSI6MzAwMDAwMDAwMDAwLCJ1cGRhdGUiOjEyMDAwMDAwMDAwMH19",
          "dependencies": [
            "aws_internet_gateway.internet-gtw",
            "aws_route_table.public_route_table1",
            "aws_subnet.subnet1",
            "aws_vpc.myvpc"
          ]
        }
      ]
    },
    {
      "mode": "managed",
      "type": "aws_route_table_association",
      "name": "public_route_table2",
      "provider": "provider[\"registry.terraform.io/hashicorp/aws\"]",
      "instances": [
        {
          "schema_version": 0,
          "attributes": {
            "gateway_id": "",
            "id": "rtbassoc-0318da92f3ef10828",
            "route_table_id": "rtb-04412ca67e05706c9",
            "subnet_id": "subnet-03a5e2a27f3aa9b4d",
            "timeouts": null
          },
          "sensitive_attributes": [],
          "private": "eyJlMmJmYjczMC1lY2FhLTExZTYtOGY4OC0zNDM2M2JjN2M0YzAiOnsiY3JlYXRlIjozMDAwMDAwMDAwMDAsImRlbGV0ZSI6MzAwMDAwMDAwMDAwLCJ1cGRhdGUiOjEyMDAwMDAwMDAwMH19",
          "dependencies": [
            "aws_internet_gateway.internet-gtw",
            "aws_route_table.public_route_table2",
            "aws_subnet.subnet2",
            "aws_vpc.myvpc"
          ]
        }
      ]
    },
    {
      "mode": "managed",
      "type": "aws_security_group",
      "name": "s_group",
      "provider": "provider[\"registry.terraform.io/hashicorp/aws\"]",
      "instances": [
        {
          "schema_version": 1,
          "attributes": {
            "arn": "arn:aws:ec2:us-east-1:273873396060:security-group/sg-01db42ab6ad6ddbee",
            "description": "Allow NLB traffic to EC2 (port 80)",
            "egress": [
              {
                "cidr_blocks": [
                  "0.0.0.0/0"
                ],
                "description": "",
                "from_port": 0,
                "ipv6_cidr_blocks": [],
                "prefix_list_ids": [],
                "protocol": "-1",
                "security_groups": [],
                "self": false,
                "to_port": 0
              }
            ],
            "id": "sg-01db42ab6ad6ddbee",
            "ingress": [
              {
                "cidr_blocks": [
                  "10.0.0.0/16"
                ],
                "description": "",
                "from_port": 80,
                "ipv6_cidr_blocks": [],
                "prefix_list_ids": [],
                "protocol": "tcp",
                "security_groups": [],
                "self": false,
                "to_port": 80
              }
            ],
            "name": "NLB-SG",
            "name_prefix": "",
            "owner_id": "273873396060",
            "revoke_rules_on_delete": false,
            "tags": {},
            "tags_all": {},
            "timeouts": null,
            "vpc_id": "vpc-0db49049e914984ee"
          },
          "sensitive_attributes": [],
          "private": "eyJlMmJmYjczMC1lY2FhLTExZTYtOGY4OC0zNDM2M2JjN2M0YzAiOnsiY3JlYXRlIjo2MDAwMDAwMDAwMDAsImRlbGV0ZSI6OTAwMDAwMDAwMDAwfSwic2NoZW1hX3ZlcnNpb24iOiIxIn0=",
          "dependencies": [
            "aws_vpc.myvpc"
          ]
        }
      ]
    },
    {
      "mode": "managed",
      "type": "aws_subnet",
      "name": "subnet1",
      "provider": "provider[\"registry.terraform.io/hashicorp/aws\"]",
      "instances": [
        {
          "schema_version": 1,
          "attributes": {
            "arn": "arn:aws:ec2:us-east-1:273873396060:subnet/subnet-05798b69602256290",
            "assign_ipv6_address_on_creation": false,
            "availability_zone": "us-east-1a",
            "availability_zone_id": "use1-az6",
            "cidr_block": "10.0.1.0/24",
            "customer_owned_ipv4_pool": "",
            "enable_dns64": false,
            "enable_lni_at_device_index": 0,
            "enable_resource_name_dns_a_record_on_launch": false,
            "enable_resource_name_dns_aaaa_record_on_launch": false,
            "id": "subnet-05798b69602256290",
            "ipv6_cidr_block": "",
            "ipv6_cidr_block_association_id": "",
            "ipv6_native": false,
            "map_customer_owned_ip_on_launch": false,
            "map_public_ip_on_launch": false,
            "outpost_arn": "",
            "owner_id": "273873396060",
            "private_dns_hostname_type_on_launch": "ip-name",
            "tags": {
              "Name": "Public-subnet1"
            },
            "tags_all": {
              "Name": "Public-subnet1"
            },
            "timeouts": null,
            "vpc_id": "vpc-0db49049e914984ee"
          },
          "sensitive_attributes": [],
          "private": "eyJlMmJmYjczMC1lY2FhLTExZTYtOGY4OC0zNDM2M2JjN2M0YzAiOnsiY3JlYXRlIjo2MDAwMDAwMDAwMDAsImRlbGV0ZSI6MTIwMDAwMDAwMDAwMH0sInNjaGVtYV92ZXJzaW9uIjoiMSJ9",
          "dependencies": [
            "aws_vpc.myvpc"
          ]
        }
      ]
    },
    {
      "mode": "managed",
      "type": "aws_subnet",
      "name": "subnet2",
      "provider": "provider[\"registry.terraform.io/hashicorp/aws\"]",
      "instances": [
        {
          "schema_version": 1,
          "attributes": {
            "arn": "arn:aws:ec2:us-east-1:273873396060:subnet/subnet-03a5e2a27f3aa9b4d",
            "assign_ipv6_address_on_creation": false,
            "availability_zone": "us-east-1b",
            "availability_zone_id": "use1-az1",
            "cidr_block": "10.0.2.0/24",
            "customer_owned_ipv4_pool": "",
            "enable_dns64": false,
            "enable_lni_at_device_index": 0,
            "enable_resource_name_dns_a_record_on_launch": false,
            "enable_resource_name_dns_aaaa_record_on_launch": false,
            "id": "subnet-03a5e2a27f3aa9b4d",
            "ipv6_cidr_block": "",
            "ipv6_cidr_block_association_id": "",
            "ipv6_native": false,
            "map_customer_owned_ip_on_launch": false,
            "map_public_ip_on_launch": false,
            "outpost_arn": "",
            "owner_id": "273873396060",
            "private_dns_hostname_type_on_launch": "ip-name",
            "tags": {
              "Name": "Public-subnet2"
            },
            "tags_all": {
              "Name": "Public-subnet2"
            },
            "timeouts": null,
            "vpc_id": "vpc-0db49049e914984ee"
          },
          "sensitive_attributes": [],
          "private": "eyJlMmJmYjczMC1lY2FhLTExZTYtOGY4OC0zNDM2M2JjN2M0YzAiOnsiY3JlYXRlIjo2MDAwMDAwMDAwMDAsImRlbGV0ZSI6MTIwMDAwMDAwMDAwMH0sInNjaGVtYV92ZXJzaW9uIjoiMSJ9",
          "dependencies": [
            "aws_vpc.myvpc"
          ]
        }
      ]
    },
    {
      "mode": "managed",
      "type": "aws_vpc",
      "name": "myvpc",
      "provider": "provider[\"registry.terraform.io/hashicorp/aws\"]",
      "instances": [
        {
          "schema_version": 1,
          "attributes": {
            "arn": "arn:aws:ec2:us-east-1:273873396060:vpc/vpc-0db49049e914984ee",
            "assign_generated_ipv6_cidr_block": false,
            "cidr_block": "10.0.0.0/16",
            "default_network_acl_id": "acl-0ba5c2456e021e532",
            "default_route_table_id": "rtb-034b1c73cd61e2fdc",
            "default_security_group_id": "sg-0000d7e123ea3152a",
            "dhcp_options_id": "dopt-0ab4d66f243653dcc",
            "enable_dns_hostnames": true,
            "enable_dns_support": true,
            "enable_network_address_usage_metrics": false,
            "id": "vpc-0db49049e914984ee",
            "instance_tenancy": "default",
            "ipv4_ipam_pool_id": null,
            "ipv4_netmask_length": null,
            "ipv6_association_id": "",
            "ipv6_cidr_block": "",
            "ipv6_cidr_block_network_border_group": "",
            "ipv6_ipam_pool_id": "",
            "ipv6_netmask_length": 0,
            "main_route_table_id": "rtb-034b1c73cd61e2fdc",
            "owner_id": "273873396060",
            "tags": {
              "Name": "My-VPC"
            },
            "tags_all": {
              "Name": "My-VPC"
            }
          },
          "sensitive_attributes": [],
          "private": "eyJzY2hlbWFfdmVyc2lvbiI6IjEifQ=="
        }
      ]
    },
    {
      "mode": "managed",
      "type": "tls_private_key",
      "name": "example",
      "provider": "provider[\"registry.terraform.io/hashicorp/tls\"]",
      "instances": [
        {
          "schema_version": 1,
          "attributes": {
            "algorithm": "RSA",
            "ecdsa_curve": "P224",
            "id": "01257ce27cd71c8557e50b74ffd1980e2afa1392",
            "private_key_openssh": "-----BEGIN OPENSSH PRIVATE KEY-----\nb3BlbnNzaC1rZXktdjEAAAAABG5vbmUAAAAEbm9uZQAAAAAAAAABAAACFwAAAAdz\nc2gtcnNhAAAAAwEAAQAAAgEAvxKVAJJ+fVWjCyMpo0aL9/lRJzPlr6zRiL5fTRTi\n1z4FQIUOfmjqO0uBnHQDym6GgT4fYW/CxCeLT62z0ERlx1NVrZtAsGhZDwJNVnOU\nsQdVLVoDoZBcgzZFHjpjJrB/vwqzroPbkHXHEF5+RCsNYQ1l+AXJDajNg4K6UlIU\nZqNfuXi+/S7t3MiqS0inkpXFWuPEKLOczKxmBSTn2mSOkrZqFskYGCjVcO66u38A\n5uqPn9MsGPCANDaqlzl2XvgUawb4xWK815XpD8g16upZa9KsBrOFen1pb057JJRB\nbdyVu9Hp3qVj96eUG2IXtRfslXTmo9Y0vkieOG644Q2ZzwwZpYxl3XWNhwTKo8ca\nAtYzRqBZsTLUayXzpoj9pp3fcE/qhwt6KWH1PxA0pZW4q6JkxTzVowuFY8zp8Odr\nHcvAT4QbcekzUGJqnZe1ge0LQ+zer7pRKm0YvU3niPmFT45aW3HN9lQuyr8OZAXI\nQqePuaHqD1E046P5R/KS7NxXgsuE9h1wfyRnVrKB0ikzNpYgFG8ob9PQc3AqaWWD\nj5CY2fHw4zQwatorq223ltQi5A9MlkVZYCuUv/OqM1X1v6bMqk5S6aqa6wO67FaO\nYZBpZ+gOtY+yyPZj1YUcWuS4edtWhqzX6lxHxQiYwJhgs4c1GMRBsLEaWa6yhlOV\nlLkAAAc4aXBcKGlwXCgAAAAHc3NoLXJzYQAAAgEAvxKVAJJ+fVWjCyMpo0aL9/lR\nJzPlr6zRiL5fTRTi1z4FQIUOfmjqO0uBnHQDym6GgT4fYW/CxCeLT62z0ERlx1NV\nrZtAsGhZDwJNVnOUsQdVLVoDoZBcgzZFHjpjJrB/vwqzroPbkHXHEF5+RCsNYQ1l\n+AXJDajNg4K6UlIUZqNfuXi+/S7t3MiqS0inkpXFWuPEKLOczKxmBSTn2mSOkrZq\nFskYGCjVcO66u38A5uqPn9MsGPCANDaqlzl2XvgUawb4xWK815XpD8g16upZa9Ks\nBrOFen1pb057JJRBbdyVu9Hp3qVj96eUG2IXtRfslXTmo9Y0vkieOG644Q2ZzwwZ\npYxl3XWNhwTKo8caAtYzRqBZsTLUayXzpoj9pp3fcE/qhwt6KWH1PxA0pZW4q6Jk\nxTzVowuFY8zp8OdrHcvAT4QbcekzUGJqnZe1ge0LQ+zer7pRKm0YvU3niPmFT45a\nW3HN9lQuyr8OZAXIQqePuaHqD1E046P5R/KS7NxXgsuE9h1wfyRnVrKB0ikzNpYg\nFG8ob9PQc3AqaWWDj5CY2fHw4zQwatorq223ltQi5A9MlkVZYCuUv/OqM1X1v6bM\nqk5S6aqa6wO67FaOYZBpZ+gOtY+yyPZj1YUcWuS4edtWhqzX6lxHxQiYwJhgs4c1\nGMRBsLEaWa6yhlOVlLkAAAADAQABAAACAATHuqW9mdUEY18YCtwMcTGBEbGaTTIr\nL8B3n3Y+ohsyRcWICVAKdhEJh01U+LL5N2ZnLw1ME2e+uS/t36cDowviJEKtij2E\n6soi67Dl6i/QnWX++m1xvrgYpOYyneron6rgTL+pCavwSmHjifimHsBRamjn/3rs\nQMdRagcSXx4fPbnr5lP6tyreyVCMrtvjtoDa3GbhRs23DW6uWO+ViZyW3DTEOf+s\nES+cBVzDUBA23jooeWdeqEfGIK1GW9VYkwLcyon+TvencYx6cjY1lTWgRbtS2pwb\nzvC2L63/WIYJWU9OMIc9r4XRXIr1K18q4U7EPTCW9LxYSum3WWrl9nWqEfhhlDaL\niRssxCOuHiofZKDRL5p+/ksOCuQ1//CJhHRVlbWy05niWTx2c7IEnIqgTIe57oUk\nxh4GglVM6wRWlIcvHDsTDpWDp20XiR7shtO5N3GtKmkbiGmkEZKO6UVaAHUC4mRv\nxd+5xDdudZkRm0qhnPDfdUxBSM7qPqhCKYSghHyGJP2bu0OURvyG2NDPeLpYlwHp\na1jbrXAcoqPVW2HdptDe8t0bDCfindnj/kSfb+8WUvszutkSEN0nOB1REB/yLfAC\n2a2VLX/MvrviWgWRWT/TtTecuLybZEKA0e4p0+Xe310AxJSq/Z6HiUfTTkmsqcSi\nFFWWJHE4fhvBAAABAQDH5Lv7J3I3oFld/CoTYS5tgUNxXoMR7i27dOAiULqslvYS\nMuX+SPEnJqo2pHGrnWnOZk7Rtal3MPOw0op5XumYbqmZXyql9Z17Rhx8BKdpcUfF\ny+4XP9ECy1xWQk9cw8ELe4Zt9KF5rYzNJsgR/YxAbmY1GFJzn3E5+uTMwSGQfBtN\nHEip8tC0k8+toQjQv+oqZj7DdHISksU2lKtH91B1NUQ0x/pQ/5dmGIo/9eKVXrMv\nqJ7Z8aTAh7NPGQflcs50Zyw/O/TW12FVkcscw8M3iexqUMcbNiDeJ5xHeN+CCvS5\nGe9nKd4dAbI6oBW2OYYsAbkx0ElQ0SlhjELL+y+XAAABAQDydFg5ywvaT90jZunp\nCMDpldhh5zF+XQmYFtGG8cnq2PJG6DzMjHUlHYZL6+VHoPDIFZ6Yy2cXfEKB+LIc\nsSL6D3L/lWm/Vwbn4g6Q0RaF5QJiIKmpxBf39f9AnfzZhTzJPy776GwBc4ARNGw4\ngszR3l2WOkmSjLKw+MjKO+TwoDtmh6TtewIqQXSFhnzM4YuEGs8Q+H7DDV3eUK29\nuKyb8XGE9zKbl5f0DrMqfMhDyOTQGLrLLHk9MQ7x9BaYuhkxk7jbi9cIdJkQJshC\n6+AxoC9xo9QYpBeOyzl9lakfLlwkiI1evegwzcFCAE44VPf57l0fTO8qYcroq+LP\nXLehAAABAQDJv1vIoTogovNm5yMM/3WYwZHR+GWqvZv5obh3AjcBYaxw2/3+Pa2w\nEO+8mIQXnhaBFA/jxUMGTVC2c7BKW69WbasKI2cC0IAkPOXYXoMc3fOSFKGqDzV3\nl3rZyzMTyH/eBuMF0XPdmzFWQSTOlLVjwq3+WgQp0Ywbhc6INb9Hs+B0mToIVjpP\nlobriXmVnrXdM4DH0u+HTs9N28uzOrLdqweC3wn00w31aa7FQU+9W/7nDeLafQW8\nP6D9dDAqUXBUIWdwysOpPMZ6d+wxh6Ere81VaPd2CRz3fLa1dTKL3sVkJXiHGB1/\n17uuZsQWt46mH5xVX8SOQndN9wU3beYZAAAAAAEC\n-----END OPENSSH PRIVATE KEY-----\n",
            "private_key_pem": "-----BEGIN RSA PRIVATE KEY-----\nMIIJKgIBAAKCAgEAvxKVAJJ+fVWjCyMpo0aL9/lRJzPlr6zRiL5fTRTi1z4FQIUO\nfmjqO0uBnHQDym6GgT4fYW/CxCeLT62z0ERlx1NVrZtAsGhZDwJNVnOUsQdVLVoD\noZBcgzZFHjpjJrB/vwqzroPbkHXHEF5+RCsNYQ1l+AXJDajNg4K6UlIUZqNfuXi+\n/S7t3MiqS0inkpXFWuPEKLOczKxmBSTn2mSOkrZqFskYGCjVcO66u38A5uqPn9Ms\nGPCANDaqlzl2XvgUawb4xWK815XpD8g16upZa9KsBrOFen1pb057JJRBbdyVu9Hp\n3qVj96eUG2IXtRfslXTmo9Y0vkieOG644Q2ZzwwZpYxl3XWNhwTKo8caAtYzRqBZ\nsTLUayXzpoj9pp3fcE/qhwt6KWH1PxA0pZW4q6JkxTzVowuFY8zp8OdrHcvAT4Qb\ncekzUGJqnZe1ge0LQ+zer7pRKm0YvU3niPmFT45aW3HN9lQuyr8OZAXIQqePuaHq\nD1E046P5R/KS7NxXgsuE9h1wfyRnVrKB0ikzNpYgFG8ob9PQc3AqaWWDj5CY2fHw\n4zQwatorq223ltQi5A9MlkVZYCuUv/OqM1X1v6bMqk5S6aqa6wO67FaOYZBpZ+gO\ntY+yyPZj1YUcWuS4edtWhqzX6lxHxQiYwJhgs4c1GMRBsLEaWa6yhlOVlLkCAwEA\nAQKCAgAEx7qlvZnVBGNfGArcDHExgRGxmk0yKy/Ad592PqIbMkXFiAlQCnYRCYdN\nVPiy+TdmZy8NTBNnvrkv7d+nA6ML4iRCrYo9hOrKIuuw5eov0J1l/vptcb64GKTm\nMp3q6J+q4Ey/qQmr8Eph44n4ph7AUWpo5/967EDHUWoHEl8eHz256+ZT+rcq3slQ\njK7b47aA2txm4UbNtw1urljvlYmcltw0xDn/rBEvnAVcw1AQNt46KHlnXqhHxiCt\nRlvVWJMC3MqJ/k73p3GMenI2NZU1oEW7UtqcG87wti+t/1iGCVlPTjCHPa+F0VyK\n9StfKuFOxD0wlvS8WErpt1lq5fZ1qhH4YZQ2i4kbLMQjrh4qH2Sg0S+afv5LDgrk\nNf/wiYR0VZW1stOZ4lk8dnOyBJyKoEyHue6FJMYeBoJVTOsEVpSHLxw7Ew6Vg6dt\nF4ke7IbTuTdxrSppG4hppBGSjulFWgB1AuJkb8XfucQ3bnWZEZtKoZzw33VMQUjO\n6j6oQimEoIR8hiT9m7tDlEb8htjQz3i6WJcB6WtY261wHKKj1Vth3abQ3vLdGwwn\n4p3Z4/5En2/vFlL7M7rZEhDdJzgdURAf8i3wAtmtlS1/zL674loFkVk/07U3nLi8\nm2RCgNHuKdPl3t9dAMSUqv2eh4lH005JrKnEohRVliRxOH4bwQKCAQEA8nRYOcsL\n2k/dI2bp6QjA6ZXYYecxfl0JmBbRhvHJ6tjyRug8zIx1JR2GS+vlR6DwyBWemMtn\nF3xCgfiyHLEi+g9y/5Vpv1cG5+IOkNEWheUCYiCpqcQX9/X/QJ382YU8yT8u++hs\nAXOAETRsOILM0d5dljpJkoyysPjIyjvk8KA7Zoek7XsCKkF0hYZ8zOGLhBrPEPh+\nww1d3lCtvbism/FxhPcym5eX9A6zKnzIQ8jk0Bi6yyx5PTEO8fQWmLoZMZO424vX\nCHSZECbIQuvgMaAvcaPUGKQXjss5fZWpHy5cJIiNXr3oMM3BQgBOOFT3+e5dH0zv\nKmHK6Kviz1y3oQKCAQEAyb9byKE6IKLzZucjDP91mMGR0fhlqr2b+aG4dwI3AWGs\ncNv9/j2tsBDvvJiEF54WgRQP48VDBk1QtnOwSluvVm2rCiNnAtCAJDzl2F6DHN3z\nkhShqg81d5d62cszE8h/3gbjBdFz3ZsxVkEkzpS1Y8Kt/loEKdGMG4XOiDW/R7Pg\ndJk6CFY6T5aG64l5lZ613TOAx9Lvh07PTdvLszqy3asHgt8J9NMN9WmuxUFPvVv+\n5w3i2n0FvD+g/XQwKlFwVCFncMrDqTzGenfsMYehK3vNVWj3dgkc93y2tXUyi97F\nZCV4hxgdf9e7rmbEFreOph+cVV/EjkJ3TfcFN23mGQKCAQEAm+LUKuxzBX2d6Dou\nIOfA6S6v/lqghueY2JGrTAE/2uB7/b0qAjY4x5FRHJViSIig53SHESSOdxosxNY6\n5pm5rF+sh8nwQNbamNLOnKviuFoDC0aG76El7AbdhBVQUicJazdVpR/N+aziZa13\n+2mV+UXolEOLtE8EQSbkKqsRyuiq6IRENXCGdta47XUH3s8RXfHCut2a2xxIAz2K\nR9ZqHKXDYENz5Xg1efTNm365YGPVQjr0Nte0Z/SX8FcJBE97DVY2X+psaoJVO35D\n+ksgTaf5eS5lmyY+A1CE+Ur1fxfWpKKrioO9u0s/e4kowa1X9vkcJJjZmT1hMfH6\nFWs+oQKCAQEAm2yR0EHtXyFKdRdSWHwh45oUtfcwk9ZZaHqfewe4ypat25CP36My\nwPZ7SwcQlIVU/wIur6HT3fIIYVdFFDQII4R/hWL6xB9O6RwFUqiVR9LyB7NfTH1F\nCqonmcxCwFXxtGIH2f6fzbT20GWFbqUADSf5FX/Rv0nRL47pKuSFRT8dh5ZYL/4G\nFDR6ItEZWxwXLZ+08bzejZY4fNn810o8bCuLsNYVfIhwM4XEf/Ct9sr92JFJGFvC\n5GD8rOYrCR8Oc7H8V9fN3v6URdtHmmzLzI0nBkrEginJKBzrQWZVl4368gkwDpuU\ndl4EF/rRzFKDUhX+QYNzEMnB0c2hNi+zWQKCAQEAx+S7+ydyN6BZXfwqE2EubYFD\ncV6DEe4tu3TgIlC6rJb2EjLl/kjxJyaqNqRxq51pzmZO0bWpdzDzsNKKeV7pmG6p\nmV8qpfWde0YcfASnaXFHxcvuFz/RAstcVkJPXMPBC3uGbfShea2MzSbIEf2MQG5m\nNRhSc59xOfrkzMEhkHwbTRxIqfLQtJPPraEI0L/qKmY+w3RyEpLFNpSrR/dQdTVE\nNMf6UP+XZhiKP/XilV6zL6ie2fGkwIezTxkH5XLOdGcsPzv01tdhVZHLHMPDN4ns\nalDHGzYg3iecR3jfggr0uRnvZyneHQGyOqAVtjmGLAG5MdBJUNEpYYxCy/svlw==\n-----END RSA PRIVATE KEY-----\n",
            "private_key_pem_pkcs8": "-----BEGIN PRIVATE KEY-----\nMIIJRAIBADANBgkqhkiG9w0BAQEFAASCCS4wggkqAgEAAoICAQC/EpUAkn59VaML\nIymjRov3+VEnM+WvrNGIvl9NFOLXPgVAhQ5+aOo7S4GcdAPKboaBPh9hb8LEJ4tP\nrbPQRGXHU1Wtm0CwaFkPAk1Wc5SxB1UtWgOhkFyDNkUeOmMmsH+/CrOug9uQdccQ\nXn5EKw1hDWX4BckNqM2DgrpSUhRmo1+5eL79Lu3cyKpLSKeSlcVa48Qos5zMrGYF\nJOfaZI6StmoWyRgYKNVw7rq7fwDm6o+f0ywY8IA0NqqXOXZe+BRrBvjFYrzXlekP\nyDXq6llr0qwGs4V6fWlvTnsklEFt3JW70enepWP3p5QbYhe1F+yVdOaj1jS+SJ44\nbrjhDZnPDBmljGXddY2HBMqjxxoC1jNGoFmxMtRrJfOmiP2mnd9wT+qHC3opYfU/\nEDSllbiromTFPNWjC4VjzOnw52sdy8BPhBtx6TNQYmqdl7WB7QtD7N6vulEqbRi9\nTeeI+YVPjlpbcc32VC7Kvw5kBchCp4+5oeoPUTTjo/lH8pLs3FeCy4T2HXB/JGdW\nsoHSKTM2liAUbyhv09BzcCppZYOPkJjZ8fDjNDBq2iurbbeW1CLkD0yWRVlgK5S/\n86ozVfW/psyqTlLpqprrA7rsVo5hkGln6A61j7LI9mPVhRxa5Lh521aGrNfqXEfF\nCJjAmGCzhzUYxEGwsRpZrrKGU5WUuQIDAQABAoICAATHuqW9mdUEY18YCtwMcTGB\nEbGaTTIrL8B3n3Y+ohsyRcWICVAKdhEJh01U+LL5N2ZnLw1ME2e+uS/t36cDowvi\nJEKtij2E6soi67Dl6i/QnWX++m1xvrgYpOYyneron6rgTL+pCavwSmHjifimHsBR\namjn/3rsQMdRagcSXx4fPbnr5lP6tyreyVCMrtvjtoDa3GbhRs23DW6uWO+ViZyW\n3DTEOf+sES+cBVzDUBA23jooeWdeqEfGIK1GW9VYkwLcyon+TvencYx6cjY1lTWg\nRbtS2pwbzvC2L63/WIYJWU9OMIc9r4XRXIr1K18q4U7EPTCW9LxYSum3WWrl9nWq\nEfhhlDaLiRssxCOuHiofZKDRL5p+/ksOCuQ1//CJhHRVlbWy05niWTx2c7IEnIqg\nTIe57oUkxh4GglVM6wRWlIcvHDsTDpWDp20XiR7shtO5N3GtKmkbiGmkEZKO6UVa\nAHUC4mRvxd+5xDdudZkRm0qhnPDfdUxBSM7qPqhCKYSghHyGJP2bu0OURvyG2NDP\neLpYlwHpa1jbrXAcoqPVW2HdptDe8t0bDCfindnj/kSfb+8WUvszutkSEN0nOB1R\nEB/yLfAC2a2VLX/MvrviWgWRWT/TtTecuLybZEKA0e4p0+Xe310AxJSq/Z6HiUfT\nTkmsqcSiFFWWJHE4fhvBAoIBAQDydFg5ywvaT90jZunpCMDpldhh5zF+XQmYFtGG\n8cnq2PJG6DzMjHUlHYZL6+VHoPDIFZ6Yy2cXfEKB+LIcsSL6D3L/lWm/Vwbn4g6Q\n0RaF5QJiIKmpxBf39f9AnfzZhTzJPy776GwBc4ARNGw4gszR3l2WOkmSjLKw+MjK\nO+TwoDtmh6TtewIqQXSFhnzM4YuEGs8Q+H7DDV3eUK29uKyb8XGE9zKbl5f0DrMq\nfMhDyOTQGLrLLHk9MQ7x9BaYuhkxk7jbi9cIdJkQJshC6+AxoC9xo9QYpBeOyzl9\nlakfLlwkiI1evegwzcFCAE44VPf57l0fTO8qYcroq+LPXLehAoIBAQDJv1vIoTog\novNm5yMM/3WYwZHR+GWqvZv5obh3AjcBYaxw2/3+Pa2wEO+8mIQXnhaBFA/jxUMG\nTVC2c7BKW69WbasKI2cC0IAkPOXYXoMc3fOSFKGqDzV3l3rZyzMTyH/eBuMF0XPd\nmzFWQSTOlLVjwq3+WgQp0Ywbhc6INb9Hs+B0mToIVjpPlobriXmVnrXdM4DH0u+H\nTs9N28uzOrLdqweC3wn00w31aa7FQU+9W/7nDeLafQW8P6D9dDAqUXBUIWdwysOp\nPMZ6d+wxh6Ere81VaPd2CRz3fLa1dTKL3sVkJXiHGB1/17uuZsQWt46mH5xVX8SO\nQndN9wU3beYZAoIBAQCb4tQq7HMFfZ3oOi4g58DpLq/+WqCG55jYkatMAT/a4Hv9\nvSoCNjjHkVEclWJIiKDndIcRJI53GizE1jrmmbmsX6yHyfBA1tqY0s6cq+K4WgML\nRobvoSXsBt2EFVBSJwlrN1WlH835rOJlrXf7aZX5ReiUQ4u0TwRBJuQqqxHK6Kro\nhEQ1cIZ21rjtdQfezxFd8cK63ZrbHEgDPYpH1mocpcNgQ3PleDV59M2bfrlgY9VC\nOvQ217Rn9JfwVwkET3sNVjZf6mxqglU7fkP6SyBNp/l5LmWbJj4DUIT5SvV/F9ak\noquKg727Sz97iSjBrVf2+RwkmNmZPWEx8foVaz6hAoIBAQCbbJHQQe1fIUp1F1JY\nfCHjmhS19zCT1lloep97B7jKlq3bkI/fozLA9ntLBxCUhVT/Ai6vodPd8ghhV0UU\nNAgjhH+FYvrEH07pHAVSqJVH0vIHs19MfUUKqieZzELAVfG0YgfZ/p/NtPbQZYVu\npQANJ/kVf9G/SdEvjukq5IVFPx2Hllgv/gYUNHoi0RlbHBctn7TxvN6Nljh82fzX\nSjxsK4uw1hV8iHAzhcR/8K32yv3YkUkYW8LkYPys5isJHw5zsfxX183e/pRF20ea\nbMvMjScGSsSCKckoHOtBZlWXjfryCTAOm5R2XgQX+tHMUoNSFf5Bg3MQycHRzaE2\nL7NZAoIBAQDH5Lv7J3I3oFld/CoTYS5tgUNxXoMR7i27dOAiULqslvYSMuX+SPEn\nJqo2pHGrnWnOZk7Rtal3MPOw0op5XumYbqmZXyql9Z17Rhx8BKdpcUfFy+4XP9EC\ny1xWQk9cw8ELe4Zt9KF5rYzNJsgR/YxAbmY1GFJzn3E5+uTMwSGQfBtNHEip8tC0\nk8+toQjQv+oqZj7DdHISksU2lKtH91B1NUQ0x/pQ/5dmGIo/9eKVXrMvqJ7Z8aTA\nh7NPGQflcs50Zyw/O/TW12FVkcscw8M3iexqUMcbNiDeJ5xHeN+CCvS5Ge9nKd4d\nAbI6oBW2OYYsAbkx0ElQ0SlhjELL+y+X\n-----END PRIVATE KEY-----\n",
            "public_key_fingerprint_md5": "2b:a9:e2:e4:c4:b4:df:c2:de:3d:64:61:a3:62:65:e7",
            "public_key_fingerprint_sha256": "SHA256:ACZZbu4gvpvI1KbRgq87CDSPCTN2Ol/YVHiIyVO6jgo",
            "public_key_openssh": "ssh-rsa AAAAB3NzaC1yc2EAAAADAQABAAACAQC/EpUAkn59VaMLIymjRov3+VEnM+WvrNGIvl9NFOLXPgVAhQ5+aOo7S4GcdAPKboaBPh9hb8LEJ4tPrbPQRGXHU1Wtm0CwaFkPAk1Wc5SxB1UtWgOhkFyDNkUeOmMmsH+/CrOug9uQdccQXn5EKw1hDWX4BckNqM2DgrpSUhRmo1+5eL79Lu3cyKpLSKeSlcVa48Qos5zMrGYFJOfaZI6StmoWyRgYKNVw7rq7fwDm6o+f0ywY8IA0NqqXOXZe+BRrBvjFYrzXlekPyDXq6llr0qwGs4V6fWlvTnsklEFt3JW70enepWP3p5QbYhe1F+yVdOaj1jS+SJ44brjhDZnPDBmljGXddY2HBMqjxxoC1jNGoFmxMtRrJfOmiP2mnd9wT+qHC3opYfU/EDSllbiromTFPNWjC4VjzOnw52sdy8BPhBtx6TNQYmqdl7WB7QtD7N6vulEqbRi9TeeI+YVPjlpbcc32VC7Kvw5kBchCp4+5oeoPUTTjo/lH8pLs3FeCy4T2HXB/JGdWsoHSKTM2liAUbyhv09BzcCppZYOPkJjZ8fDjNDBq2iurbbeW1CLkD0yWRVlgK5S/86ozVfW/psyqTlLpqprrA7rsVo5hkGln6A61j7LI9mPVhRxa5Lh521aGrNfqXEfFCJjAmGCzhzUYxEGwsRpZrrKGU5WUuQ==\n",
            "public_key_pem": "-----BEGIN PUBLIC KEY-----\nMIICIjANBgkqhkiG9w0BAQEFAAOCAg8AMIICCgKCAgEAvxKVAJJ+fVWjCyMpo0aL\n9/lRJzPlr6zRiL5fTRTi1z4FQIUOfmjqO0uBnHQDym6GgT4fYW/CxCeLT62z0ERl\nx1NVrZtAsGhZDwJNVnOUsQdVLVoDoZBcgzZFHjpjJrB/vwqzroPbkHXHEF5+RCsN\nYQ1l+AXJDajNg4K6UlIUZqNfuXi+/S7t3MiqS0inkpXFWuPEKLOczKxmBSTn2mSO\nkrZqFskYGCjVcO66u38A5uqPn9MsGPCANDaqlzl2XvgUawb4xWK815XpD8g16upZ\na9KsBrOFen1pb057JJRBbdyVu9Hp3qVj96eUG2IXtRfslXTmo9Y0vkieOG644Q2Z\nzwwZpYxl3XWNhwTKo8caAtYzRqBZsTLUayXzpoj9pp3fcE/qhwt6KWH1PxA0pZW4\nq6JkxTzVowuFY8zp8OdrHcvAT4QbcekzUGJqnZe1ge0LQ+zer7pRKm0YvU3niPmF\nT45aW3HN9lQuyr8OZAXIQqePuaHqD1E046P5R/KS7NxXgsuE9h1wfyRnVrKB0ikz\nNpYgFG8ob9PQc3AqaWWDj5CY2fHw4zQwatorq223ltQi5A9MlkVZYCuUv/OqM1X1\nv6bMqk5S6aqa6wO67FaOYZBpZ+gOtY+yyPZj1YUcWuS4edtWhqzX6lxHxQiYwJhg\ns4c1GMRBsLEaWa6yhlOVlLkCAwEAAQ==\n-----END PUBLIC KEY-----\n",
            "rsa_bits": 4096
          },
          "sensitive_attributes": [
            [
              {
                "type": "get_attr",
                "value": "private_key_pem_pkcs8"
              }
            ],
            [
              {
                "type": "get_attr",
                "value": "private_key_openssh"
              }
            ],
            [
              {
                "type": "get_attr",
                "value": "private_key_pem"
              }
            ]
          ]
        }
      ]
    }
  ],
  "check_results": null
}
