{
  "version": 4,
  "terraform_version": "1.11.4",
  "serial": 110,
  "lineage": "6032dc6d-2e11-f30f-a93b-f31fec86f132",
  "outputs": {
    "private_key_pem": {
      "value": "-----BEGIN RSA PRIVATE KEY-----\nMIIJKQIBAAKCAgEAukLORO4xPQ7RouZmcYSll2p7fPnR2VGBT//JmkUvgOjGxo3x\ns7pxJ3rUnXpcIc6RSDJLd3TWTNpdDeF2iXWUHoiFmosnLV8QsyA2tFQlAPger5aT\nnqw0jcdgPo1QxF4CqXYvmORhnrx1/cx5atZT8zWJQoEZntztHATRyXRbfI31cObR\nYlRVKowWZJwgbCOHe2+kwi4hne6sJsgDprxxZyaml23D5cDBjMZkQUMhXNjaLszq\nK6E5QLidqb4KO8BERXoaGP8MBoDqwzuaJgRABS7t4Jcwstmvd+uSG1wuVR655fV1\niKiy3Vl2expEHFm9poP3llwxokTJ0jUSq4476ShsS5/xlQLxkbbtokBfUT+kSkPo\nb9kvur+Rsz0chHG9Fivu8LUeB7cpp+mbGbSPRU2vP3oNF259XRs+eboUbDik1R4r\nYWB9Xveo1VFiOlv02AjFjYH8kGyuFQSycphWwD/CIdHSrngW9TUxJFUHUxrdaIW5\nFdXXYg4apkmGz2JTAW6foHngNrpLmNUX0SCqZBrK9cvN9Dls6ak41rKkAvaC6J1w\nhvPz+wl01lF4ygQMhzIYV5qO+nw1WESikWKnLoD6JG/L+ejQbiZE2dGWvy+lTTxD\nTDgka8GRlYP57qtBm18Nkr/ABw69VM3avLylHuMXMDVNdqam3dPkZPqOxB0CAwEA\nAQKCAgBRaf4LNyoijCWp1JeWqupOguazO+cz3GJve1i9q9wVtqmcBFNPwgDPxurE\nYsV+qXHrYsCF2HYLZa8i8BgGAXTa28W6RXS8aj88bKo8rEL4Z3vSODkSNCdMiYdS\nECbrjkQPmm83nyvkXHAenY+82S4cspvqi8+NFvg1NQ4Vxlxu1wYfcWS4XDBVxqHL\nHEs3uVfw5l3X2p4rEDYDRY4DBX90HPrYWcw00spHJDiSJiuhD9BegIcixvfliEyx\n8zU55NJyo+pgXqr89MCo0ZaRY24wVdD4SF2q72e5PSjB+Mrvvdx33ZCgSUzVX9Nf\n/50h3z/8VtaTzHyNdw/YaAZfIm6gvgdb/YpqPRJj3K5613w3ejhq9xQflRC/G0SD\nMs9s8ylVVAUqJnsYu0ug2r8keOiVKWkUnSQufiKPm41dUZWpVK+vWNBfiWDDDgYf\nqjhHpPJ6hl5vydQuyMU9fQYc6Cp/VTfjvNmcZSxldWKw9ywVQbaOY9KV64rOUdNL\n/i+LPR8/SF0WjFjrpsbfwBIKTkLSgObnkVqoMGB5M9AO+5WkIInt84Pp/Ap3G64O\n2Y2djsxyXjYhcPljWxZLHoL+sgxli3yrz+XJYJSj+H5IPKQXkrr3w9xeSo71HDX4\nHEhbW3xjaM5oHieNsS4LL6ezI6vMrvmuDqW++dQ4+Sja2FbUqQKCAQEA6e/sg5En\nfi1JTTVaX6pihYBk2LdhV9sBMzowFpIcxunhqeRmc5HR3PHf5nw6MlKnMbTW6T/B\nHOIQNuralunn7DgD1s4ggl12ozU6snyqeMKWlWHKe3fXR/wj01lTYH6LON46ZCHx\npJ9JXMcQ/xqeHxQe3BuhPIuNgZ8G8EZba5O+1JNnmfX+fUfYsepYD8fqU2SA5CCx\n7C9CBf/z0UxRKHYuBfbnnZGZn2K9T9FNIgEgKYpyMk7habnrKEURa0NunOC7atBS\nP5BrWMumr2OcNkwaUfrgFxJktmYNJ2NjIRHRYl/jFu3DI18Q5A4jVrTmHfIgyvAC\nibcyV03ApnowRwKCAQEAy9POyxpZLu7rmt5WX5SJk/IgTEv30DP/RaNl/L9Gxms/\n09xoTMLSC0t+iBAG/ZJEHfW+SMPwZvAhLDRfCPkNlKRnP+VNXQXTkmhvmLH2gVtD\nCK1c5Q9OxUBNE8oHTRVbOYzewNfQxASPrc2OMsIljT3Ed4sHxE+VvHVZvI9sLtjj\nDeZE1kSfg2UsZ93lu7VEZMfF2eBmEy6psMJKGh7gs/RBgTTCx9uxzq/uuLoQ8S7o\nCZGQMfGYYTw5ZWB5U3agoa4Rs/wN+5eoLLNMqpaeJllEFYRwkkThUgc6oNMIHlLC\nWCx9RPvXEGwK2KsrQBeTYY0cESALSiUjx6Pi0iTeewKCAQB9Ak3D/LQ6895A2Orj\nRjyBlJvPRydIeGqKwmRiG1AvZ1nEnJ220kxwIfyAwQ+kRpC7uiRB3mTGl3MMtbF7\nhaD+lOxQRDQRFfrIujAUoxPBllI7n1dBZUfwWqeWUByC6vxgtjhDu/PSAaCFaIcH\nm2S1vN3ExysBHJ3Qj3d4vFAsC3alR+PL3S1SKyt733uRa0YnrARIY8RQLuy8Igtb\nY8nWslhjrY4VoHGUP4JkfbcXHbzfFfFyOr6v7b7g9Q+a3xzjzh+4s3vQJc+HUsRO\n4w7d4QsLleFb0uNoqN4Ml0qoqEnYpN7IKOPnKezvwTJXKjHx/KpTZ7AjgXbwOkdh\nbtgPAoIBAQCw6Zecu7LaxK8kjYSkkzVSfx6/elSOlwMjO27DEHZqtB4DUlQJBDPx\nb8ZUbKzUnIaZBnnxiHf5sMTqLE6saBb8hDHFyM38Rplbg2ARRa3ymva06lwtyLqT\nBHuiCIGLy1SRwA57jRZ7fIYE0dxxfAfB7vG+3KKSJo2NtMF9o3K/uqpgnxPycj+N\neVwwju3enbfOTYMR1+5hCehpLknJIDHin8fXUKcbdzl+bz+hgIZCAHeQDpL8dnjP\nNMmQj0rfQaCslHxzHvw3+msS2VFa4z5DhMlOb9SRcE2tt+6QNnrebvCWPY9BN+F0\nNIK5iuAQUiYuzp6k0o5Z/aBvoHS39x5PAoIBAQCa8V11TJhJC5TANr0XJs/EfAC3\n77YjI5Gu4hwKn2phKNVt35oM6Boud24fmC4H4QZeonscExthm+jvQankdi7qErMU\nTvOpr3wrpMIB/T36Bj96hX55raMj4z3emEj9Z4JOLr0GKc0t3YRgOr0D+RdqM0RH\nBiGQ7tf7p0jjWlfqFYgOX3erhi0Up1s9HbXSnzJqTsHTurtRnXkQGKv6b6mZQ1Ai\nsimOlqROVYY7QY3nD1XzjBcy4ZeJGQNpHcJQMVAu+djkJK9NyCraQEtGMrEsnhf4\nr2Ne8jgu8MHWHTQHi3kmRUk6GIYLGOmE6ALldytBUBvWX/Uuu0cRrOFh7pq3\n-----END RSA PRIVATE KEY-----\n",
      "type": "string",
      "sensitive": true
    }
  },
  "resources": [
    {
      "mode": "managed",
      "type": "aws_efs_file_system",
      "name": "app_efs",
      "provider": "provider[\"registry.terraform.io/hashicorp/aws\"]",
      "instances": [
        {
          "schema_version": 0,
          "attributes": {
            "arn": "arn:aws:elasticfilesystem:us-east-1:273873396060:file-system/fs-077ab1027b977bbc8",
            "availability_zone_id": "",
            "availability_zone_name": "",
            "creation_token": "app_efs",
            "dns_name": "fs-077ab1027b977bbc8.efs.us-east-1.amazonaws.com",
            "encrypted": false,
            "id": "fs-077ab1027b977bbc8",
            "kms_key_id": "",
            "lifecycle_policy": [],
            "name": "app-efs",
            "number_of_mount_targets": 0,
            "owner_id": "273873396060",
            "performance_mode": "generalPurpose",
            "protection": [
              {
                "replication_overwrite": "ENABLED"
              }
            ],
            "provisioned_throughput_in_mibps": 0,
            "region": "us-east-1",
            "size_in_bytes": [
              {
                "value": 6144,
                "value_in_ia": 0,
                "value_in_standard": 6144
              }
            ],
            "tags": {
              "Name": "app-efs"
            },
            "tags_all": {
              "Name": "app-efs"
            },
            "throughput_mode": "bursting"
          },
          "sensitive_attributes": [],
          "private": "bnVsbA=="
        }
      ]
    },
    {
      "mode": "managed",
      "type": "aws_efs_mount_target",
      "name": "app_efs-mt",
      "provider": "provider[\"registry.terraform.io/hashicorp/aws\"]",
      "instances": [
        {
          "index_key": 0,
          "schema_version": 0,
          "attributes": {
            "availability_zone_id": "use1-az6",
            "availability_zone_name": "us-east-1a",
            "dns_name": "fs-077ab1027b977bbc8.efs.us-east-1.amazonaws.com",
            "file_system_arn": "arn:aws:elasticfilesystem:us-east-1:273873396060:file-system/fs-077ab1027b977bbc8",
            "file_system_id": "fs-077ab1027b977bbc8",
            "id": "fsmt-08d72403e3dfee5fa",
            "ip_address": "10.0.1.182",
            "mount_target_dns_name": "us-east-1a.fs-077ab1027b977bbc8.efs.us-east-1.amazonaws.com",
            "network_interface_id": "eni-0d109e96192eb34e9",
            "owner_id": "273873396060",
            "region": "us-east-1",
            "security_groups": [
              "sg-06d4a6fe962bc465a"
            ],
            "subnet_id": "subnet-0194b3837f6c8cfc7",
            "timeouts": null
          },
          "sensitive_attributes": [],
          "private": "eyJlMmJmYjczMC1lY2FhLTExZTYtOGY4OC0zNDM2M2JjN2M0YzAiOnsiY3JlYXRlIjoxODAwMDAwMDAwMDAwLCJkZWxldGUiOjYwMDAwMDAwMDAwMH19",
          "dependencies": [
            "aws_efs_file_system.app_efs",
            "aws_security_group.aws-sg",
            "aws_security_group.ellasticache-SG",
            "aws_subnet.public-subnet1",
            "aws_subnet.public-subnet2",
            "aws_vpc.vpc01"
          ]
        },
        {
          "index_key": 1,
          "schema_version": 0,
          "attributes": {
            "availability_zone_id": "use1-az1",
            "availability_zone_name": "us-east-1b",
            "dns_name": "fs-077ab1027b977bbc8.efs.us-east-1.amazonaws.com",
            "file_system_arn": "arn:aws:elasticfilesystem:us-east-1:273873396060:file-system/fs-077ab1027b977bbc8",
            "file_system_id": "fs-077ab1027b977bbc8",
            "id": "fsmt-0eb47692b44893e6b",
            "ip_address": "10.0.2.141",
            "mount_target_dns_name": "us-east-1b.fs-077ab1027b977bbc8.efs.us-east-1.amazonaws.com",
            "network_interface_id": "eni-0b6c21539aad7e4f0",
            "owner_id": "273873396060",
            "region": "us-east-1",
            "security_groups": [
              "sg-06d4a6fe962bc465a"
            ],
            "subnet_id": "subnet-03700ba1777c76ea1",
            "timeouts": null
          },
          "sensitive_attributes": [],
          "private": "eyJlMmJmYjczMC1lY2FhLTExZTYtOGY4OC0zNDM2M2JjN2M0YzAiOnsiY3JlYXRlIjoxODAwMDAwMDAwMDAwLCJkZWxldGUiOjYwMDAwMDAwMDAwMH19",
          "dependencies": [
            "aws_efs_file_system.app_efs",
            "aws_security_group.aws-sg",
            "aws_security_group.ellasticache-SG",
            "aws_subnet.public-subnet1",
            "aws_subnet.public-subnet2",
            "aws_vpc.vpc01"
          ]
        }
      ]
    },
    {
      "mode": "managed",
      "type": "aws_instance",
      "name": "myec2",
      "provider": "provider[\"registry.terraform.io/hashicorp/aws\"]",
      "instances": [
        {
          "schema_version": 2,
          "attributes": {
            "ami": "ami-020cba7c55df1f615",
            "arn": "arn:aws:ec2:us-east-1:273873396060:instance/i-0cb782632facc8565",
            "associate_public_ip_address": true,
            "availability_zone": "us-east-1b",
            "capacity_reservation_specification": [
              {
                "capacity_reservation_preference": "open",
                "capacity_reservation_target": []
              }
            ],
            "cpu_options": [
              {
                "amd_sev_snp": "",
                "core_count": 1,
                "threads_per_core": 1
              }
            ],
            "credit_specification": [
              {
                "cpu_credits": "standard"
              }
            ],
            "disable_api_stop": false,
            "disable_api_termination": false,
            "ebs_block_device": [],
            "ebs_optimized": false,
            "enable_primary_ipv6": null,
            "enclave_options": [
              {
                "enabled": false
              }
            ],
            "ephemeral_block_device": [],
            "force_destroy": false,
            "get_password_data": false,
            "hibernation": false,
            "host_id": "",
            "host_resource_group_arn": null,
            "iam_instance_profile": "",
            "id": "i-0cb782632facc8565",
            "instance_initiated_shutdown_behavior": "stop",
            "instance_lifecycle": "",
            "instance_market_options": [],
            "instance_state": "running",
            "instance_type": "t2.micro",
            "ipv6_address_count": 0,
            "ipv6_addresses": [],
            "key_name": "example-key",
            "launch_template": [],
            "maintenance_options": [
              {
                "auto_recovery": "default"
              }
            ],
            "metadata_options": [
              {
                "http_endpoint": "enabled",
                "http_protocol_ipv6": "disabled",
                "http_put_response_hop_limit": 2,
                "http_tokens": "required",
                "instance_metadata_tags": "disabled"
              }
            ],
            "monitoring": false,
            "network_interface": [],
            "outpost_arn": "",
            "password_data": "",
            "placement_group": "",
            "placement_partition_number": 0,
            "primary_network_interface_id": "eni-0ad9e7c6f0fae0288",
            "private_dns": "ip-10-0-2-107.ec2.internal",
            "private_dns_name_options": [
              {
                "enable_resource_name_dns_a_record": false,
                "enable_resource_name_dns_aaaa_record": false,
                "hostname_type": "ip-name"
              }
            ],
            "private_ip": "10.0.2.107",
            "public_dns": "ec2-54-236-61-186.compute-1.amazonaws.com",
            "public_ip": "54.236.61.186",
            "region": "us-east-1",
            "root_block_device": [
              {
                "delete_on_termination": true,
                "device_name": "/dev/sda1",
                "encrypted": false,
                "iops": 3000,
                "kms_key_id": "",
                "tags": {},
                "tags_all": {},
                "throughput": 125,
                "volume_id": "vol-07db08ac423e736a9",
                "volume_size": 8,
                "volume_type": "gp3"
              }
            ],
            "secondary_private_ips": [],
            "security_groups": [],
            "source_dest_check": true,
            "spot_instance_request_id": "",
            "subnet_id": "subnet-03700ba1777c76ea1",
            "tags": {
              "Name": "My-EC2"
            },
            "tags_all": {
              "Name": "My-EC2"
            },
            "tenancy": "default",
            "timeouts": null,
            "user_data": null,
            "user_data_base64": null,
            "user_data_replace_on_change": false,
            "volume_tags": null,
            "vpc_security_group_ids": [
              "sg-05ebd39a760b3150d"
            ]
          },
          "sensitive_attributes": [],
          "private": "eyJlMmJmYjczMC1lY2FhLTExZTYtOGY4OC0zNDM2M2JjN2M0YzAiOnsiY3JlYXRlIjo2MDAwMDAwMDAwMDAsImRlbGV0ZSI6MTIwMDAwMDAwMDAwMCwicmVhZCI6OTAwMDAwMDAwMDAwLCJ1cGRhdGUiOjYwMDAwMDAwMDAwMH0sInNjaGVtYV92ZXJzaW9uIjoiMiJ9",
          "dependencies": [
            "aws_key_pair.example",
            "aws_security_group.aws-sg",
            "aws_subnet.public-subnet2",
            "aws_vpc.vpc01",
            "tls_private_key.example"
          ]
        }
      ]
    },
    {
      "mode": "managed",
      "type": "aws_internet_gateway",
      "name": "internet-gateway",
      "provider": "provider[\"registry.terraform.io/hashicorp/aws\"]",
      "instances": [
        {
          "schema_version": 0,
          "attributes": {
            "arn": "arn:aws:ec2:us-east-1:273873396060:internet-gateway/igw-02daca8959ed65a1c",
            "id": "igw-02daca8959ed65a1c",
            "owner_id": "273873396060",
            "region": "us-east-1",
            "tags": {
              "Name": "InternetGateway"
            },
            "tags_all": {
              "Name": "InternetGateway"
            },
            "timeouts": null,
            "vpc_id": "vpc-053f1dd456a30d353"
          },
          "sensitive_attributes": [],
          "private": "eyJlMmJmYjczMC1lY2FhLTExZTYtOGY4OC0zNDM2M2JjN2M0YzAiOnsiY3JlYXRlIjoxMjAwMDAwMDAwMDAwLCJkZWxldGUiOjEyMDAwMDAwMDAwMDAsInVwZGF0ZSI6MTIwMDAwMDAwMDAwMH19",
          "dependencies": [
            "aws_vpc.vpc01"
          ]
        }
      ]
    },
    {
      "mode": "managed",
      "type": "aws_key_pair",
      "name": "example",
      "provider": "provider[\"registry.terraform.io/hashicorp/aws\"]",
      "instances": [
        {
          "schema_version": 1,
          "attributes": {
            "arn": "arn:aws:ec2:us-east-1:273873396060:key-pair/example-key",
            "fingerprint": "cb:91:23:25:b2:cf:57:6b:b3:90:d7:d4:fb:a2:a8:84",
            "id": "example-key",
            "key_name": "example-key",
            "key_name_prefix": "",
            "key_pair_id": "key-02274c696186f835c",
            "key_type": "rsa",
            "public_key": "ssh-rsa AAAAB3NzaC1yc2EAAAADAQABAAACAQC6Qs5E7jE9DtGi5mZxhKWXant8+dHZUYFP/8maRS+A6MbGjfGzunEnetSdelwhzpFIMkt3dNZM2l0N4XaJdZQeiIWaiyctXxCzIDa0VCUA+B6vlpOerDSNx2A+jVDEXgKpdi+Y5GGevHX9zHlq1lPzNYlCgRme3O0cBNHJdFt8jfVw5tFiVFUqjBZknCBsI4d7b6TCLiGd7qwmyAOmvHFnJqaXbcPlwMGMxmRBQyFc2NouzOoroTlAuJ2pvgo7wERFehoY/wwGgOrDO5omBEAFLu3glzCy2a9365IbXC5VHrnl9XWIqLLdWXZ7GkQcWb2mg/eWXDGiRMnSNRKrjjvpKGxLn/GVAvGRtu2iQF9RP6RKQ+hv2S+6v5GzPRyEcb0WK+7wtR4Htymn6ZsZtI9FTa8/eg0Xbn1dGz55uhRsOKTVHithYH1e96jVUWI6W/TYCMWNgfyQbK4VBLJymFbAP8Ih0dKueBb1NTEkVQdTGt1ohbkV1ddiDhqmSYbPYlMBbp+geeA2ukuY1RfRIKpkGsr1y830OWzpqTjWsqQC9oLonXCG8/P7CXTWUXjKBAyHMhhXmo76fDVYRKKRYqcugPokb8v56NBuJkTZ0Za/L6VNPENMOCRrwZGVg/nuq0GbXw2Sv8AHDr1Uzdq8vKUe4xcwNU12pqbd0+Rk+o7EHQ==",
            "region": "us-east-1",
            "tags": null,
            "tags_all": {}
          },
          "sensitive_attributes": [],
          "private": "eyJzY2hlbWFfdmVyc2lvbiI6IjEifQ==",
          "dependencies": [
            "tls_private_key.example"
          ]
        }
      ]
    },
    {
      "mode": "managed",
      "type": "aws_route_table",
      "name": "subnet1-rt",
      "provider": "provider[\"registry.terraform.io/hashicorp/aws\"]",
      "instances": [
        {
          "schema_version": 0,
          "attributes": {
            "arn": "arn:aws:ec2:us-east-1:273873396060:route-table/rtb-01fde7616bc6496f6",
            "id": "rtb-01fde7616bc6496f6",
            "owner_id": "273873396060",
            "propagating_vgws": [],
            "region": "us-east-1",
            "route": [
              {
                "carrier_gateway_id": "",
                "cidr_block": "0.0.0.0/0",
                "core_network_arn": "",
                "destination_prefix_list_id": "",
                "egress_only_gateway_id": "",
                "gateway_id": "igw-02daca8959ed65a1c",
                "ipv6_cidr_block": "",
                "local_gateway_id": "",
                "nat_gateway_id": "",
                "network_interface_id": "",
                "transit_gateway_id": "",
                "vpc_endpoint_id": "",
                "vpc_peering_connection_id": ""
              }
            ],
            "tags": {
              "Name": "public_route_table1"
            },
            "tags_all": {
              "Name": "public_route_table1"
            },
            "timeouts": null,
            "vpc_id": "vpc-053f1dd456a30d353"
          },
          "sensitive_attributes": [],
          "private": "eyJlMmJmYjczMC1lY2FhLTExZTYtOGY4OC0zNDM2M2JjN2M0YzAiOnsiY3JlYXRlIjozMDAwMDAwMDAwMDAsImRlbGV0ZSI6MzAwMDAwMDAwMDAwLCJ1cGRhdGUiOjEyMDAwMDAwMDAwMH19",
          "dependencies": [
            "aws_internet_gateway.internet-gateway",
            "aws_vpc.vpc01"
          ]
        }
      ]
    },
    {
      "mode": "managed",
      "type": "aws_route_table",
      "name": "subnet2-rt",
      "provider": "provider[\"registry.terraform.io/hashicorp/aws\"]",
      "instances": [
        {
          "schema_version": 0,
          "attributes": {
            "arn": "arn:aws:ec2:us-east-1:273873396060:route-table/rtb-0bc6ed8d07d1cf1bc",
            "id": "rtb-0bc6ed8d07d1cf1bc",
            "owner_id": "273873396060",
            "propagating_vgws": [],
            "region": "us-east-1",
            "route": [
              {
                "carrier_gateway_id": "",
                "cidr_block": "0.0.0.0/0",
                "core_network_arn": "",
                "destination_prefix_list_id": "",
                "egress_only_gateway_id": "",
                "gateway_id": "igw-02daca8959ed65a1c",
                "ipv6_cidr_block": "",
                "local_gateway_id": "",
                "nat_gateway_id": "",
                "network_interface_id": "",
                "transit_gateway_id": "",
                "vpc_endpoint_id": "",
                "vpc_peering_connection_id": ""
              }
            ],
            "tags": {
              "Name": "public_route_table2"
            },
            "tags_all": {
              "Name": "public_route_table2"
            },
            "timeouts": null,
            "vpc_id": "vpc-053f1dd456a30d353"
          },
          "sensitive_attributes": [],
          "private": "eyJlMmJmYjczMC1lY2FhLTExZTYtOGY4OC0zNDM2M2JjN2M0YzAiOnsiY3JlYXRlIjozMDAwMDAwMDAwMDAsImRlbGV0ZSI6MzAwMDAwMDAwMDAwLCJ1cGRhdGUiOjEyMDAwMDAwMDAwMH19",
          "dependencies": [
            "aws_internet_gateway.internet-gateway",
            "aws_vpc.vpc01"
          ]
        }
      ]
    },
    {
      "mode": "managed",
      "type": "aws_route_table_association",
      "name": "rt1-ass",
      "provider": "provider[\"registry.terraform.io/hashicorp/aws\"]",
      "instances": [
        {
          "schema_version": 0,
          "attributes": {
            "gateway_id": "",
            "id": "rtbassoc-0bdb7dcbd283deb6d",
            "region": "us-east-1",
            "route_table_id": "rtb-01fde7616bc6496f6",
            "subnet_id": "subnet-0194b3837f6c8cfc7",
            "timeouts": null
          },
          "sensitive_attributes": [],
          "private": "eyJlMmJmYjczMC1lY2FhLTExZTYtOGY4OC0zNDM2M2JjN2M0YzAiOnsiY3JlYXRlIjozMDAwMDAwMDAwMDAsImRlbGV0ZSI6MzAwMDAwMDAwMDAwLCJ1cGRhdGUiOjEyMDAwMDAwMDAwMH19",
          "dependencies": [
            "aws_internet_gateway.internet-gateway",
            "aws_route_table.subnet1-rt",
            "aws_subnet.public-subnet1",
            "aws_vpc.vpc01"
          ]
        }
      ]
    },
    {
      "mode": "managed",
      "type": "aws_route_table_association",
      "name": "rt2-ass",
      "provider": "provider[\"registry.terraform.io/hashicorp/aws\"]",
      "instances": [
        {
          "schema_version": 0,
          "attributes": {
            "gateway_id": "",
            "id": "rtbassoc-0896f5b8a68e67028",
            "region": "us-east-1",
            "route_table_id": "rtb-0bc6ed8d07d1cf1bc",
            "subnet_id": "subnet-03700ba1777c76ea1",
            "timeouts": null
          },
          "sensitive_attributes": [],
          "private": "eyJlMmJmYjczMC1lY2FhLTExZTYtOGY4OC0zNDM2M2JjN2M0YzAiOnsiY3JlYXRlIjozMDAwMDAwMDAwMDAsImRlbGV0ZSI6MzAwMDAwMDAwMDAwLCJ1cGRhdGUiOjEyMDAwMDAwMDAwMH19",
          "dependencies": [
            "aws_internet_gateway.internet-gateway",
            "aws_route_table.subnet2-rt",
            "aws_subnet.public-subnet2",
            "aws_vpc.vpc01"
          ]
        }
      ]
    },
    {
      "mode": "managed",
      "type": "aws_security_group",
      "name": "aws-sg",
      "provider": "provider[\"registry.terraform.io/hashicorp/aws\"]",
      "instances": [
        {
          "schema_version": 1,
          "attributes": {
            "arn": "arn:aws:ec2:us-east-1:273873396060:security-group/sg-05ebd39a760b3150d",
            "description": "Managed by Terraform",
            "egress": [
              {
                "cidr_blocks": [
                  "0.0.0.0/0"
                ],
                "description": "",
                "from_port": 0,
                "ipv6_cidr_blocks": [],
                "prefix_list_ids": [],
                "protocol": "-1",
                "security_groups": [],
                "self": false,
                "to_port": 0
              }
            ],
            "id": "sg-05ebd39a760b3150d",
            "ingress": [
              {
                "cidr_blocks": [
                  "0.0.0.0/0"
                ],
                "description": "",
                "from_port": 22,
                "ipv6_cidr_blocks": [],
                "prefix_list_ids": [],
                "protocol": "tcp",
                "security_groups": [],
                "self": false,
                "to_port": 22
              }
            ],
            "name": "terraform-20250818033034428500000001",
            "name_prefix": "terraform-",
            "owner_id": "273873396060",
            "region": "us-east-1",
            "revoke_rules_on_delete": false,
            "tags": {
              "Name": "ellasticache"
            },
            "tags_all": {
              "Name": "ellasticache"
            },
            "timeouts": null,
            "vpc_id": "vpc-053f1dd456a30d353"
          },
          "sensitive_attributes": [],
          "private": "eyJlMmJmYjczMC1lY2FhLTExZTYtOGY4OC0zNDM2M2JjN2M0YzAiOnsiY3JlYXRlIjo2MDAwMDAwMDAwMDAsImRlbGV0ZSI6OTAwMDAwMDAwMDAwfSwic2NoZW1hX3ZlcnNpb24iOiIxIn0=",
          "dependencies": [
            "aws_vpc.vpc01"
          ]
        }
      ]
    },
    {
      "mode": "managed",
      "type": "aws_security_group",
      "name": "ellasticache-SG",
      "provider": "provider[\"registry.terraform.io/hashicorp/aws\"]",
      "instances": [
        {
          "schema_version": 1,
          "attributes": {
            "arn": "arn:aws:ec2:us-east-1:273873396060:security-group/sg-06d4a6fe962bc465a",
            "description": "Managed by Terraform",
            "egress": [
              {
                "cidr_blocks": [
                  "0.0.0.0/0"
                ],
                "description": "",
                "from_port": 0,
                "ipv6_cidr_blocks": [],
                "prefix_list_ids": [],
                "protocol": "-1",
                "security_groups": [],
                "self": false,
                "to_port": 0
              }
            ],
            "id": "sg-06d4a6fe962bc465a",
            "ingress": [
              {
                "cidr_blocks": [],
                "description": "Allow ellasticache from EC2 SG",
                "from_port": 6379,
                "ipv6_cidr_blocks": [],
                "prefix_list_ids": [],
                "protocol": "tcp",
                "security_groups": [
                  "sg-05ebd39a760b3150d"
                ],
                "self": false,
                "to_port": 6379
              }
            ],
            "name": "terraform-20250818033040150800000004",
            "name_prefix": "terraform-",
            "owner_id": "273873396060",
            "region": "us-east-1",
            "revoke_rules_on_delete": false,
            "tags": null,
            "tags_all": {},
            "timeouts": null,
            "vpc_id": "vpc-053f1dd456a30d353"
          },
          "sensitive_attributes": [],
          "private": "eyJlMmJmYjczMC1lY2FhLTExZTYtOGY4OC0zNDM2M2JjN2M0YzAiOnsiY3JlYXRlIjo2MDAwMDAwMDAwMDAsImRlbGV0ZSI6OTAwMDAwMDAwMDAwfSwic2NoZW1hX3ZlcnNpb24iOiIxIn0=",
          "dependencies": [
            "aws_security_group.aws-sg",
            "aws_vpc.vpc01"
          ]
        }
      ]
    },
    {
      "mode": "managed",
      "type": "aws_subnet",
      "name": "public-subnet1",
      "provider": "provider[\"registry.terraform.io/hashicorp/aws\"]",
      "instances": [
        {
          "schema_version": 1,
          "attributes": {
            "arn": "arn:aws:ec2:us-east-1:273873396060:subnet/subnet-0194b3837f6c8cfc7",
            "assign_ipv6_address_on_creation": false,
            "availability_zone": "us-east-1a",
            "availability_zone_id": "use1-az6",
            "cidr_block": "10.0.1.0/24",
            "customer_owned_ipv4_pool": "",
            "enable_dns64": false,
            "enable_lni_at_device_index": 0,
            "enable_resource_name_dns_a_record_on_launch": false,
            "enable_resource_name_dns_aaaa_record_on_launch": false,
            "id": "subnet-0194b3837f6c8cfc7",
            "ipv6_cidr_block": "",
            "ipv6_cidr_block_association_id": "",
            "ipv6_native": false,
            "map_customer_owned_ip_on_launch": false,
            "map_public_ip_on_launch": false,
            "outpost_arn": "",
            "owner_id": "273873396060",
            "private_dns_hostname_type_on_launch": "ip-name",
            "region": "us-east-1",
            "tags": {
              "Name": "Subnet1"
            },
            "tags_all": {
              "Name": "Subnet1"
            },
            "timeouts": null,
            "vpc_id": "vpc-053f1dd456a30d353"
          },
          "sensitive_attributes": [],
          "private": "eyJlMmJmYjczMC1lY2FhLTExZTYtOGY4OC0zNDM2M2JjN2M0YzAiOnsiY3JlYXRlIjo2MDAwMDAwMDAwMDAsImRlbGV0ZSI6MTIwMDAwMDAwMDAwMH0sInNjaGVtYV92ZXJzaW9uIjoiMSJ9",
          "dependencies": [
            "aws_vpc.vpc01"
          ]
        }
      ]
    },
    {
      "mode": "managed",
      "type": "aws_subnet",
      "name": "public-subnet2",
      "provider": "provider[\"registry.terraform.io/hashicorp/aws\"]",
      "instances": [
        {
          "schema_version": 1,
          "attributes": {
            "arn": "arn:aws:ec2:us-east-1:273873396060:subnet/subnet-03700ba1777c76ea1",
            "assign_ipv6_address_on_creation": false,
            "availability_zone": "us-east-1b",
            "availability_zone_id": "use1-az1",
            "cidr_block": "10.0.2.0/24",
            "customer_owned_ipv4_pool": "",
            "enable_dns64": false,
            "enable_lni_at_device_index": 0,
            "enable_resource_name_dns_a_record_on_launch": false,
            "enable_resource_name_dns_aaaa_record_on_launch": false,
            "id": "subnet-03700ba1777c76ea1",
            "ipv6_cidr_block": "",
            "ipv6_cidr_block_association_id": "",
            "ipv6_native": false,
            "map_customer_owned_ip_on_launch": false,
            "map_public_ip_on_launch": false,
            "outpost_arn": "",
            "owner_id": "273873396060",
            "private_dns_hostname_type_on_launch": "ip-name",
            "region": "us-east-1",
            "tags": {
              "Name": "Subnet22"
            },
            "tags_all": {
              "Name": "Subnet22"
            },
            "timeouts": null,
            "vpc_id": "vpc-053f1dd456a30d353"
          },
          "sensitive_attributes": [],
          "private": "eyJlMmJmYjczMC1lY2FhLTExZTYtOGY4OC0zNDM2M2JjN2M0YzAiOnsiY3JlYXRlIjo2MDAwMDAwMDAwMDAsImRlbGV0ZSI6MTIwMDAwMDAwMDAwMH0sInNjaGVtYV92ZXJzaW9uIjoiMSJ9",
          "dependencies": [
            "aws_vpc.vpc01"
          ]
        }
      ]
    },
    {
      "mode": "managed",
      "type": "aws_vpc",
      "name": "vpc01",
      "provider": "provider[\"registry.terraform.io/hashicorp/aws\"]",
      "instances": [
        {
          "schema_version": 1,
          "attributes": {
            "arn": "arn:aws:ec2:us-east-1:273873396060:vpc/vpc-053f1dd456a30d353",
            "assign_generated_ipv6_cidr_block": false,
            "cidr_block": "10.0.0.0/16",
            "default_network_acl_id": "acl-0232d1e7304fe931c",
            "default_route_table_id": "rtb-0f52ea3a3121f340f",
            "default_security_group_id": "sg-0829228a4562405da",
            "dhcp_options_id": "dopt-0ab4d66f243653dcc",
            "enable_dns_hostnames": true,
            "enable_dns_support": true,
            "enable_network_address_usage_metrics": false,
            "id": "vpc-053f1dd456a30d353",
            "instance_tenancy": "default",
            "ipv4_ipam_pool_id": null,
            "ipv4_netmask_length": null,
            "ipv6_association_id": "",
            "ipv6_cidr_block": "",
            "ipv6_cidr_block_network_border_group": "",
            "ipv6_ipam_pool_id": "",
            "ipv6_netmask_length": 0,
            "main_route_table_id": "rtb-0f52ea3a3121f340f",
            "owner_id": "273873396060",
            "region": "us-east-1",
            "tags": {
              "Name": "VPC-ellasticache"
            },
            "tags_all": {
              "Name": "VPC-ellasticache"
            }
          },
          "sensitive_attributes": [],
          "private": "eyJzY2hlbWFfdmVyc2lvbiI6IjEifQ=="
        }
      ]
    },
    {
      "mode": "managed",
      "type": "tls_private_key",
      "name": "example",
      "provider": "provider[\"registry.terraform.io/hashicorp/tls\"]",
      "instances": [
        {
          "schema_version": 1,
          "attributes": {
            "algorithm": "RSA",
            "ecdsa_curve": "P224",
            "id": "035fdf196aed0955d08f54b8b8b0aaa42f17494d",
            "private_key_openssh": "-----BEGIN OPENSSH PRIVATE KEY-----\nb3BlbnNzaC1rZXktdjEAAAAABG5vbmUAAAAEbm9uZQAAAAAAAAABAAACFwAAAAdz\nc2gtcnNhAAAAAwEAAQAAAgEAukLORO4xPQ7RouZmcYSll2p7fPnR2VGBT//JmkUv\ngOjGxo3xs7pxJ3rUnXpcIc6RSDJLd3TWTNpdDeF2iXWUHoiFmosnLV8QsyA2tFQl\nAPger5aTnqw0jcdgPo1QxF4CqXYvmORhnrx1/cx5atZT8zWJQoEZntztHATRyXRb\nfI31cObRYlRVKowWZJwgbCOHe2+kwi4hne6sJsgDprxxZyaml23D5cDBjMZkQUMh\nXNjaLszqK6E5QLidqb4KO8BERXoaGP8MBoDqwzuaJgRABS7t4Jcwstmvd+uSG1wu\nVR655fV1iKiy3Vl2expEHFm9poP3llwxokTJ0jUSq4476ShsS5/xlQLxkbbtokBf\nUT+kSkPob9kvur+Rsz0chHG9Fivu8LUeB7cpp+mbGbSPRU2vP3oNF259XRs+eboU\nbDik1R4rYWB9Xveo1VFiOlv02AjFjYH8kGyuFQSycphWwD/CIdHSrngW9TUxJFUH\nUxrdaIW5FdXXYg4apkmGz2JTAW6foHngNrpLmNUX0SCqZBrK9cvN9Dls6ak41rKk\nAvaC6J1whvPz+wl01lF4ygQMhzIYV5qO+nw1WESikWKnLoD6JG/L+ejQbiZE2dGW\nvy+lTTxDTDgka8GRlYP57qtBm18Nkr/ABw69VM3avLylHuMXMDVNdqam3dPkZPqO\nxB0AAAc4mm55nZpueZ0AAAAHc3NoLXJzYQAAAgEAukLORO4xPQ7RouZmcYSll2p7\nfPnR2VGBT//JmkUvgOjGxo3xs7pxJ3rUnXpcIc6RSDJLd3TWTNpdDeF2iXWUHoiF\nmosnLV8QsyA2tFQlAPger5aTnqw0jcdgPo1QxF4CqXYvmORhnrx1/cx5atZT8zWJ\nQoEZntztHATRyXRbfI31cObRYlRVKowWZJwgbCOHe2+kwi4hne6sJsgDprxxZyam\nl23D5cDBjMZkQUMhXNjaLszqK6E5QLidqb4KO8BERXoaGP8MBoDqwzuaJgRABS7t\n4Jcwstmvd+uSG1wuVR655fV1iKiy3Vl2expEHFm9poP3llwxokTJ0jUSq4476Shs\nS5/xlQLxkbbtokBfUT+kSkPob9kvur+Rsz0chHG9Fivu8LUeB7cpp+mbGbSPRU2v\nP3oNF259XRs+eboUbDik1R4rYWB9Xveo1VFiOlv02AjFjYH8kGyuFQSycphWwD/C\nIdHSrngW9TUxJFUHUxrdaIW5FdXXYg4apkmGz2JTAW6foHngNrpLmNUX0SCqZBrK\n9cvN9Dls6ak41rKkAvaC6J1whvPz+wl01lF4ygQMhzIYV5qO+nw1WESikWKnLoD6\nJG/L+ejQbiZE2dGWvy+lTTxDTDgka8GRlYP57qtBm18Nkr/ABw69VM3avLylHuMX\nMDVNdqam3dPkZPqOxB0AAAADAQABAAACAFFp/gs3KiKMJanUl5aq6k6C5rM75zPc\nYm97WL2r3BW2qZwEU0/CAM/G6sRixX6pcetiwIXYdgtlryLwGAYBdNrbxbpFdLxq\nPzxsqjysQvhne9I4ORI0J0yJh1IQJuuORA+abzefK+RccB6dj7zZLhyym+qLz40W\n+DU1DhXGXG7XBh9xZLhcMFXGocscSze5V/DmXdfanisQNgNFjgMFf3Qc+thZzDTS\nykckOJImK6EP0F6AhyLG9+WITLHzNTnk0nKj6mBeqvz0wKjRlpFjbjBV0PhIXarv\nZ7k9KMH4yu+93HfdkKBJTNVf01//nSHfP/xW1pPMfI13D9hoBl8ibqC+B1v9imo9\nEmPcrnrXfDd6OGr3FB+VEL8bRIMyz2zzKVVUBSomexi7S6DavyR46JUpaRSdJC5+\nIo+bjV1RlalUr69Y0F+JYMMOBh+qOEek8nqGXm/J1C7IxT19BhzoKn9VN+O82Zxl\nLGV1YrD3LBVBto5j0pXris5R00v+L4s9Hz9IXRaMWOumxt/AEgpOQtKA5ueRWqgw\nYHkz0A77laQgie3zg+n8Cncbrg7ZjZ2OzHJeNiFw+WNbFksegv6yDGWLfKvP5clg\nlKP4fkg8pBeSuvfD3F5KjvUcNfgcSFtbfGNozmgeJ42xLgsvp7Mjq8yu+a4Opb75\n1Dj5KNrYVtSpAAABAQCa8V11TJhJC5TANr0XJs/EfAC377YjI5Gu4hwKn2phKNVt\n35oM6Boud24fmC4H4QZeonscExthm+jvQankdi7qErMUTvOpr3wrpMIB/T36Bj96\nhX55raMj4z3emEj9Z4JOLr0GKc0t3YRgOr0D+RdqM0RHBiGQ7tf7p0jjWlfqFYgO\nX3erhi0Up1s9HbXSnzJqTsHTurtRnXkQGKv6b6mZQ1AisimOlqROVYY7QY3nD1Xz\njBcy4ZeJGQNpHcJQMVAu+djkJK9NyCraQEtGMrEsnhf4r2Ne8jgu8MHWHTQHi3km\nRUk6GIYLGOmE6ALldytBUBvWX/Uuu0cRrOFh7pq3AAABAQDp7+yDkSd+LUlNNVpf\nqmKFgGTYt2FX2wEzOjAWkhzG6eGp5GZzkdHc8d/mfDoyUqcxtNbpP8Ec4hA26tqW\n6efsOAPWziCCXXajNTqyfKp4wpaVYcp7d9dH/CPTWVNgfos43jpkIfGkn0lcxxD/\nGp4fFB7cG6E8i42BnwbwRltrk77Uk2eZ9f59R9ix6lgPx+pTZIDkILHsL0IF//PR\nTFEodi4F9uedkZmfYr1P0U0iASApinIyTuFpuesoRRFrQ26c4Ltq0FI/kGtYy6av\nY5w2TBpR+uAXEmS2Zg0nY2MhEdFiX+MW7cMjXxDkDiNWtOYd8iDK8AKJtzJXTcCm\nejBHAAABAQDL087LGlku7uua3lZflImT8iBMS/fQM/9Fo2X8v0bGaz/T3GhMwtIL\nS36IEAb9kkQd9b5Iw/Bm8CEsNF8I+Q2UpGc/5U1dBdOSaG+YsfaBW0MIrVzlD07F\nQE0TygdNFVs5jN7A19DEBI+tzY4ywiWNPcR3iwfET5W8dVm8j2wu2OMN5kTWRJ+D\nZSxn3eW7tURkx8XZ4GYTLqmwwkoaHuCz9EGBNMLH27HOr+64uhDxLugJkZAx8Zhh\nPDllYHlTdqChrhGz/A37l6gss0yqlp4mWUQVhHCSROFSBzqg0wgeUsJYLH1E+9cQ\nbArYqytAF5NhjRwRIAtKJSPHo+LSJN57AAAAAAEC\n-----END OPENSSH PRIVATE KEY-----\n",
            "private_key_pem": "-----BEGIN RSA PRIVATE KEY-----\nMIIJKQIBAAKCAgEAukLORO4xPQ7RouZmcYSll2p7fPnR2VGBT//JmkUvgOjGxo3x\ns7pxJ3rUnXpcIc6RSDJLd3TWTNpdDeF2iXWUHoiFmosnLV8QsyA2tFQlAPger5aT\nnqw0jcdgPo1QxF4CqXYvmORhnrx1/cx5atZT8zWJQoEZntztHATRyXRbfI31cObR\nYlRVKowWZJwgbCOHe2+kwi4hne6sJsgDprxxZyaml23D5cDBjMZkQUMhXNjaLszq\nK6E5QLidqb4KO8BERXoaGP8MBoDqwzuaJgRABS7t4Jcwstmvd+uSG1wuVR655fV1\niKiy3Vl2expEHFm9poP3llwxokTJ0jUSq4476ShsS5/xlQLxkbbtokBfUT+kSkPo\nb9kvur+Rsz0chHG9Fivu8LUeB7cpp+mbGbSPRU2vP3oNF259XRs+eboUbDik1R4r\nYWB9Xveo1VFiOlv02AjFjYH8kGyuFQSycphWwD/CIdHSrngW9TUxJFUHUxrdaIW5\nFdXXYg4apkmGz2JTAW6foHngNrpLmNUX0SCqZBrK9cvN9Dls6ak41rKkAvaC6J1w\nhvPz+wl01lF4ygQMhzIYV5qO+nw1WESikWKnLoD6JG/L+ejQbiZE2dGWvy+lTTxD\nTDgka8GRlYP57qtBm18Nkr/ABw69VM3avLylHuMXMDVNdqam3dPkZPqOxB0CAwEA\nAQKCAgBRaf4LNyoijCWp1JeWqupOguazO+cz3GJve1i9q9wVtqmcBFNPwgDPxurE\nYsV+qXHrYsCF2HYLZa8i8BgGAXTa28W6RXS8aj88bKo8rEL4Z3vSODkSNCdMiYdS\nECbrjkQPmm83nyvkXHAenY+82S4cspvqi8+NFvg1NQ4Vxlxu1wYfcWS4XDBVxqHL\nHEs3uVfw5l3X2p4rEDYDRY4DBX90HPrYWcw00spHJDiSJiuhD9BegIcixvfliEyx\n8zU55NJyo+pgXqr89MCo0ZaRY24wVdD4SF2q72e5PSjB+Mrvvdx33ZCgSUzVX9Nf\n/50h3z/8VtaTzHyNdw/YaAZfIm6gvgdb/YpqPRJj3K5613w3ejhq9xQflRC/G0SD\nMs9s8ylVVAUqJnsYu0ug2r8keOiVKWkUnSQufiKPm41dUZWpVK+vWNBfiWDDDgYf\nqjhHpPJ6hl5vydQuyMU9fQYc6Cp/VTfjvNmcZSxldWKw9ywVQbaOY9KV64rOUdNL\n/i+LPR8/SF0WjFjrpsbfwBIKTkLSgObnkVqoMGB5M9AO+5WkIInt84Pp/Ap3G64O\n2Y2djsxyXjYhcPljWxZLHoL+sgxli3yrz+XJYJSj+H5IPKQXkrr3w9xeSo71HDX4\nHEhbW3xjaM5oHieNsS4LL6ezI6vMrvmuDqW++dQ4+Sja2FbUqQKCAQEA6e/sg5En\nfi1JTTVaX6pihYBk2LdhV9sBMzowFpIcxunhqeRmc5HR3PHf5nw6MlKnMbTW6T/B\nHOIQNuralunn7DgD1s4ggl12ozU6snyqeMKWlWHKe3fXR/wj01lTYH6LON46ZCHx\npJ9JXMcQ/xqeHxQe3BuhPIuNgZ8G8EZba5O+1JNnmfX+fUfYsepYD8fqU2SA5CCx\n7C9CBf/z0UxRKHYuBfbnnZGZn2K9T9FNIgEgKYpyMk7habnrKEURa0NunOC7atBS\nP5BrWMumr2OcNkwaUfrgFxJktmYNJ2NjIRHRYl/jFu3DI18Q5A4jVrTmHfIgyvAC\nibcyV03ApnowRwKCAQEAy9POyxpZLu7rmt5WX5SJk/IgTEv30DP/RaNl/L9Gxms/\n09xoTMLSC0t+iBAG/ZJEHfW+SMPwZvAhLDRfCPkNlKRnP+VNXQXTkmhvmLH2gVtD\nCK1c5Q9OxUBNE8oHTRVbOYzewNfQxASPrc2OMsIljT3Ed4sHxE+VvHVZvI9sLtjj\nDeZE1kSfg2UsZ93lu7VEZMfF2eBmEy6psMJKGh7gs/RBgTTCx9uxzq/uuLoQ8S7o\nCZGQMfGYYTw5ZWB5U3agoa4Rs/wN+5eoLLNMqpaeJllEFYRwkkThUgc6oNMIHlLC\nWCx9RPvXEGwK2KsrQBeTYY0cESALSiUjx6Pi0iTeewKCAQB9Ak3D/LQ6895A2Orj\nRjyBlJvPRydIeGqKwmRiG1AvZ1nEnJ220kxwIfyAwQ+kRpC7uiRB3mTGl3MMtbF7\nhaD+lOxQRDQRFfrIujAUoxPBllI7n1dBZUfwWqeWUByC6vxgtjhDu/PSAaCFaIcH\nm2S1vN3ExysBHJ3Qj3d4vFAsC3alR+PL3S1SKyt733uRa0YnrARIY8RQLuy8Igtb\nY8nWslhjrY4VoHGUP4JkfbcXHbzfFfFyOr6v7b7g9Q+a3xzjzh+4s3vQJc+HUsRO\n4w7d4QsLleFb0uNoqN4Ml0qoqEnYpN7IKOPnKezvwTJXKjHx/KpTZ7AjgXbwOkdh\nbtgPAoIBAQCw6Zecu7LaxK8kjYSkkzVSfx6/elSOlwMjO27DEHZqtB4DUlQJBDPx\nb8ZUbKzUnIaZBnnxiHf5sMTqLE6saBb8hDHFyM38Rplbg2ARRa3ymva06lwtyLqT\nBHuiCIGLy1SRwA57jRZ7fIYE0dxxfAfB7vG+3KKSJo2NtMF9o3K/uqpgnxPycj+N\neVwwju3enbfOTYMR1+5hCehpLknJIDHin8fXUKcbdzl+bz+hgIZCAHeQDpL8dnjP\nNMmQj0rfQaCslHxzHvw3+msS2VFa4z5DhMlOb9SRcE2tt+6QNnrebvCWPY9BN+F0\nNIK5iuAQUiYuzp6k0o5Z/aBvoHS39x5PAoIBAQCa8V11TJhJC5TANr0XJs/EfAC3\n77YjI5Gu4hwKn2phKNVt35oM6Boud24fmC4H4QZeonscExthm+jvQankdi7qErMU\nTvOpr3wrpMIB/T36Bj96hX55raMj4z3emEj9Z4JOLr0GKc0t3YRgOr0D+RdqM0RH\nBiGQ7tf7p0jjWlfqFYgOX3erhi0Up1s9HbXSnzJqTsHTurtRnXkQGKv6b6mZQ1Ai\nsimOlqROVYY7QY3nD1XzjBcy4ZeJGQNpHcJQMVAu+djkJK9NyCraQEtGMrEsnhf4\nr2Ne8jgu8MHWHTQHi3kmRUk6GIYLGOmE6ALldytBUBvWX/Uuu0cRrOFh7pq3\n-----END RSA PRIVATE KEY-----\n",
            "private_key_pem_pkcs8": "-----BEGIN PRIVATE KEY-----\nMIIJQwIBADANBgkqhkiG9w0BAQEFAASCCS0wggkpAgEAAoICAQC6Qs5E7jE9DtGi\n5mZxhKWXant8+dHZUYFP/8maRS+A6MbGjfGzunEnetSdelwhzpFIMkt3dNZM2l0N\n4XaJdZQeiIWaiyctXxCzIDa0VCUA+B6vlpOerDSNx2A+jVDEXgKpdi+Y5GGevHX9\nzHlq1lPzNYlCgRme3O0cBNHJdFt8jfVw5tFiVFUqjBZknCBsI4d7b6TCLiGd7qwm\nyAOmvHFnJqaXbcPlwMGMxmRBQyFc2NouzOoroTlAuJ2pvgo7wERFehoY/wwGgOrD\nO5omBEAFLu3glzCy2a9365IbXC5VHrnl9XWIqLLdWXZ7GkQcWb2mg/eWXDGiRMnS\nNRKrjjvpKGxLn/GVAvGRtu2iQF9RP6RKQ+hv2S+6v5GzPRyEcb0WK+7wtR4Htymn\n6ZsZtI9FTa8/eg0Xbn1dGz55uhRsOKTVHithYH1e96jVUWI6W/TYCMWNgfyQbK4V\nBLJymFbAP8Ih0dKueBb1NTEkVQdTGt1ohbkV1ddiDhqmSYbPYlMBbp+geeA2ukuY\n1RfRIKpkGsr1y830OWzpqTjWsqQC9oLonXCG8/P7CXTWUXjKBAyHMhhXmo76fDVY\nRKKRYqcugPokb8v56NBuJkTZ0Za/L6VNPENMOCRrwZGVg/nuq0GbXw2Sv8AHDr1U\nzdq8vKUe4xcwNU12pqbd0+Rk+o7EHQIDAQABAoICAFFp/gs3KiKMJanUl5aq6k6C\n5rM75zPcYm97WL2r3BW2qZwEU0/CAM/G6sRixX6pcetiwIXYdgtlryLwGAYBdNrb\nxbpFdLxqPzxsqjysQvhne9I4ORI0J0yJh1IQJuuORA+abzefK+RccB6dj7zZLhyy\nm+qLz40W+DU1DhXGXG7XBh9xZLhcMFXGocscSze5V/DmXdfanisQNgNFjgMFf3Qc\n+thZzDTSykckOJImK6EP0F6AhyLG9+WITLHzNTnk0nKj6mBeqvz0wKjRlpFjbjBV\n0PhIXarvZ7k9KMH4yu+93HfdkKBJTNVf01//nSHfP/xW1pPMfI13D9hoBl8ibqC+\nB1v9imo9EmPcrnrXfDd6OGr3FB+VEL8bRIMyz2zzKVVUBSomexi7S6DavyR46JUp\naRSdJC5+Io+bjV1RlalUr69Y0F+JYMMOBh+qOEek8nqGXm/J1C7IxT19BhzoKn9V\nN+O82ZxlLGV1YrD3LBVBto5j0pXris5R00v+L4s9Hz9IXRaMWOumxt/AEgpOQtKA\n5ueRWqgwYHkz0A77laQgie3zg+n8Cncbrg7ZjZ2OzHJeNiFw+WNbFksegv6yDGWL\nfKvP5clglKP4fkg8pBeSuvfD3F5KjvUcNfgcSFtbfGNozmgeJ42xLgsvp7Mjq8yu\n+a4Opb751Dj5KNrYVtSpAoIBAQDp7+yDkSd+LUlNNVpfqmKFgGTYt2FX2wEzOjAW\nkhzG6eGp5GZzkdHc8d/mfDoyUqcxtNbpP8Ec4hA26tqW6efsOAPWziCCXXajNTqy\nfKp4wpaVYcp7d9dH/CPTWVNgfos43jpkIfGkn0lcxxD/Gp4fFB7cG6E8i42Bnwbw\nRltrk77Uk2eZ9f59R9ix6lgPx+pTZIDkILHsL0IF//PRTFEodi4F9uedkZmfYr1P\n0U0iASApinIyTuFpuesoRRFrQ26c4Ltq0FI/kGtYy6avY5w2TBpR+uAXEmS2Zg0n\nY2MhEdFiX+MW7cMjXxDkDiNWtOYd8iDK8AKJtzJXTcCmejBHAoIBAQDL087LGlku\n7uua3lZflImT8iBMS/fQM/9Fo2X8v0bGaz/T3GhMwtILS36IEAb9kkQd9b5Iw/Bm\n8CEsNF8I+Q2UpGc/5U1dBdOSaG+YsfaBW0MIrVzlD07FQE0TygdNFVs5jN7A19DE\nBI+tzY4ywiWNPcR3iwfET5W8dVm8j2wu2OMN5kTWRJ+DZSxn3eW7tURkx8XZ4GYT\nLqmwwkoaHuCz9EGBNMLH27HOr+64uhDxLugJkZAx8ZhhPDllYHlTdqChrhGz/A37\nl6gss0yqlp4mWUQVhHCSROFSBzqg0wgeUsJYLH1E+9cQbArYqytAF5NhjRwRIAtK\nJSPHo+LSJN57AoIBAH0CTcP8tDrz3kDY6uNGPIGUm89HJ0h4aorCZGIbUC9nWcSc\nnbbSTHAh/IDBD6RGkLu6JEHeZMaXcwy1sXuFoP6U7FBENBEV+si6MBSjE8GWUjuf\nV0FlR/Bap5ZQHILq/GC2OEO789IBoIVohwebZLW83cTHKwEcndCPd3i8UCwLdqVH\n48vdLVIrK3vfe5FrRiesBEhjxFAu7LwiC1tjydayWGOtjhWgcZQ/gmR9txcdvN8V\n8XI6vq/tvuD1D5rfHOPOH7ize9Alz4dSxE7jDt3hCwuV4VvS42io3gyXSqioSdik\n3sgo4+cp7O/BMlcqMfH8qlNnsCOBdvA6R2Fu2A8CggEBALDpl5y7strErySNhKST\nNVJ/Hr96VI6XAyM7bsMQdmq0HgNSVAkEM/FvxlRsrNSchpkGefGId/mwxOosTqxo\nFvyEMcXIzfxGmVuDYBFFrfKa9rTqXC3IupMEe6IIgYvLVJHADnuNFnt8hgTR3HF8\nB8Hu8b7copImjY20wX2jcr+6qmCfE/JyP415XDCO7d6dt85NgxHX7mEJ6GkuSckg\nMeKfx9dQpxt3OX5vP6GAhkIAd5AOkvx2eM80yZCPSt9BoKyUfHMe/Df6axLZUVrj\nPkOEyU5v1JFwTa237pA2et5u8JY9j0E34XQ0grmK4BBSJi7OnqTSjln9oG+gdLf3\nHk8CggEBAJrxXXVMmEkLlMA2vRcmz8R8ALfvtiMjka7iHAqfamEo1W3fmgzoGi53\nbh+YLgfhBl6iexwTG2Gb6O9BqeR2LuoSsxRO86mvfCukwgH9PfoGP3qFfnmtoyPj\nPd6YSP1ngk4uvQYpzS3dhGA6vQP5F2ozREcGIZDu1/unSONaV+oViA5fd6uGLRSn\nWz0dtdKfMmpOwdO6u1GdeRAYq/pvqZlDUCKyKY6WpE5VhjtBjecPVfOMFzLhl4kZ\nA2kdwlAxUC752OQkr03IKtpAS0YysSyeF/ivY17yOC7wwdYdNAeLeSZFSToYhgsY\n6YToAuV3K0FQG9Zf9S67RxGs4WHumrc=\n-----END PRIVATE KEY-----\n",
            "public_key_fingerprint_md5": "1b:81:ec:68:b7:a5:35:78:6e:00:ab:fe:a8:4f:ab:10",
            "public_key_fingerprint_sha256": "SHA256:1jqIL3tYT+fIiFLJe16LdN36oy+cEX1JtiAcyMbXmI0",
            "public_key_openssh": "ssh-rsa AAAAB3NzaC1yc2EAAAADAQABAAACAQC6Qs5E7jE9DtGi5mZxhKWXant8+dHZUYFP/8maRS+A6MbGjfGzunEnetSdelwhzpFIMkt3dNZM2l0N4XaJdZQeiIWaiyctXxCzIDa0VCUA+B6vlpOerDSNx2A+jVDEXgKpdi+Y5GGevHX9zHlq1lPzNYlCgRme3O0cBNHJdFt8jfVw5tFiVFUqjBZknCBsI4d7b6TCLiGd7qwmyAOmvHFnJqaXbcPlwMGMxmRBQyFc2NouzOoroTlAuJ2pvgo7wERFehoY/wwGgOrDO5omBEAFLu3glzCy2a9365IbXC5VHrnl9XWIqLLdWXZ7GkQcWb2mg/eWXDGiRMnSNRKrjjvpKGxLn/GVAvGRtu2iQF9RP6RKQ+hv2S+6v5GzPRyEcb0WK+7wtR4Htymn6ZsZtI9FTa8/eg0Xbn1dGz55uhRsOKTVHithYH1e96jVUWI6W/TYCMWNgfyQbK4VBLJymFbAP8Ih0dKueBb1NTEkVQdTGt1ohbkV1ddiDhqmSYbPYlMBbp+geeA2ukuY1RfRIKpkGsr1y830OWzpqTjWsqQC9oLonXCG8/P7CXTWUXjKBAyHMhhXmo76fDVYRKKRYqcugPokb8v56NBuJkTZ0Za/L6VNPENMOCRrwZGVg/nuq0GbXw2Sv8AHDr1Uzdq8vKUe4xcwNU12pqbd0+Rk+o7EHQ==\n",
            "public_key_pem": "-----BEGIN PUBLIC KEY-----\nMIICIjANBgkqhkiG9w0BAQEFAAOCAg8AMIICCgKCAgEAukLORO4xPQ7RouZmcYSl\nl2p7fPnR2VGBT//JmkUvgOjGxo3xs7pxJ3rUnXpcIc6RSDJLd3TWTNpdDeF2iXWU\nHoiFmosnLV8QsyA2tFQlAPger5aTnqw0jcdgPo1QxF4CqXYvmORhnrx1/cx5atZT\n8zWJQoEZntztHATRyXRbfI31cObRYlRVKowWZJwgbCOHe2+kwi4hne6sJsgDprxx\nZyaml23D5cDBjMZkQUMhXNjaLszqK6E5QLidqb4KO8BERXoaGP8MBoDqwzuaJgRA\nBS7t4Jcwstmvd+uSG1wuVR655fV1iKiy3Vl2expEHFm9poP3llwxokTJ0jUSq447\n6ShsS5/xlQLxkbbtokBfUT+kSkPob9kvur+Rsz0chHG9Fivu8LUeB7cpp+mbGbSP\nRU2vP3oNF259XRs+eboUbDik1R4rYWB9Xveo1VFiOlv02AjFjYH8kGyuFQSycphW\nwD/CIdHSrngW9TUxJFUHUxrdaIW5FdXXYg4apkmGz2JTAW6foHngNrpLmNUX0SCq\nZBrK9cvN9Dls6ak41rKkAvaC6J1whvPz+wl01lF4ygQMhzIYV5qO+nw1WESikWKn\nLoD6JG/L+ejQbiZE2dGWvy+lTTxDTDgka8GRlYP57qtBm18Nkr/ABw69VM3avLyl\nHuMXMDVNdqam3dPkZPqOxB0CAwEAAQ==\n-----END PUBLIC KEY-----\n",
            "rsa_bits": 4096
          },
          "sensitive_attributes": [
            [
              {
                "type": "get_attr",
                "value": "private_key_openssh"
              }
            ],
            [
              {
                "type": "get_attr",
                "value": "private_key_pem_pkcs8"
              }
            ],
            [
              {
                "type": "get_attr",
                "value": "private_key_pem"
              }
            ]
          ]
        }
      ]
    }
  ],
  "check_results": null
}
