{
  "version": 4,
  "terraform_version": "1.11.4",
  "serial": 397,
  "lineage": "49c46754-6e87-718d-6e65-d7da398adc1b",
  "outputs": {
    "key": {
      "value": "ssh-rsa AAAAB3NzaC1yc2EAAAADAQABAAACAQCjna6343RxwN3biWcc6PgMWlwQK0FzE8tk2b/UpPTwsB8GhxKaVUZzcnBmwLuf+pRuSEQT/a5qb+sbLalXkQj3QjlAZVWzxeRAteGt6JuWqM3gmHzyxbk4c63qCLKTv5yti4BYlWRvIY9uAEzMqUE+x2Ioqaoyc/SEDCz/clOohryemtyEpNDN16ehwnUaUAbJQttq0GBYz6Oyw0NgctvzPUp83b6yOjvxKDu9V2eQmC31kWyvqNZS9S7CvnxzHyoTQ9xYGyJvAtGlKvQdvNI7xQ+dDrWHp5f2vt5/b0trAaab1IXWyXGb+4+RCFjtJKxi0CQFpirwtpcO/6Itruj8Bk1WgjnPf7gRkJzIlAcV5EyFUpLDEcZ8fNZ7P/X8c63m2hy9glioXkcANVY+KR7s3e5Vyp9/Zpn1w/hOH/iQERj3IUyzfNMNMC7OepOqkTo0OUiaGa21D3jvJU5W4B+jMnMhTyt5ELBKQf0Od/GPqM8NB2sziktWrVtCOcvCMblI887nl5JwrX0bqjN0ZXf7v01B3tMXchl3wd1MMuEdZ5iQ6DLvrCrg/ld5SkfS2K/kUgX6rBt3dQ1wx+QrbYEJ+EaO0Ilz8Kc7BmshHBmUabf0w2wgkPBBWY+JlKnAAlwPj91iBpToZVfqfaiKLLQ4D0h8apV2jwKmTEacTfMQuw==",
      "type": "string"
    }
  },
  "resources": [
    {
      "mode": "managed",
      "type": "aws_db_instance",
      "name": "Postgres123",
      "provider": "provider[\"registry.terraform.io/hashicorp/aws\"]",
      "instances": [
        {
          "schema_version": 2,
          "attributes": {
            "address": "rdsdb.cafwg46ao5kx.us-east-1.rds.amazonaws.com",
            "allocated_storage": 20,
            "allow_major_version_upgrade": null,
            "apply_immediately": false,
            "arn": "arn:aws:rds:us-east-1:273873396060:db:rdsdb",
            "auto_minor_version_upgrade": true,
            "availability_zone": "us-east-1b",
            "backup_retention_period": 0,
            "backup_target": "region",
            "backup_window": "06:06-06:36",
            "blue_green_update": [],
            "ca_cert_identifier": "rds-ca-rsa2048-g1",
            "character_set_name": "",
            "copy_tags_to_snapshot": false,
            "custom_iam_instance_profile": "",
            "customer_owned_ip_enabled": false,
            "database_insights_mode": "standard",
            "db_name": "aws",
            "db_subnet_group_name": "terraform-20250828032135541700000002",
            "dedicated_log_volume": false,
            "delete_automated_backups": true,
            "deletion_protection": false,
            "domain": "",
            "domain_auth_secret_arn": "",
            "domain_dns_ips": [],
            "domain_fqdn": "",
            "domain_iam_role_name": "",
            "domain_ou": "",
            "enabled_cloudwatch_logs_exports": [],
            "endpoint": "rdsdb.cafwg46ao5kx.us-east-1.rds.amazonaws.com:5432",
            "engine": "postgres",
            "engine_lifecycle_support": "open-source-rds-extended-support",
            "engine_version": "17.4",
            "engine_version_actual": "17.4",
            "final_snapshot_identifier": null,
            "hosted_zone_id": "Z2R2ITUGPM61AM",
            "iam_database_authentication_enabled": false,
            "id": "db-3ESUCYMUEWKWBKDAXKNUV2CJK4",
            "identifier": "rdsdb",
            "identifier_prefix": "",
            "instance_class": "db.t4g.micro",
            "iops": 0,
            "kms_key_id": "",
            "latest_restorable_time": "",
            "license_model": "postgresql-license",
            "listener_endpoint": [],
            "maintenance_window": "fri:08:56-fri:09:26",
            "manage_master_user_password": null,
            "master_user_secret": [],
            "master_user_secret_kms_key_id": null,
            "max_allocated_storage": 0,
            "monitoring_interval": 0,
            "monitoring_role_arn": "",
            "multi_az": true,
            "nchar_character_set_name": "",
            "network_type": "IPV4",
            "option_group_name": "default:postgres-17",
            "parameter_group_name": "default.postgres17",
            "password": "password123",
            "password_wo": null,
            "password_wo_version": null,
            "performance_insights_enabled": false,
            "performance_insights_kms_key_id": "",
            "performance_insights_retention_period": 0,
            "port": 5432,
            "publicly_accessible": false,
            "replica_mode": "",
            "replicas": [],
            "replicate_source_db": "",
            "resource_id": "db-3ESUCYMUEWKWBKDAXKNUV2CJK4",
            "restore_to_point_in_time": [],
            "s3_import": [],
            "skip_final_snapshot": true,
            "snapshot_identifier": null,
            "status": "available",
            "storage_encrypted": false,
            "storage_throughput": 0,
            "storage_type": "gp2",
            "tags": {
              "Name": "MyPostgresInstance"
            },
            "tags_all": {
              "Name": "MyPostgresInstance"
            },
            "timeouts": null,
            "timezone": "",
            "upgrade_storage_config": null,
            "username": "Omkar",
            "vpc_security_group_ids": [
              "sg-074c56e612dd28667"
            ]
          },
          "sensitive_attributes": [
            [
              {
                "type": "get_attr",
                "value": "password"
              }
            ],
            [
              {
                "type": "get_attr",
                "value": "password_wo"
              }
            ]
          ],
          "private": "eyJlMmJmYjczMC1lY2FhLTExZTYtOGY4OC0zNDM2M2JjN2M0YzAiOnsiY3JlYXRlIjozMDAwMDAwMDAwMDAwLCJkZWxldGUiOjM2MDAwMDAwMDAwMDAsInVwZGF0ZSI6NDgwMDAwMDAwMDAwMH0sInNjaGVtYV92ZXJzaW9uIjoiMiJ9",
          "dependencies": [
            "aws_db_subnet_group.subnet-grp",
            "aws_security_group.SG",
            "aws_security_group.rds-sg",
            "aws_subnet.Private-subnet1",
            "aws_subnet.Private-subnet2",
            "aws_vpc.RDS-VPC"
          ]
        }
      ]
    },
    {
      "mode": "managed",
      "type": "aws_db_subnet_group",
      "name": "subnet-grp",
      "provider": "provider[\"registry.terraform.io/hashicorp/aws\"]",
      "instances": [
        {
          "schema_version": 0,
          "attributes": {
            "arn": "arn:aws:rds:us-east-1:273873396060:subgrp:terraform-20250828032135541700000002",
            "description": "Managed by Terraform",
            "id": "terraform-20250828032135541700000002",
            "name": "terraform-20250828032135541700000002",
            "name_prefix": "terraform-",
            "subnet_ids": [
              "subnet-01afb5b08cc222c97",
              "subnet-0aecbec28a151ddac"
            ],
            "supported_network_types": [
              "IPV4"
            ],
            "tags": {
              "Name": "subnet-grp"
            },
            "tags_all": {
              "Name": "subnet-grp"
            },
            "vpc_id": "vpc-0ed7c270413bb1863"
          },
          "sensitive_attributes": [],
          "private": "bnVsbA==",
          "dependencies": [
            "aws_subnet.Private-subnet1",
            "aws_subnet.Private-subnet2",
            "aws_vpc.RDS-VPC"
          ]
        }
      ]
    },
    {
      "mode": "managed",
      "type": "aws_eip",
      "name": "eip1",
      "provider": "provider[\"registry.terraform.io/hashicorp/aws\"]",
      "instances": [
        {
          "schema_version": 0,
          "attributes": {
            "address": null,
            "allocation_id": "eipalloc-041529e45aa84df56",
            "arn": "arn:aws:ec2:us-east-1:273873396060:elastic-ip/eipalloc-041529e45aa84df56",
            "associate_with_private_ip": null,
            "association_id": "eipassoc-083c3e4d5019a21d6",
            "carrier_ip": "",
            "customer_owned_ip": "",
            "customer_owned_ipv4_pool": "",
            "domain": "vpc",
            "id": "eipalloc-041529e45aa84df56",
            "instance": "",
            "ipam_pool_id": null,
            "network_border_group": "us-east-1",
            "network_interface": "eni-09ec0f450b28e8e52",
            "private_dns": "ip-10-0-1-211.ec2.internal",
            "private_ip": "10.0.1.211",
            "ptr_record": "",
            "public_dns": "ec2-44-206-96-113.compute-1.amazonaws.com",
            "public_ip": "44.206.96.113",
            "public_ipv4_pool": "amazon",
            "tags": {
              "Name": "RDS-eip"
            },
            "tags_all": {
              "Name": "RDS-eip"
            },
            "timeouts": null,
            "vpc": true
          },
          "sensitive_attributes": [],
          "private": "eyJlMmJmYjczMC1lY2FhLTExZTYtOGY4OC0zNDM2M2JjN2M0YzAiOnsiZGVsZXRlIjoxODAwMDAwMDAwMDAsInJlYWQiOjkwMDAwMDAwMDAwMCwidXBkYXRlIjozMDAwMDAwMDAwMDB9fQ=="
        }
      ]
    },
    {
      "mode": "managed",
      "type": "aws_instance",
      "name": "ec2-normal",
      "provider": "provider[\"registry.terraform.io/hashicorp/aws\"]",
      "instances": [
        {
          "schema_version": 1,
          "attributes": {
            "ami": "ami-084568db4383264d4",
            "arn": "arn:aws:ec2:us-east-1:273873396060:instance/i-09f3ce6ac80f88ece",
            "associate_public_ip_address": true,
            "availability_zone": "us-east-1b",
            "capacity_reservation_specification": [
              {
                "capacity_reservation_preference": "open",
                "capacity_reservation_target": []
              }
            ],
            "cpu_core_count": 1,
            "cpu_options": [
              {
                "amd_sev_snp": "",
                "core_count": 1,
                "threads_per_core": 1
              }
            ],
            "cpu_threads_per_core": 1,
            "credit_specification": [
              {
                "cpu_credits": "standard"
              }
            ],
            "disable_api_stop": false,
            "disable_api_termination": false,
            "ebs_block_device": [],
            "ebs_optimized": false,
            "enable_primary_ipv6": null,
            "enclave_options": [
              {
                "enabled": false
              }
            ],
            "ephemeral_block_device": [],
            "get_password_data": false,
            "hibernation": false,
            "host_id": "",
            "host_resource_group_arn": null,
            "iam_instance_profile": "",
            "id": "i-09f3ce6ac80f88ece",
            "instance_initiated_shutdown_behavior": "stop",
            "instance_lifecycle": "",
            "instance_market_options": [],
            "instance_state": "running",
            "instance_type": "t2.micro",
            "ipv6_address_count": 0,
            "ipv6_addresses": [],
            "key_name": "example-key",
            "launch_template": [],
            "maintenance_options": [
              {
                "auto_recovery": "default"
              }
            ],
            "metadata_options": [
              {
                "http_endpoint": "enabled",
                "http_protocol_ipv6": "disabled",
                "http_put_response_hop_limit": 2,
                "http_tokens": "required",
                "instance_metadata_tags": "disabled"
              }
            ],
            "monitoring": false,
            "network_interface": [],
            "outpost_arn": "",
            "password_data": "",
            "placement_group": "",
            "placement_partition_number": 0,
            "primary_network_interface_id": "eni-06638b7ceb1f81b9e",
            "private_dns": "ip-10-0-1-90.ec2.internal",
            "private_dns_name_options": [
              {
                "enable_resource_name_dns_a_record": false,
                "enable_resource_name_dns_aaaa_record": false,
                "hostname_type": "ip-name"
              }
            ],
            "private_ip": "10.0.1.90",
            "public_dns": "ec2-13-223-99-141.compute-1.amazonaws.com",
            "public_ip": "13.223.99.141",
            "root_block_device": [
              {
                "delete_on_termination": true,
                "device_name": "/dev/sda1",
                "encrypted": false,
                "iops": 3000,
                "kms_key_id": "",
                "tags": {},
                "tags_all": {},
                "throughput": 125,
                "volume_id": "vol-0032bc12e8485f832",
                "volume_size": 8,
                "volume_type": "gp3"
              }
            ],
            "secondary_private_ips": [],
            "security_groups": [
              "sg-07105466b032ab48c"
            ],
            "source_dest_check": true,
            "spot_instance_request_id": "",
            "subnet_id": "subnet-0bb614d8e257cc9ea",
            "tags": {
              "Name": "EC2"
            },
            "tags_all": {
              "Name": "EC2"
            },
            "tenancy": "default",
            "timeouts": null,
            "user_data": null,
            "user_data_base64": null,
            "user_data_replace_on_change": false,
            "volume_tags": null,
            "vpc_security_group_ids": [
              "sg-07105466b032ab48c"
            ]
          },
          "sensitive_attributes": [],
          "private": "eyJlMmJmYjczMC1lY2FhLTExZTYtOGY4OC0zNDM2M2JjN2M0YzAiOnsiY3JlYXRlIjo2MDAwMDAwMDAwMDAsImRlbGV0ZSI6MTIwMDAwMDAwMDAwMCwicmVhZCI6OTAwMDAwMDAwMDAwLCJ1cGRhdGUiOjYwMDAwMDAwMDAwMH0sInNjaGVtYV92ZXJzaW9uIjoiMSJ9",
          "dependencies": [
            "aws_key_pair.example",
            "aws_security_group.SG",
            "aws_subnet.Pub-subnet",
            "aws_vpc.RDS-VPC",
            "tls_private_key.example"
          ]
        }
      ]
    },
    {
      "mode": "managed",
      "type": "aws_internet_gateway",
      "name": "internet-gtw",
      "provider": "provider[\"registry.terraform.io/hashicorp/aws\"]",
      "instances": [
        {
          "schema_version": 0,
          "attributes": {
            "arn": "arn:aws:ec2:us-east-1:273873396060:internet-gateway/igw-0d0d6b5af5cc9f87b",
            "id": "igw-0d0d6b5af5cc9f87b",
            "owner_id": "273873396060",
            "tags": {
              "Name": "Internet-gtw1"
            },
            "tags_all": {
              "Name": "Internet-gtw1"
            },
            "timeouts": null,
            "vpc_id": "vpc-0ed7c270413bb1863"
          },
          "sensitive_attributes": [],
          "private": "eyJlMmJmYjczMC1lY2FhLTExZTYtOGY4OC0zNDM2M2JjN2M0YzAiOnsiY3JlYXRlIjoxMjAwMDAwMDAwMDAwLCJkZWxldGUiOjEyMDAwMDAwMDAwMDAsInVwZGF0ZSI6MTIwMDAwMDAwMDAwMH19",
          "dependencies": [
            "aws_vpc.RDS-VPC"
          ]
        }
      ]
    },
    {
      "mode": "managed",
      "type": "aws_key_pair",
      "name": "example",
      "provider": "provider[\"registry.terraform.io/hashicorp/aws\"]",
      "instances": [
        {
          "schema_version": 1,
          "attributes": {
            "arn": "arn:aws:ec2:us-east-1:273873396060:key-pair/example-key",
            "fingerprint": "65:1f:d8:ca:da:3d:82:6b:23:ed:4f:97:6b:54:41:5c",
            "id": "example-key",
            "key_name": "example-key",
            "key_name_prefix": "",
            "key_pair_id": "key-095bff52fdb3e0504",
            "key_type": "rsa",
            "public_key": "ssh-rsa AAAAB3NzaC1yc2EAAAADAQABAAACAQCjna6343RxwN3biWcc6PgMWlwQK0FzE8tk2b/UpPTwsB8GhxKaVUZzcnBmwLuf+pRuSEQT/a5qb+sbLalXkQj3QjlAZVWzxeRAteGt6JuWqM3gmHzyxbk4c63qCLKTv5yti4BYlWRvIY9uAEzMqUE+x2Ioqaoyc/SEDCz/clOohryemtyEpNDN16ehwnUaUAbJQttq0GBYz6Oyw0NgctvzPUp83b6yOjvxKDu9V2eQmC31kWyvqNZS9S7CvnxzHyoTQ9xYGyJvAtGlKvQdvNI7xQ+dDrWHp5f2vt5/b0trAaab1IXWyXGb+4+RCFjtJKxi0CQFpirwtpcO/6Itruj8Bk1WgjnPf7gRkJzIlAcV5EyFUpLDEcZ8fNZ7P/X8c63m2hy9glioXkcANVY+KR7s3e5Vyp9/Zpn1w/hOH/iQERj3IUyzfNMNMC7OepOqkTo0OUiaGa21D3jvJU5W4B+jMnMhTyt5ELBKQf0Od/GPqM8NB2sziktWrVtCOcvCMblI887nl5JwrX0bqjN0ZXf7v01B3tMXchl3wd1MMuEdZ5iQ6DLvrCrg/ld5SkfS2K/kUgX6rBt3dQ1wx+QrbYEJ+EaO0Ilz8Kc7BmshHBmUabf0w2wgkPBBWY+JlKnAAlwPj91iBpToZVfqfaiKLLQ4D0h8apV2jwKmTEacTfMQuw==",
            "tags": {},
            "tags_all": {}
          },
          "sensitive_attributes": [],
          "private": "eyJzY2hlbWFfdmVyc2lvbiI6IjEifQ==",
          "dependencies": [
            "tls_private_key.example"
          ]
        }
      ]
    },
    {
      "mode": "managed",
      "type": "aws_nat_gateway",
      "name": "NAT-gtw",
      "provider": "provider[\"registry.terraform.io/hashicorp/aws\"]",
      "instances": [
        {
          "schema_version": 0,
          "attributes": {
            "allocation_id": "eipalloc-041529e45aa84df56",
            "association_id": "eipassoc-083c3e4d5019a21d6",
            "connectivity_type": "public",
            "id": "nat-0de55322a21c48971",
            "network_interface_id": "eni-09ec0f450b28e8e52",
            "private_ip": "10.0.1.211",
            "public_ip": "44.206.96.113",
            "secondary_allocation_ids": [],
            "secondary_private_ip_address_count": 0,
            "secondary_private_ip_addresses": [],
            "subnet_id": "subnet-0bb614d8e257cc9ea",
            "tags": {
              "Name": "Nat-Gateway"
            },
            "tags_all": {
              "Name": "Nat-Gateway"
            },
            "timeouts": null
          },
          "sensitive_attributes": [],
          "private": "eyJlMmJmYjczMC1lY2FhLTExZTYtOGY4OC0zNDM2M2JjN2M0YzAiOnsiY3JlYXRlIjo2MDAwMDAwMDAwMDAsImRlbGV0ZSI6MTgwMDAwMDAwMDAwMCwidXBkYXRlIjo2MDAwMDAwMDAwMDB9fQ==",
          "dependencies": [
            "aws_eip.eip1",
            "aws_internet_gateway.internet-gtw",
            "aws_subnet.Pub-subnet",
            "aws_vpc.RDS-VPC"
          ]
        }
      ]
    },
    {
      "mode": "managed",
      "type": "aws_route_table",
      "name": "Private-RT",
      "provider": "provider[\"registry.terraform.io/hashicorp/aws\"]",
      "instances": [
        {
          "schema_version": 0,
          "attributes": {
            "arn": "arn:aws:ec2:us-east-1:273873396060:route-table/rtb-07f853e8341e9903e",
            "id": "rtb-07f853e8341e9903e",
            "owner_id": "273873396060",
            "propagating_vgws": [],
            "route": [
              {
                "carrier_gateway_id": "",
                "cidr_block": "0.0.0.0/0",
                "core_network_arn": "",
                "destination_prefix_list_id": "",
                "egress_only_gateway_id": "",
                "gateway_id": "nat-0de55322a21c48971",
                "ipv6_cidr_block": "",
                "local_gateway_id": "",
                "nat_gateway_id": "",
                "network_interface_id": "",
                "transit_gateway_id": "",
                "vpc_endpoint_id": "",
                "vpc_peering_connection_id": ""
              }
            ],
            "tags": {
              "Name": "Private-RT"
            },
            "tags_all": {
              "Name": "Private-RT"
            },
            "timeouts": null,
            "vpc_id": "vpc-0ed7c270413bb1863"
          },
          "sensitive_attributes": [],
          "private": "eyJlMmJmYjczMC1lY2FhLTExZTYtOGY4OC0zNDM2M2JjN2M0YzAiOnsiY3JlYXRlIjozMDAwMDAwMDAwMDAsImRlbGV0ZSI6MzAwMDAwMDAwMDAwLCJ1cGRhdGUiOjEyMDAwMDAwMDAwMH19",
          "dependencies": [
            "aws_eip.eip1",
            "aws_internet_gateway.internet-gtw",
            "aws_nat_gateway.NAT-gtw",
            "aws_subnet.Pub-subnet",
            "aws_vpc.RDS-VPC"
          ]
        }
      ]
    },
    {
      "mode": "managed",
      "type": "aws_route_table",
      "name": "Public-RT",
      "provider": "provider[\"registry.terraform.io/hashicorp/aws\"]",
      "instances": [
        {
          "schema_version": 0,
          "attributes": {
            "arn": "arn:aws:ec2:us-east-1:273873396060:route-table/rtb-0c9cae46696603686",
            "id": "rtb-0c9cae46696603686",
            "owner_id": "273873396060",
            "propagating_vgws": [],
            "route": [
              {
                "carrier_gateway_id": "",
                "cidr_block": "0.0.0.0/0",
                "core_network_arn": "",
                "destination_prefix_list_id": "",
                "egress_only_gateway_id": "",
                "gateway_id": "igw-0d0d6b5af5cc9f87b",
                "ipv6_cidr_block": "",
                "local_gateway_id": "",
                "nat_gateway_id": "",
                "network_interface_id": "",
                "transit_gateway_id": "",
                "vpc_endpoint_id": "",
                "vpc_peering_connection_id": ""
              }
            ],
            "tags": {
              "Name": "Public-RT"
            },
            "tags_all": {
              "Name": "Public-RT"
            },
            "timeouts": null,
            "vpc_id": "vpc-0ed7c270413bb1863"
          },
          "sensitive_attributes": [],
          "private": "eyJlMmJmYjczMC1lY2FhLTExZTYtOGY4OC0zNDM2M2JjN2M0YzAiOnsiY3JlYXRlIjozMDAwMDAwMDAwMDAsImRlbGV0ZSI6MzAwMDAwMDAwMDAwLCJ1cGRhdGUiOjEyMDAwMDAwMDAwMH19",
          "dependencies": [
            "aws_internet_gateway.internet-gtw",
            "aws_vpc.RDS-VPC"
          ]
        }
      ]
    },
    {
      "mode": "managed",
      "type": "aws_route_table_association",
      "name": "Pub-ass",
      "provider": "provider[\"registry.terraform.io/hashicorp/aws\"]",
      "instances": [
        {
          "schema_version": 0,
          "attributes": {
            "gateway_id": "",
            "id": "rtbassoc-030e72bedf16e2268",
            "route_table_id": "rtb-0c9cae46696603686",
            "subnet_id": "subnet-0bb614d8e257cc9ea",
            "timeouts": null
          },
          "sensitive_attributes": [],
          "private": "eyJlMmJmYjczMC1lY2FhLTExZTYtOGY4OC0zNDM2M2JjN2M0YzAiOnsiY3JlYXRlIjozMDAwMDAwMDAwMDAsImRlbGV0ZSI6MzAwMDAwMDAwMDAwLCJ1cGRhdGUiOjEyMDAwMDAwMDAwMH19",
          "dependencies": [
            "aws_internet_gateway.internet-gtw",
            "aws_route_table.Public-RT",
            "aws_subnet.Pub-subnet",
            "aws_vpc.RDS-VPC"
          ]
        }
      ]
    },
    {
      "mode": "managed",
      "type": "aws_route_table_association",
      "name": "private-ass1",
      "provider": "provider[\"registry.terraform.io/hashicorp/aws\"]",
      "instances": [
        {
          "schema_version": 0,
          "attributes": {
            "gateway_id": "",
            "id": "rtbassoc-08424ee3959879610",
            "route_table_id": "rtb-07f853e8341e9903e",
            "subnet_id": "subnet-0aecbec28a151ddac",
            "timeouts": null
          },
          "sensitive_attributes": [],
          "private": "eyJlMmJmYjczMC1lY2FhLTExZTYtOGY4OC0zNDM2M2JjN2M0YzAiOnsiY3JlYXRlIjozMDAwMDAwMDAwMDAsImRlbGV0ZSI6MzAwMDAwMDAwMDAwLCJ1cGRhdGUiOjEyMDAwMDAwMDAwMH19",
          "dependencies": [
            "aws_eip.eip1",
            "aws_internet_gateway.internet-gtw",
            "aws_nat_gateway.NAT-gtw",
            "aws_route_table.Private-RT",
            "aws_subnet.Private-subnet1",
            "aws_subnet.Pub-subnet",
            "aws_vpc.RDS-VPC"
          ]
        }
      ]
    },
    {
      "mode": "managed",
      "type": "aws_route_table_association",
      "name": "private-ass2",
      "provider": "provider[\"registry.terraform.io/hashicorp/aws\"]",
      "instances": [
        {
          "schema_version": 0,
          "attributes": {
            "gateway_id": "",
            "id": "rtbassoc-0af70eb41726eaa03",
            "route_table_id": "rtb-07f853e8341e9903e",
            "subnet_id": "subnet-01afb5b08cc222c97",
            "timeouts": null
          },
          "sensitive_attributes": [],
          "private": "eyJlMmJmYjczMC1lY2FhLTExZTYtOGY4OC0zNDM2M2JjN2M0YzAiOnsiY3JlYXRlIjozMDAwMDAwMDAwMDAsImRlbGV0ZSI6MzAwMDAwMDAwMDAwLCJ1cGRhdGUiOjEyMDAwMDAwMDAwMH19",
          "dependencies": [
            "aws_eip.eip1",
            "aws_internet_gateway.internet-gtw",
            "aws_nat_gateway.NAT-gtw",
            "aws_route_table.Private-RT",
            "aws_subnet.Private-subnet2",
            "aws_subnet.Pub-subnet",
            "aws_vpc.RDS-VPC"
          ]
        }
      ]
    },
    {
      "mode": "managed",
      "type": "aws_security_group",
      "name": "SG",
      "provider": "provider[\"registry.terraform.io/hashicorp/aws\"]",
      "instances": [
        {
          "schema_version": 1,
          "attributes": {
            "arn": "arn:aws:ec2:us-east-1:273873396060:security-group/sg-07105466b032ab48c",
            "description": "Managed by Terraform",
            "egress": [
              {
                "cidr_blocks": [
                  "0.0.0.0/0"
                ],
                "description": "",
                "from_port": 0,
                "ipv6_cidr_blocks": [],
                "prefix_list_ids": [],
                "protocol": "-1",
                "security_groups": [],
                "self": false,
                "to_port": 0
              }
            ],
            "id": "sg-07105466b032ab48c",
            "ingress": [
              {
                "cidr_blocks": [
                  "0.0.0.0/0"
                ],
                "description": "",
                "from_port": 22,
                "ipv6_cidr_blocks": [],
                "prefix_list_ids": [],
                "protocol": "tcp",
                "security_groups": [],
                "self": false,
                "to_port": 22
              }
            ],
            "name": "terraform-20250828032133847700000001",
            "name_prefix": "terraform-",
            "owner_id": "273873396060",
            "revoke_rules_on_delete": false,
            "tags": {
              "Name": "security-grp"
            },
            "tags_all": {
              "Name": "security-grp"
            },
            "timeouts": null,
            "vpc_id": "vpc-0ed7c270413bb1863"
          },
          "sensitive_attributes": [],
          "private": "eyJlMmJmYjczMC1lY2FhLTExZTYtOGY4OC0zNDM2M2JjN2M0YzAiOnsiY3JlYXRlIjo2MDAwMDAwMDAwMDAsImRlbGV0ZSI6OTAwMDAwMDAwMDAwfSwic2NoZW1hX3ZlcnNpb24iOiIxIn0=",
          "dependencies": [
            "aws_vpc.RDS-VPC"
          ]
        }
      ]
    },
    {
      "mode": "managed",
      "type": "aws_security_group",
      "name": "rds-sg",
      "provider": "provider[\"registry.terraform.io/hashicorp/aws\"]",
      "instances": [
        {
          "schema_version": 1,
          "attributes": {
            "arn": "arn:aws:ec2:us-east-1:273873396060:security-group/sg-074c56e612dd28667",
            "description": "Managed by Terraform",
            "egress": [
              {
                "cidr_blocks": [
                  "0.0.0.0/0"
                ],
                "description": "",
                "from_port": 0,
                "ipv6_cidr_blocks": [],
                "prefix_list_ids": [],
                "protocol": "-1",
                "security_groups": [],
                "self": false,
                "to_port": 0
              }
            ],
            "id": "sg-074c56e612dd28667",
            "ingress": [
              {
                "cidr_blocks": [],
                "description": "Allow PostgreSQL from EC2 SG",
                "from_port": 5432,
                "ipv6_cidr_blocks": [],
                "prefix_list_ids": [],
                "protocol": "tcp",
                "security_groups": [
                  "sg-07105466b032ab48c"
                ],
                "self": false,
                "to_port": 5432
              }
            ],
            "name": "terraform-20250828032139639200000004",
            "name_prefix": "terraform-",
            "owner_id": "273873396060",
            "revoke_rules_on_delete": false,
            "tags": {
              "Name": "security-grp-rds"
            },
            "tags_all": {
              "Name": "security-grp-rds"
            },
            "timeouts": null,
            "vpc_id": "vpc-0ed7c270413bb1863"
          },
          "sensitive_attributes": [],
          "private": "eyJlMmJmYjczMC1lY2FhLTExZTYtOGY4OC0zNDM2M2JjN2M0YzAiOnsiY3JlYXRlIjo2MDAwMDAwMDAwMDAsImRlbGV0ZSI6OTAwMDAwMDAwMDAwfSwic2NoZW1hX3ZlcnNpb24iOiIxIn0=",
          "dependencies": [
            "aws_security_group.SG",
            "aws_vpc.RDS-VPC"
          ]
        }
      ]
    },
    {
      "mode": "managed",
      "type": "aws_subnet",
      "name": "Private-subnet1",
      "provider": "provider[\"registry.terraform.io/hashicorp/aws\"]",
      "instances": [
        {
          "schema_version": 1,
          "attributes": {
            "arn": "arn:aws:ec2:us-east-1:273873396060:subnet/subnet-0aecbec28a151ddac",
            "assign_ipv6_address_on_creation": false,
            "availability_zone": "us-east-1b",
            "availability_zone_id": "use1-az1",
            "cidr_block": "10.0.2.0/24",
            "customer_owned_ipv4_pool": "",
            "enable_dns64": false,
            "enable_lni_at_device_index": 0,
            "enable_resource_name_dns_a_record_on_launch": false,
            "enable_resource_name_dns_aaaa_record_on_launch": false,
            "id": "subnet-0aecbec28a151ddac",
            "ipv6_cidr_block": "",
            "ipv6_cidr_block_association_id": "",
            "ipv6_native": false,
            "map_customer_owned_ip_on_launch": false,
            "map_public_ip_on_launch": false,
            "outpost_arn": "",
            "owner_id": "273873396060",
            "private_dns_hostname_type_on_launch": "ip-name",
            "tags": {
              "Name": "Private-subnet1"
            },
            "tags_all": {
              "Name": "Private-subnet1"
            },
            "timeouts": null,
            "vpc_id": "vpc-0ed7c270413bb1863"
          },
          "sensitive_attributes": [],
          "private": "eyJlMmJmYjczMC1lY2FhLTExZTYtOGY4OC0zNDM2M2JjN2M0YzAiOnsiY3JlYXRlIjo2MDAwMDAwMDAwMDAsImRlbGV0ZSI6MTIwMDAwMDAwMDAwMH0sInNjaGVtYV92ZXJzaW9uIjoiMSJ9",
          "dependencies": [
            "aws_vpc.RDS-VPC"
          ]
        }
      ]
    },
    {
      "mode": "managed",
      "type": "aws_subnet",
      "name": "Private-subnet2",
      "provider": "provider[\"registry.terraform.io/hashicorp/aws\"]",
      "instances": [
        {
          "schema_version": 1,
          "attributes": {
            "arn": "arn:aws:ec2:us-east-1:273873396060:subnet/subnet-01afb5b08cc222c97",
            "assign_ipv6_address_on_creation": false,
            "availability_zone": "us-east-1c",
            "availability_zone_id": "use1-az2",
            "cidr_block": "10.0.3.0/24",
            "customer_owned_ipv4_pool": "",
            "enable_dns64": false,
            "enable_lni_at_device_index": 0,
            "enable_resource_name_dns_a_record_on_launch": false,
            "enable_resource_name_dns_aaaa_record_on_launch": false,
            "id": "subnet-01afb5b08cc222c97",
            "ipv6_cidr_block": "",
            "ipv6_cidr_block_association_id": "",
            "ipv6_native": false,
            "map_customer_owned_ip_on_launch": false,
            "map_public_ip_on_launch": false,
            "outpost_arn": "",
            "owner_id": "273873396060",
            "private_dns_hostname_type_on_launch": "ip-name",
            "tags": {
              "Name": "Private-subnet2"
            },
            "tags_all": {
              "Name": "Private-subnet2"
            },
            "timeouts": null,
            "vpc_id": "vpc-0ed7c270413bb1863"
          },
          "sensitive_attributes": [],
          "private": "eyJlMmJmYjczMC1lY2FhLTExZTYtOGY4OC0zNDM2M2JjN2M0YzAiOnsiY3JlYXRlIjo2MDAwMDAwMDAwMDAsImRlbGV0ZSI6MTIwMDAwMDAwMDAwMH0sInNjaGVtYV92ZXJzaW9uIjoiMSJ9",
          "dependencies": [
            "aws_vpc.RDS-VPC"
          ]
        }
      ]
    },
    {
      "mode": "managed",
      "type": "aws_subnet",
      "name": "Pub-subnet",
      "provider": "provider[\"registry.terraform.io/hashicorp/aws\"]",
      "instances": [
        {
          "schema_version": 1,
          "attributes": {
            "arn": "arn:aws:ec2:us-east-1:273873396060:subnet/subnet-0bb614d8e257cc9ea",
            "assign_ipv6_address_on_creation": false,
            "availability_zone": "us-east-1b",
            "availability_zone_id": "use1-az1",
            "cidr_block": "10.0.1.0/24",
            "customer_owned_ipv4_pool": "",
            "enable_dns64": false,
            "enable_lni_at_device_index": 0,
            "enable_resource_name_dns_a_record_on_launch": false,
            "enable_resource_name_dns_aaaa_record_on_launch": false,
            "id": "subnet-0bb614d8e257cc9ea",
            "ipv6_cidr_block": "",
            "ipv6_cidr_block_association_id": "",
            "ipv6_native": false,
            "map_customer_owned_ip_on_launch": false,
            "map_public_ip_on_launch": true,
            "outpost_arn": "",
            "owner_id": "273873396060",
            "private_dns_hostname_type_on_launch": "ip-name",
            "tags": {
              "Name": "Public-subnet"
            },
            "tags_all": {
              "Name": "Public-subnet"
            },
            "timeouts": null,
            "vpc_id": "vpc-0ed7c270413bb1863"
          },
          "sensitive_attributes": [],
          "private": "eyJlMmJmYjczMC1lY2FhLTExZTYtOGY4OC0zNDM2M2JjN2M0YzAiOnsiY3JlYXRlIjo2MDAwMDAwMDAwMDAsImRlbGV0ZSI6MTIwMDAwMDAwMDAwMH0sInNjaGVtYV92ZXJzaW9uIjoiMSJ9",
          "dependencies": [
            "aws_vpc.RDS-VPC"
          ]
        }
      ]
    },
    {
      "mode": "managed",
      "type": "aws_vpc",
      "name": "RDS-VPC",
      "provider": "provider[\"registry.terraform.io/hashicorp/aws\"]",
      "instances": [
        {
          "schema_version": 1,
          "attributes": {
            "arn": "arn:aws:ec2:us-east-1:273873396060:vpc/vpc-0ed7c270413bb1863",
            "assign_generated_ipv6_cidr_block": false,
            "cidr_block": "10.0.0.0/16",
            "default_network_acl_id": "acl-0c872b34cfa3af17e",
            "default_route_table_id": "rtb-025e130345fd64609",
            "default_security_group_id": "sg-071434ae2933f55f6",
            "dhcp_options_id": "dopt-0ab4d66f243653dcc",
            "enable_dns_hostnames": true,
            "enable_dns_support": true,
            "enable_network_address_usage_metrics": false,
            "id": "vpc-0ed7c270413bb1863",
            "instance_tenancy": "default",
            "ipv4_ipam_pool_id": null,
            "ipv4_netmask_length": null,
            "ipv6_association_id": "",
            "ipv6_cidr_block": "",
            "ipv6_cidr_block_network_border_group": "",
            "ipv6_ipam_pool_id": "",
            "ipv6_netmask_length": 0,
            "main_route_table_id": "rtb-025e130345fd64609",
            "owner_id": "273873396060",
            "tags": {
              "Name": "RDS-VPC"
            },
            "tags_all": {
              "Name": "RDS-VPC"
            }
          },
          "sensitive_attributes": [],
          "private": "eyJzY2hlbWFfdmVyc2lvbiI6IjEifQ=="
        }
      ]
    },
    {
      "mode": "managed",
      "type": "tls_private_key",
      "name": "example",
      "provider": "provider[\"registry.terraform.io/hashicorp/tls\"]",
      "instances": [
        {
          "schema_version": 1,
          "attributes": {
            "algorithm": "RSA",
            "ecdsa_curve": "P224",
            "id": "a1c9d2fe0e5aec9b0995901f0753309054f9b909",
            "private_key_openssh": "-----BEGIN OPENSSH PRIVATE KEY-----\nb3BlbnNzaC1rZXktdjEAAAAABG5vbmUAAAAEbm9uZQAAAAAAAAABAAACFwAAAAdz\nc2gtcnNhAAAAAwEAAQAAAgEAo52ut+N0ccDd24lnHOj4DFpcECtBcxPLZNm/1KT0\n8LAfBocSmlVGc3JwZsC7n/qUbkhEE/2uam/rGy2pV5EI90I5QGVVs8XkQLXhreib\nlqjN4Jh88sW5OHOt6giyk7+crYuAWJVkbyGPbgBMzKlBPsdiKKmqMnP0hAws/3JT\nqIa8nprchKTQzdenocJ1GlAGyULbatBgWM+jssNDYHLb8z1KfN2+sjo78Sg7vVdn\nkJgt9ZFsr6jWUvUuwr58cx8qE0PcWBsibwLRpSr0HbzSO8UPnQ61h6eX9r7ef29L\nawGmm9SF1slxm/uPkQhY7SSsYtAkBaYq8LaXDv+iLa7o/AZNVoI5z3+4EZCcyJQH\nFeRMhVKSwxHGfHzWez/1/HOt5tocvYJYqF5HADVWPike7N3uVcqff2aZ9cP4Th/4\nkBEY9yFMs3zTDTAuznqTqpE6NDlImhmttQ947yVOVuAfozJzIU8reRCwSkH9Dnfx\nj6jPDQdrM4pLVq1bQjnLwjG5SPPO55eScK19G6ozdGV3+79NQd7TF3IZd8HdTDLh\nHWeYkOgy76wq4P5XeUpH0tiv5FIF+qwbd3UNcMfkK22BCfhGjtCJc/CnOwZrIRwZ\nlGm39MNsIJDwQVmPiZSpwAJcD4/dYgaU6GVX6n2oiiy0OA9IfGqVdo8CpkxGnE3z\nELsAAAc4lNGEKJTRhCgAAAAHc3NoLXJzYQAAAgEAo52ut+N0ccDd24lnHOj4DFpc\nECtBcxPLZNm/1KT08LAfBocSmlVGc3JwZsC7n/qUbkhEE/2uam/rGy2pV5EI90I5\nQGVVs8XkQLXhreiblqjN4Jh88sW5OHOt6giyk7+crYuAWJVkbyGPbgBMzKlBPsdi\nKKmqMnP0hAws/3JTqIa8nprchKTQzdenocJ1GlAGyULbatBgWM+jssNDYHLb8z1K\nfN2+sjo78Sg7vVdnkJgt9ZFsr6jWUvUuwr58cx8qE0PcWBsibwLRpSr0HbzSO8UP\nnQ61h6eX9r7ef29LawGmm9SF1slxm/uPkQhY7SSsYtAkBaYq8LaXDv+iLa7o/AZN\nVoI5z3+4EZCcyJQHFeRMhVKSwxHGfHzWez/1/HOt5tocvYJYqF5HADVWPike7N3u\nVcqff2aZ9cP4Th/4kBEY9yFMs3zTDTAuznqTqpE6NDlImhmttQ947yVOVuAfozJz\nIU8reRCwSkH9Dnfxj6jPDQdrM4pLVq1bQjnLwjG5SPPO55eScK19G6ozdGV3+79N\nQd7TF3IZd8HdTDLhHWeYkOgy76wq4P5XeUpH0tiv5FIF+qwbd3UNcMfkK22BCfhG\njtCJc/CnOwZrIRwZlGm39MNsIJDwQVmPiZSpwAJcD4/dYgaU6GVX6n2oiiy0OA9I\nfGqVdo8CpkxGnE3zELsAAAADAQABAAACAAduAaEYExGXUHvHoYcOjTUCZWvWiwJO\nw82wlaVyWC0V0lLZj16ywKA9ch04Y0zAdD0NywmdW2455tM1H5t6Wo3f0/m4oEup\nkNPfboAXL/mHcNHiGsprcB3AIwWdn35WFSdMTme3YPgq7fhwywwAI5ZWN37hNXlV\nCqV0aBaxelsMw0PwhFMBqPmv8UzHJ8oqGCTLhGs1Syq9QxG7DDQ1AwfooJlK+H3f\nZxlsWkoezfUi8/NSxzyyzgi2WYk+XShdIev+CON3V/jyh9KYQL2Y9XMBX9Qh9txS\nH/R0dmYTB7m0OXyaCfnW6/HJWpubZW5fW/SgvwICqbCEmhd0REkOyEWW5E1NhnkY\n/o7OvuAuXJTKRZf4dGd6yR5Qn5WNFt17HpSZqDPWuXlrzmu5Qlaor68r+P0C4y/U\nXXJENacfhVtAziBMzfVqZ+Gd7KFufkyNmnfyOy1RggVMGt+L3XoFKPchEfU9Zj/3\n5P9IR7KULIVjlys2zOTAOPQzras7YEay7YNtqJ5x6stdETkDxqA88iM2dR9uegQW\n55BEKGGUKx9oPWktYjt9zK2s87OZ1gjUDYzmLHyPE4ueyTHsDEzKvHXI94oWJhSb\nfhDnuiy+F8LAtvOpgqozgSvgZUbSo8p3a8pYfN4B0bX5lXYJ7cOpBYqy3xeFjAnX\nDy7r7dJDNYMBAAABAQC/7wSeLQ0rJpId+krzyIDHQrtcZXPc4LDsSQuHh8Uk1iZ0\nkDbByri7X3bog84AHGEXBW+6sVdC8hYt684jK9jrpZCCGpxvkMljRfh6sIIL/3e7\n8t8Lf3MAl53alhARSfgC64gJ668mTyyLVLU3Z8hMPxueRoZQlhO5STUM0f6nRFBv\nDIarhORAoZTMhwsMU/DCXaUnkFt6epU7/g2/iHYp0JNjHP3StoXLQeoRw9fH74tb\nu4dcJSq6/N2mzo/IUbliAMGd46qdMnbNKws4ALnBtzqPsT5CVrZaMimZ1qduGpG9\n2076gTEzaE8IiN72b51ADjhPgqZ7VJCVkhSzpZATAAABAQDAb31YMJIE0Hwo8tgl\nOdSLUp+7KkGBWrsm0UupkMx289fTHWhcv+DIwHjaC/L6hCdarM60OPGGGwFdqafF\n1rrZ9YBEgE7yOboGh7VlvsaiT/sJJGTWVb1M1E0Ufd/cVLRlaccgKqSZjktxDy3e\nSgLMP+x5vUgWGIV+5gtROyyHkogva6gB8H+3hKQyM8DLsFJ6zPVpBZTAD1Tm2m5P\nJ+I0/c/NDVeg4D0Wdpd+rWLo93aMvvkTZI2gYB/CO67WQhtIfsOprJzzXg0lGQXc\nCrmdTof+gxXQp9wltFxL540hSV9L/EsDO+KB4Fe5Hk85xMSrRQYuVdP9oFmgK0Ji\nky4FAAABAQDZqS+3eYfZNr2NBj8fQJjYFTsXuFb3mGRIcAJ0S4EFUttk3SOw1rPc\na7r/PenjvIERsZ12ukcIpOv/xssRfR8CB9ekhKHB4pz8YlYPWXIMlypVCLhNCO5J\ngpk6XFiCKNfqiM86Zufk0Cx4PiXFxmIvb5L29d9QnGo+0CWdQJQDQFtVPmwY94It\nUWfmIyQnVsmPe6m977LJz7Z+DWJQvQ19M2gXaaXOB5awtMqb+o1ZJnRU/HLWpBnN\nYY6BrpukNqEk//YEcI9IwTslL1A3aZ7i+ZCDrYo4bDvHBplVm+j37sBpy+LTMzD1\nwI1QmZPT3Tz9UmVR9r3UDHOhYFLy9r+/AAAAAAEC\n-----END OPENSSH PRIVATE KEY-----\n",
            "private_key_pem": "-----BEGIN RSA PRIVATE KEY-----\nMIIJKAIBAAKCAgEAo52ut+N0ccDd24lnHOj4DFpcECtBcxPLZNm/1KT08LAfBocS\nmlVGc3JwZsC7n/qUbkhEE/2uam/rGy2pV5EI90I5QGVVs8XkQLXhreiblqjN4Jh8\n8sW5OHOt6giyk7+crYuAWJVkbyGPbgBMzKlBPsdiKKmqMnP0hAws/3JTqIa8nprc\nhKTQzdenocJ1GlAGyULbatBgWM+jssNDYHLb8z1KfN2+sjo78Sg7vVdnkJgt9ZFs\nr6jWUvUuwr58cx8qE0PcWBsibwLRpSr0HbzSO8UPnQ61h6eX9r7ef29LawGmm9SF\n1slxm/uPkQhY7SSsYtAkBaYq8LaXDv+iLa7o/AZNVoI5z3+4EZCcyJQHFeRMhVKS\nwxHGfHzWez/1/HOt5tocvYJYqF5HADVWPike7N3uVcqff2aZ9cP4Th/4kBEY9yFM\ns3zTDTAuznqTqpE6NDlImhmttQ947yVOVuAfozJzIU8reRCwSkH9Dnfxj6jPDQdr\nM4pLVq1bQjnLwjG5SPPO55eScK19G6ozdGV3+79NQd7TF3IZd8HdTDLhHWeYkOgy\n76wq4P5XeUpH0tiv5FIF+qwbd3UNcMfkK22BCfhGjtCJc/CnOwZrIRwZlGm39MNs\nIJDwQVmPiZSpwAJcD4/dYgaU6GVX6n2oiiy0OA9IfGqVdo8CpkxGnE3zELsCAwEA\nAQKCAgAHbgGhGBMRl1B7x6GHDo01AmVr1osCTsPNsJWlclgtFdJS2Y9essCgPXId\nOGNMwHQ9DcsJnVtuOebTNR+belqN39P5uKBLqZDT326AFy/5h3DR4hrKa3AdwCMF\nnZ9+VhUnTE5nt2D4Ku34cMsMACOWVjd+4TV5VQqldGgWsXpbDMND8IRTAaj5r/FM\nxyfKKhgky4RrNUsqvUMRuww0NQMH6KCZSvh932cZbFpKHs31IvPzUsc8ss4ItlmJ\nPl0oXSHr/gjjd1f48ofSmEC9mPVzAV/UIfbcUh/0dHZmEwe5tDl8mgn51uvxyVqb\nm2VuX1v0oL8CAqmwhJoXdERJDshFluRNTYZ5GP6Ozr7gLlyUykWX+HRneskeUJ+V\njRbdex6Umagz1rl5a85ruUJWqK+vK/j9AuMv1F1yRDWnH4VbQM4gTM31amfhneyh\nbn5MjZp38jstUYIFTBrfi916BSj3IRH1PWY/9+T/SEeylCyFY5crNszkwDj0M62r\nO2BGsu2DbaiecerLXRE5A8agPPIjNnUfbnoEFueQRChhlCsfaD1pLWI7fcytrPOz\nmdYI1A2M5ix8jxOLnskx7AxMyrx1yPeKFiYUm34Q57osvhfCwLbzqYKqM4Er4GVG\n0qPKd2vKWHzeAdG1+ZV2Ce3DqQWKst8XhYwJ1w8u6+3SQzWDAQKCAQEAwG99WDCS\nBNB8KPLYJTnUi1KfuypBgVq7JtFLqZDMdvPX0x1oXL/gyMB42gvy+oQnWqzOtDjx\nhhsBXamnxda62fWARIBO8jm6Boe1Zb7Gok/7CSRk1lW9TNRNFH3f3FS0ZWnHICqk\nmY5LcQ8t3koCzD/seb1IFhiFfuYLUTssh5KIL2uoAfB/t4SkMjPAy7BSesz1aQWU\nwA9U5tpuTyfiNP3PzQ1XoOA9FnaXfq1i6Pd2jL75E2SNoGAfwjuu1kIbSH7Dqayc\n814NJRkF3Aq5nU6H/oMV0KfcJbRcS+eNIUlfS/xLAzvigeBXuR5POcTEq0UGLlXT\n/aBZoCtCYpMuBQKCAQEA2akvt3mH2Ta9jQY/H0CY2BU7F7hW95hkSHACdEuBBVLb\nZN0jsNaz3Gu6/z3p47yBEbGddrpHCKTr/8bLEX0fAgfXpIShweKc/GJWD1lyDJcq\nVQi4TQjuSYKZOlxYgijX6ojPOmbn5NAseD4lxcZiL2+S9vXfUJxqPtAlnUCUA0Bb\nVT5sGPeCLVFn5iMkJ1bJj3upve+yyc+2fg1iUL0NfTNoF2mlzgeWsLTKm/qNWSZ0\nVPxy1qQZzWGOga6bpDahJP/2BHCPSME7JS9QN2me4vmQg62KOGw7xwaZVZvo9+7A\nacvi0zMw9cCNUJmT0908/VJlUfa91AxzoWBS8va/vwKCAQBUwkaRS4NlP3cQijYN\n33TwkMnuJGSJ1y7LoDAVVcPZOPn88N0AzTry8WPJlq3FDeRPmgHJe7NWABsP6CQP\njc7rJakDgwhCxI5dRfTuBaNz5oqJsk//3+/rIS96MR8i6uQyLu8YCfBJ+lTcTXVE\njZDB6f38eRSBNvfFtwmRE+E/LZlyWZa8k/ONH40613S5wsXxdMk7Iswr9BTPQbKI\nhuaptImMpa3NHDeL51w+3ZvNRQIgaBVJJ2cCFpSmdqdBlAh0W/FOkMronqpnhqgA\nDXFICkj4H0DCkMz0hoaIoEqXOLwSueNIX14bGndJAEKhDTwau+JHEmK3OaOAWs14\noZ8JAoIBAH0MqpFqjRXKUVR4RkOaRTW/3Ndf3Pca4mKLl51g05tPYySruBmdAHCe\npCyIUZu5bR3RQXo4wx7AQaYNfBVsISh1gPrQCG7v1ulZRcBDzzZUksmP3PLFMsGg\n+o+BBoihFot0VjpjbM8UmrfqXKEnvLksDO89izMw6gl0ZGfX9jF4BAERf+FIMc3/\newXJIrhHMD3y+i5ZTAqN/3akEdv5AYrwwdjRpaScz4JuHAlJBXQ2l5dMAl42oWxR\npCH1Qw4xJJuxQpKCaI+QFH7kk92CHPqiDtjYFxUbeax6qhV5IXtv+7PMo2BbhMFs\nAsRPt5J9BNE1SWixrZXqIXSRdpaIFNkCggEBAL/vBJ4tDSsmkh36SvPIgMdCu1xl\nc9zgsOxJC4eHxSTWJnSQNsHKuLtfduiDzgAcYRcFb7qxV0LyFi3rziMr2OulkIIa\nnG+QyWNF+Hqwggv/d7vy3wt/cwCXndqWEBFJ+ALriAnrryZPLItUtTdnyEw/G55G\nhlCWE7lJNQzR/qdEUG8MhquE5EChlMyHCwxT8MJdpSeQW3p6lTv+Db+IdinQk2Mc\n/dK2hctB6hHD18fvi1u7h1wlKrr83abOj8hRuWIAwZ3jqp0yds0rCzgAucG3Oo+x\nPkJWtloyKZnWp24akb3bTvqBMTNoTwiI3vZvnUAOOE+CpntUkJWSFLOlkBM=\n-----END RSA PRIVATE KEY-----\n",
            "private_key_pem_pkcs8": "-----BEGIN PRIVATE KEY-----\nMIIJQgIBADANBgkqhkiG9w0BAQEFAASCCSwwggkoAgEAAoICAQCjna6343RxwN3b\niWcc6PgMWlwQK0FzE8tk2b/UpPTwsB8GhxKaVUZzcnBmwLuf+pRuSEQT/a5qb+sb\nLalXkQj3QjlAZVWzxeRAteGt6JuWqM3gmHzyxbk4c63qCLKTv5yti4BYlWRvIY9u\nAEzMqUE+x2Ioqaoyc/SEDCz/clOohryemtyEpNDN16ehwnUaUAbJQttq0GBYz6Oy\nw0NgctvzPUp83b6yOjvxKDu9V2eQmC31kWyvqNZS9S7CvnxzHyoTQ9xYGyJvAtGl\nKvQdvNI7xQ+dDrWHp5f2vt5/b0trAaab1IXWyXGb+4+RCFjtJKxi0CQFpirwtpcO\n/6Itruj8Bk1WgjnPf7gRkJzIlAcV5EyFUpLDEcZ8fNZ7P/X8c63m2hy9glioXkcA\nNVY+KR7s3e5Vyp9/Zpn1w/hOH/iQERj3IUyzfNMNMC7OepOqkTo0OUiaGa21D3jv\nJU5W4B+jMnMhTyt5ELBKQf0Od/GPqM8NB2sziktWrVtCOcvCMblI887nl5JwrX0b\nqjN0ZXf7v01B3tMXchl3wd1MMuEdZ5iQ6DLvrCrg/ld5SkfS2K/kUgX6rBt3dQ1w\nx+QrbYEJ+EaO0Ilz8Kc7BmshHBmUabf0w2wgkPBBWY+JlKnAAlwPj91iBpToZVfq\nfaiKLLQ4D0h8apV2jwKmTEacTfMQuwIDAQABAoICAAduAaEYExGXUHvHoYcOjTUC\nZWvWiwJOw82wlaVyWC0V0lLZj16ywKA9ch04Y0zAdD0NywmdW2455tM1H5t6Wo3f\n0/m4oEupkNPfboAXL/mHcNHiGsprcB3AIwWdn35WFSdMTme3YPgq7fhwywwAI5ZW\nN37hNXlVCqV0aBaxelsMw0PwhFMBqPmv8UzHJ8oqGCTLhGs1Syq9QxG7DDQ1Awfo\noJlK+H3fZxlsWkoezfUi8/NSxzyyzgi2WYk+XShdIev+CON3V/jyh9KYQL2Y9XMB\nX9Qh9txSH/R0dmYTB7m0OXyaCfnW6/HJWpubZW5fW/SgvwICqbCEmhd0REkOyEWW\n5E1NhnkY/o7OvuAuXJTKRZf4dGd6yR5Qn5WNFt17HpSZqDPWuXlrzmu5Qlaor68r\n+P0C4y/UXXJENacfhVtAziBMzfVqZ+Gd7KFufkyNmnfyOy1RggVMGt+L3XoFKPch\nEfU9Zj/35P9IR7KULIVjlys2zOTAOPQzras7YEay7YNtqJ5x6stdETkDxqA88iM2\ndR9uegQW55BEKGGUKx9oPWktYjt9zK2s87OZ1gjUDYzmLHyPE4ueyTHsDEzKvHXI\n94oWJhSbfhDnuiy+F8LAtvOpgqozgSvgZUbSo8p3a8pYfN4B0bX5lXYJ7cOpBYqy\n3xeFjAnXDy7r7dJDNYMBAoIBAQDAb31YMJIE0Hwo8tglOdSLUp+7KkGBWrsm0Uup\nkMx289fTHWhcv+DIwHjaC/L6hCdarM60OPGGGwFdqafF1rrZ9YBEgE7yOboGh7Vl\nvsaiT/sJJGTWVb1M1E0Ufd/cVLRlaccgKqSZjktxDy3eSgLMP+x5vUgWGIV+5gtR\nOyyHkogva6gB8H+3hKQyM8DLsFJ6zPVpBZTAD1Tm2m5PJ+I0/c/NDVeg4D0Wdpd+\nrWLo93aMvvkTZI2gYB/CO67WQhtIfsOprJzzXg0lGQXcCrmdTof+gxXQp9wltFxL\n540hSV9L/EsDO+KB4Fe5Hk85xMSrRQYuVdP9oFmgK0Jiky4FAoIBAQDZqS+3eYfZ\nNr2NBj8fQJjYFTsXuFb3mGRIcAJ0S4EFUttk3SOw1rPca7r/PenjvIERsZ12ukcI\npOv/xssRfR8CB9ekhKHB4pz8YlYPWXIMlypVCLhNCO5Jgpk6XFiCKNfqiM86Zufk\n0Cx4PiXFxmIvb5L29d9QnGo+0CWdQJQDQFtVPmwY94ItUWfmIyQnVsmPe6m977LJ\nz7Z+DWJQvQ19M2gXaaXOB5awtMqb+o1ZJnRU/HLWpBnNYY6BrpukNqEk//YEcI9I\nwTslL1A3aZ7i+ZCDrYo4bDvHBplVm+j37sBpy+LTMzD1wI1QmZPT3Tz9UmVR9r3U\nDHOhYFLy9r+/AoIBAFTCRpFLg2U/dxCKNg3fdPCQye4kZInXLsugMBVVw9k4+fzw\n3QDNOvLxY8mWrcUN5E+aAcl7s1YAGw/oJA+NzuslqQODCELEjl1F9O4Fo3Pmiomy\nT//f7+shL3oxHyLq5DIu7xgJ8En6VNxNdUSNkMHp/fx5FIE298W3CZET4T8tmXJZ\nlryT840fjTrXdLnCxfF0yTsizCv0FM9BsoiG5qm0iYylrc0cN4vnXD7dm81FAiBo\nFUknZwIWlKZ2p0GUCHRb8U6QyuieqmeGqAANcUgKSPgfQMKQzPSGhoigSpc4vBK5\n40hfXhsad0kAQqENPBq74kcSYrc5o4BazXihnwkCggEAfQyqkWqNFcpRVHhGQ5pF\nNb/c11/c9xriYouXnWDTm09jJKu4GZ0AcJ6kLIhRm7ltHdFBejjDHsBBpg18FWwh\nKHWA+tAIbu/W6VlFwEPPNlSSyY/c8sUywaD6j4EGiKEWi3RWOmNszxSat+pcoSe8\nuSwM7z2LMzDqCXRkZ9f2MXgEARF/4Ugxzf97BckiuEcwPfL6LllMCo3/dqQR2/kB\nivDB2NGlpJzPgm4cCUkFdDaXl0wCXjahbFGkIfVDDjEkm7FCkoJoj5AUfuST3YIc\n+qIO2NgXFRt5rHqqFXkhe2/7s8yjYFuEwWwCxE+3kn0E0TVJaLGtleohdJF2logU\n2QKCAQEAv+8Eni0NKyaSHfpK88iAx0K7XGVz3OCw7EkLh4fFJNYmdJA2wcq4u192\n6IPOABxhFwVvurFXQvIWLevOIyvY66WQghqcb5DJY0X4erCCC/93u/LfC39zAJed\n2pYQEUn4AuuICeuvJk8si1S1N2fITD8bnkaGUJYTuUk1DNH+p0RQbwyGq4TkQKGU\nzIcLDFPwwl2lJ5BbenqVO/4Nv4h2KdCTYxz90raFy0HqEcPXx++LW7uHXCUquvzd\nps6PyFG5YgDBneOqnTJ2zSsLOAC5wbc6j7E+Qla2WjIpmdanbhqRvdtO+oExM2hP\nCIje9m+dQA44T4Kme1SQlZIUs6WQEw==\n-----END PRIVATE KEY-----\n",
            "public_key_fingerprint_md5": "bd:2e:80:a2:58:ad:25:a1:a3:33:70:b4:f2:8e:2a:0f",
            "public_key_fingerprint_sha256": "SHA256:duPrgOw35k1X8rroKr1gN+9sARDwa0zQ+72dkHgPL0k",
            "public_key_openssh": "ssh-rsa AAAAB3NzaC1yc2EAAAADAQABAAACAQCjna6343RxwN3biWcc6PgMWlwQK0FzE8tk2b/UpPTwsB8GhxKaVUZzcnBmwLuf+pRuSEQT/a5qb+sbLalXkQj3QjlAZVWzxeRAteGt6JuWqM3gmHzyxbk4c63qCLKTv5yti4BYlWRvIY9uAEzMqUE+x2Ioqaoyc/SEDCz/clOohryemtyEpNDN16ehwnUaUAbJQttq0GBYz6Oyw0NgctvzPUp83b6yOjvxKDu9V2eQmC31kWyvqNZS9S7CvnxzHyoTQ9xYGyJvAtGlKvQdvNI7xQ+dDrWHp5f2vt5/b0trAaab1IXWyXGb+4+RCFjtJKxi0CQFpirwtpcO/6Itruj8Bk1WgjnPf7gRkJzIlAcV5EyFUpLDEcZ8fNZ7P/X8c63m2hy9glioXkcANVY+KR7s3e5Vyp9/Zpn1w/hOH/iQERj3IUyzfNMNMC7OepOqkTo0OUiaGa21D3jvJU5W4B+jMnMhTyt5ELBKQf0Od/GPqM8NB2sziktWrVtCOcvCMblI887nl5JwrX0bqjN0ZXf7v01B3tMXchl3wd1MMuEdZ5iQ6DLvrCrg/ld5SkfS2K/kUgX6rBt3dQ1wx+QrbYEJ+EaO0Ilz8Kc7BmshHBmUabf0w2wgkPBBWY+JlKnAAlwPj91iBpToZVfqfaiKLLQ4D0h8apV2jwKmTEacTfMQuw==\n",
            "public_key_pem": "-----BEGIN PUBLIC KEY-----\nMIICIjANBgkqhkiG9w0BAQEFAAOCAg8AMIICCgKCAgEAo52ut+N0ccDd24lnHOj4\nDFpcECtBcxPLZNm/1KT08LAfBocSmlVGc3JwZsC7n/qUbkhEE/2uam/rGy2pV5EI\n90I5QGVVs8XkQLXhreiblqjN4Jh88sW5OHOt6giyk7+crYuAWJVkbyGPbgBMzKlB\nPsdiKKmqMnP0hAws/3JTqIa8nprchKTQzdenocJ1GlAGyULbatBgWM+jssNDYHLb\n8z1KfN2+sjo78Sg7vVdnkJgt9ZFsr6jWUvUuwr58cx8qE0PcWBsibwLRpSr0HbzS\nO8UPnQ61h6eX9r7ef29LawGmm9SF1slxm/uPkQhY7SSsYtAkBaYq8LaXDv+iLa7o\n/AZNVoI5z3+4EZCcyJQHFeRMhVKSwxHGfHzWez/1/HOt5tocvYJYqF5HADVWPike\n7N3uVcqff2aZ9cP4Th/4kBEY9yFMs3zTDTAuznqTqpE6NDlImhmttQ947yVOVuAf\nozJzIU8reRCwSkH9Dnfxj6jPDQdrM4pLVq1bQjnLwjG5SPPO55eScK19G6ozdGV3\n+79NQd7TF3IZd8HdTDLhHWeYkOgy76wq4P5XeUpH0tiv5FIF+qwbd3UNcMfkK22B\nCfhGjtCJc/CnOwZrIRwZlGm39MNsIJDwQVmPiZSpwAJcD4/dYgaU6GVX6n2oiiy0\nOA9IfGqVdo8CpkxGnE3zELsCAwEAAQ==\n-----END PUBLIC KEY-----\n",
            "rsa_bits": 4096
          },
          "sensitive_attributes": [
            [
              {
                "type": "get_attr",
                "value": "private_key_pem"
              }
            ],
            [
              {
                "type": "get_attr",
                "value": "private_key_pem_pkcs8"
              }
            ],
            [
              {
                "type": "get_attr",
                "value": "private_key_openssh"
              }
            ]
          ]
        }
      ]
    }
  ],
  "check_results": null
}
