{
  "version": 4,
  "terraform_version": "1.11.4",
  "serial": 325,
  "lineage": "49c46754-6e87-718d-6e65-d7da398adc1b",
  "outputs": {
    "key": {
      "value": "ssh-rsa AAAAB3NzaC1yc2EAAAADAQABAAACAQDWVKjGI9BwkCjxUXqt+hq6m9tgldWeuBHXCcoy1V+H5vFuZ/FzV0LlFQm38LHQyO5Z+9N1I6oohNkKLJPygM4lfPKQ+2LcC0tfPhlSKs81wK9WvchgSqJz/ZQcLKKsOkCAF1HOp2uZF8X+soc8vTrJK/SGLvzNHBkrvcFziirv0NA5oIlZLB1GnkWXImNqH3aOBSMqmXU3VWqW+v2X8PFGagFXxa3YMo3FljMwuJ5F2Q7w5NLWi1djhWvMwbcyGY/rSIZqcOqmHPWteEem85vqyxCINKR2Pl5I263y0G6HaX0opYOBvxmhQ4TXWkKbi1Q3PHOz0LlatArDO2amcBDjPt5OKMGJcpBxz9tEHKn6e3/vCIs2IS6G5L2GP1Pb7XrYS7/8nEWDVpb8t5vLmW6P3TpZXx3D1x9FOh72iENWyy1CZBgo6sTDG1GCgw5qayi7Wre4rVFXWMsLv2cIjBfyzRBR/x3XiohWmCz52KLCuLPq0aNi7J1hTxjxtD1y0UJou2alI0RJFlo38SO8sXpGyLyg6JkVPdj6HcKfZmeqK9mPT4FJ3A8xToqIfEoh0H/O29InEQUM2MlSp7h1csVk2oO6EtwWBNMsXuEofc+Puaw0GRG1zwB3JnP6rhqZVRaT1ldn77EYZ4NI7r6zyooPfIh+WhqGMyBN+E6rHAw8RQ==",
      "type": "string"
    }
  },
  "resources": [
    {
      "mode": "managed",
      "type": "aws_db_instance",
      "name": "Postgres123",
      "provider": "provider[\"registry.terraform.io/hashicorp/aws\"]",
      "instances": [
        {
          "schema_version": 2,
          "attributes": {
            "address": "rdsdb.cx2yi0u28jq6.us-east-1.rds.amazonaws.com",
            "allocated_storage": 20,
            "allow_major_version_upgrade": null,
            "apply_immediately": false,
            "arn": "arn:aws:rds:us-east-1:135808924399:db:rdsdb",
            "auto_minor_version_upgrade": true,
            "availability_zone": "us-east-1b",
            "backup_retention_period": 0,
            "backup_target": "region",
            "backup_window": "07:03-07:33",
            "blue_green_update": [],
            "ca_cert_identifier": "rds-ca-rsa2048-g1",
            "character_set_name": "",
            "copy_tags_to_snapshot": false,
            "custom_iam_instance_profile": "",
            "customer_owned_ip_enabled": false,
            "database_insights_mode": "standard",
            "db_name": "aws",
            "db_subnet_group_name": "terraform-20250515022329542200000002",
            "dedicated_log_volume": false,
            "delete_automated_backups": true,
            "deletion_protection": false,
            "domain": "",
            "domain_auth_secret_arn": "",
            "domain_dns_ips": null,
            "domain_fqdn": "",
            "domain_iam_role_name": "",
            "domain_ou": "",
            "enabled_cloudwatch_logs_exports": null,
            "endpoint": "rdsdb.cx2yi0u28jq6.us-east-1.rds.amazonaws.com:5432",
            "engine": "postgres",
            "engine_lifecycle_support": "open-source-rds-extended-support",
            "engine_version": "17.2",
            "engine_version_actual": "17.2",
            "final_snapshot_identifier": null,
            "hosted_zone_id": "Z2R2ITUGPM61AM",
            "iam_database_authentication_enabled": false,
            "id": "db-EBTSTUGYESCHIKUAV5LYPEX5YA",
            "identifier": "rdsdb",
            "identifier_prefix": "",
            "instance_class": "db.t4g.micro",
            "iops": 0,
            "kms_key_id": "",
            "latest_restorable_time": "",
            "license_model": "postgresql-license",
            "listener_endpoint": [],
            "maintenance_window": "fri:05:06-fri:05:36",
            "manage_master_user_password": null,
            "master_user_secret": [],
            "master_user_secret_kms_key_id": null,
            "max_allocated_storage": 0,
            "monitoring_interval": 0,
            "monitoring_role_arn": "",
            "multi_az": true,
            "nchar_character_set_name": "",
            "network_type": "IPV4",
            "option_group_name": "default:postgres-17",
            "parameter_group_name": "default.postgres17",
            "password": "password123",
            "password_wo": null,
            "password_wo_version": null,
            "performance_insights_enabled": false,
            "performance_insights_kms_key_id": "",
            "performance_insights_retention_period": 0,
            "port": 5432,
            "publicly_accessible": false,
            "replica_mode": "",
            "replicas": [],
            "replicate_source_db": "",
            "resource_id": "db-EBTSTUGYESCHIKUAV5LYPEX5YA",
            "restore_to_point_in_time": [],
            "s3_import": [],
            "skip_final_snapshot": true,
            "snapshot_identifier": null,
            "status": "available",
            "storage_encrypted": false,
            "storage_throughput": 0,
            "storage_type": "gp2",
            "tags": {
              "Name": "MyPostgresInstance"
            },
            "tags_all": {
              "Name": "MyPostgresInstance"
            },
            "timeouts": null,
            "timezone": "",
            "upgrade_storage_config": null,
            "username": "Omkar",
            "vpc_security_group_ids": [
              "sg-0f4fdbd1980081328"
            ]
          },
          "sensitive_attributes": [
            [
              {
                "type": "get_attr",
                "value": "password_wo"
              }
            ],
            [
              {
                "type": "get_attr",
                "value": "password"
              }
            ]
          ],
          "private": "eyJlMmJmYjczMC1lY2FhLTExZTYtOGY4OC0zNDM2M2JjN2M0YzAiOnsiY3JlYXRlIjozMDAwMDAwMDAwMDAwLCJkZWxldGUiOjM2MDAwMDAwMDAwMDAsInVwZGF0ZSI6NDgwMDAwMDAwMDAwMH0sInNjaGVtYV92ZXJzaW9uIjoiMiJ9",
          "dependencies": [
            "aws_db_subnet_group.subnet-grp",
            "aws_security_group.SG",
            "aws_security_group.rds-sg",
            "aws_subnet.Private-subnet1",
            "aws_subnet.Private-subnet2",
            "aws_vpc.RDS-VPC"
          ]
        }
      ]
    },
    {
      "mode": "managed",
      "type": "aws_db_subnet_group",
      "name": "subnet-grp",
      "provider": "provider[\"registry.terraform.io/hashicorp/aws\"]",
      "instances": [
        {
          "schema_version": 0,
          "attributes": {
            "arn": "arn:aws:rds:us-east-1:135808924399:subgrp:terraform-20250515022329542200000002",
            "description": "Managed by Terraform",
            "id": "terraform-20250515022329542200000002",
            "name": "terraform-20250515022329542200000002",
            "name_prefix": "terraform-",
            "subnet_ids": [
              "subnet-021f7485835f05a49",
              "subnet-0a21988676e09c393"
            ],
            "supported_network_types": [
              "IPV4"
            ],
            "tags": {
              "Name": "subnet-grp"
            },
            "tags_all": {
              "Name": "subnet-grp"
            },
            "vpc_id": "vpc-0f941924a0a933601"
          },
          "sensitive_attributes": [],
          "private": "bnVsbA==",
          "dependencies": [
            "aws_subnet.Private-subnet1",
            "aws_subnet.Private-subnet2",
            "aws_vpc.RDS-VPC"
          ]
        }
      ]
    },
    {
      "mode": "managed",
      "type": "aws_eip",
      "name": "eip1",
      "provider": "provider[\"registry.terraform.io/hashicorp/aws\"]",
      "instances": [
        {
          "schema_version": 0,
          "attributes": {
            "address": null,
            "allocation_id": "eipalloc-0e2697c4eb833bc39",
            "arn": "arn:aws:ec2:us-east-1:135808924399:elastic-ip/eipalloc-0e2697c4eb833bc39",
            "associate_with_private_ip": null,
            "association_id": "eipassoc-0371dc6a01233f60d",
            "carrier_ip": "",
            "customer_owned_ip": "",
            "customer_owned_ipv4_pool": "",
            "domain": "vpc",
            "id": "eipalloc-0e2697c4eb833bc39",
            "instance": "",
            "ipam_pool_id": null,
            "network_border_group": "us-east-1",
            "network_interface": "eni-0370ea02a820c7ba2",
            "private_dns": "ip-10-0-1-253.ec2.internal",
            "private_ip": "10.0.1.253",
            "ptr_record": "",
            "public_dns": "ec2-44-206-148-19.compute-1.amazonaws.com",
            "public_ip": "44.206.148.19",
            "public_ipv4_pool": "amazon",
            "tags": {
              "Name": "RDS-eip"
            },
            "tags_all": {
              "Name": "RDS-eip"
            },
            "timeouts": null,
            "vpc": true
          },
          "sensitive_attributes": [],
          "private": "eyJlMmJmYjczMC1lY2FhLTExZTYtOGY4OC0zNDM2M2JjN2M0YzAiOnsiZGVsZXRlIjoxODAwMDAwMDAwMDAsInJlYWQiOjkwMDAwMDAwMDAwMCwidXBkYXRlIjozMDAwMDAwMDAwMDB9fQ=="
        }
      ]
    },
    {
      "mode": "managed",
      "type": "aws_instance",
      "name": "ec2-normal",
      "provider": "provider[\"registry.terraform.io/hashicorp/aws\"]",
      "instances": [
        {
          "schema_version": 1,
          "attributes": {
            "ami": "ami-084568db4383264d4",
            "arn": "arn:aws:ec2:us-east-1:135808924399:instance/i-0d3926f656c9af6e7",
            "associate_public_ip_address": true,
            "availability_zone": "us-east-1b",
            "capacity_reservation_specification": [
              {
                "capacity_reservation_preference": "open",
                "capacity_reservation_target": []
              }
            ],
            "cpu_core_count": 1,
            "cpu_options": [
              {
                "amd_sev_snp": "",
                "core_count": 1,
                "threads_per_core": 1
              }
            ],
            "cpu_threads_per_core": 1,
            "credit_specification": [
              {
                "cpu_credits": "standard"
              }
            ],
            "disable_api_stop": false,
            "disable_api_termination": false,
            "ebs_block_device": [],
            "ebs_optimized": false,
            "enable_primary_ipv6": null,
            "enclave_options": [
              {
                "enabled": false
              }
            ],
            "ephemeral_block_device": [],
            "get_password_data": false,
            "hibernation": false,
            "host_id": "",
            "host_resource_group_arn": null,
            "iam_instance_profile": "",
            "id": "i-0d3926f656c9af6e7",
            "instance_initiated_shutdown_behavior": "stop",
            "instance_lifecycle": "",
            "instance_market_options": [],
            "instance_state": "running",
            "instance_type": "t2.micro",
            "ipv6_address_count": 0,
            "ipv6_addresses": [],
            "key_name": "example-key",
            "launch_template": [],
            "maintenance_options": [
              {
                "auto_recovery": "default"
              }
            ],
            "metadata_options": [
              {
                "http_endpoint": "enabled",
                "http_protocol_ipv6": "disabled",
                "http_put_response_hop_limit": 2,
                "http_tokens": "required",
                "instance_metadata_tags": "disabled"
              }
            ],
            "monitoring": false,
            "network_interface": [],
            "outpost_arn": "",
            "password_data": "",
            "placement_group": "",
            "placement_partition_number": 0,
            "primary_network_interface_id": "eni-0fd5ef35e60502aa1",
            "private_dns": "ip-10-0-1-188.ec2.internal",
            "private_dns_name_options": [
              {
                "enable_resource_name_dns_a_record": false,
                "enable_resource_name_dns_aaaa_record": false,
                "hostname_type": "ip-name"
              }
            ],
            "private_ip": "10.0.1.188",
            "public_dns": "ec2-98-83-162-142.compute-1.amazonaws.com",
            "public_ip": "98.83.162.142",
            "root_block_device": [
              {
                "delete_on_termination": true,
                "device_name": "/dev/sda1",
                "encrypted": false,
                "iops": 3000,
                "kms_key_id": "",
                "tags": {},
                "tags_all": {},
                "throughput": 125,
                "volume_id": "vol-04de8308546907f63",
                "volume_size": 8,
                "volume_type": "gp3"
              }
            ],
            "secondary_private_ips": [],
            "security_groups": [
              "sg-08b3831fc5f784cae"
            ],
            "source_dest_check": true,
            "spot_instance_request_id": "",
            "subnet_id": "subnet-09a4c68ecbf72b572",
            "tags": {
              "Name": "EC2"
            },
            "tags_all": {
              "Name": "EC2"
            },
            "tenancy": "default",
            "timeouts": null,
            "user_data": null,
            "user_data_base64": null,
            "user_data_replace_on_change": false,
            "volume_tags": null,
            "vpc_security_group_ids": [
              "sg-08b3831fc5f784cae"
            ]
          },
          "sensitive_attributes": [],
          "private": "eyJlMmJmYjczMC1lY2FhLTExZTYtOGY4OC0zNDM2M2JjN2M0YzAiOnsiY3JlYXRlIjo2MDAwMDAwMDAwMDAsImRlbGV0ZSI6MTIwMDAwMDAwMDAwMCwicmVhZCI6OTAwMDAwMDAwMDAwLCJ1cGRhdGUiOjYwMDAwMDAwMDAwMH0sInNjaGVtYV92ZXJzaW9uIjoiMSJ9",
          "dependencies": [
            "aws_key_pair.example",
            "aws_security_group.SG",
            "aws_subnet.Pub-subnet",
            "aws_vpc.RDS-VPC",
            "tls_private_key.example"
          ]
        }
      ]
    },
    {
      "mode": "managed",
      "type": "aws_internet_gateway",
      "name": "internet-gtw",
      "provider": "provider[\"registry.terraform.io/hashicorp/aws\"]",
      "instances": [
        {
          "schema_version": 0,
          "attributes": {
            "arn": "arn:aws:ec2:us-east-1:135808924399:internet-gateway/igw-0927b81dd949cc8ec",
            "id": "igw-0927b81dd949cc8ec",
            "owner_id": "135808924399",
            "tags": {
              "Name": "Internet-gtw1"
            },
            "tags_all": {
              "Name": "Internet-gtw1"
            },
            "timeouts": null,
            "vpc_id": "vpc-0f941924a0a933601"
          },
          "sensitive_attributes": [],
          "private": "eyJlMmJmYjczMC1lY2FhLTExZTYtOGY4OC0zNDM2M2JjN2M0YzAiOnsiY3JlYXRlIjoxMjAwMDAwMDAwMDAwLCJkZWxldGUiOjEyMDAwMDAwMDAwMDAsInVwZGF0ZSI6MTIwMDAwMDAwMDAwMH19",
          "dependencies": [
            "aws_vpc.RDS-VPC"
          ]
        }
      ]
    },
    {
      "mode": "managed",
      "type": "aws_key_pair",
      "name": "example",
      "provider": "provider[\"registry.terraform.io/hashicorp/aws\"]",
      "instances": [
        {
          "schema_version": 1,
          "attributes": {
            "arn": "arn:aws:ec2:us-east-1:135808924399:key-pair/example-key",
            "fingerprint": "12:7b:71:0b:0d:0c:c9:ad:57:16:9b:1c:4c:a7:bd:f5",
            "id": "example-key",
            "key_name": "example-key",
            "key_name_prefix": "",
            "key_pair_id": "key-0061377fc6539ceba",
            "key_type": "rsa",
            "public_key": "ssh-rsa AAAAB3NzaC1yc2EAAAADAQABAAACAQDWVKjGI9BwkCjxUXqt+hq6m9tgldWeuBHXCcoy1V+H5vFuZ/FzV0LlFQm38LHQyO5Z+9N1I6oohNkKLJPygM4lfPKQ+2LcC0tfPhlSKs81wK9WvchgSqJz/ZQcLKKsOkCAF1HOp2uZF8X+soc8vTrJK/SGLvzNHBkrvcFziirv0NA5oIlZLB1GnkWXImNqH3aOBSMqmXU3VWqW+v2X8PFGagFXxa3YMo3FljMwuJ5F2Q7w5NLWi1djhWvMwbcyGY/rSIZqcOqmHPWteEem85vqyxCINKR2Pl5I263y0G6HaX0opYOBvxmhQ4TXWkKbi1Q3PHOz0LlatArDO2amcBDjPt5OKMGJcpBxz9tEHKn6e3/vCIs2IS6G5L2GP1Pb7XrYS7/8nEWDVpb8t5vLmW6P3TpZXx3D1x9FOh72iENWyy1CZBgo6sTDG1GCgw5qayi7Wre4rVFXWMsLv2cIjBfyzRBR/x3XiohWmCz52KLCuLPq0aNi7J1hTxjxtD1y0UJou2alI0RJFlo38SO8sXpGyLyg6JkVPdj6HcKfZmeqK9mPT4FJ3A8xToqIfEoh0H/O29InEQUM2MlSp7h1csVk2oO6EtwWBNMsXuEofc+Puaw0GRG1zwB3JnP6rhqZVRaT1ldn77EYZ4NI7r6zyooPfIh+WhqGMyBN+E6rHAw8RQ==",
            "tags": {},
            "tags_all": {}
          },
          "sensitive_attributes": [],
          "private": "eyJzY2hlbWFfdmVyc2lvbiI6IjEifQ==",
          "dependencies": [
            "tls_private_key.example"
          ]
        }
      ]
    },
    {
      "mode": "managed",
      "type": "aws_nat_gateway",
      "name": "NAT-gtw",
      "provider": "provider[\"registry.terraform.io/hashicorp/aws\"]",
      "instances": [
        {
          "schema_version": 0,
          "attributes": {
            "allocation_id": "eipalloc-0e2697c4eb833bc39",
            "association_id": "eipassoc-0371dc6a01233f60d",
            "connectivity_type": "public",
            "id": "nat-00ab3c52cbbb48212",
            "network_interface_id": "eni-0370ea02a820c7ba2",
            "private_ip": "10.0.1.253",
            "public_ip": "44.206.148.19",
            "secondary_allocation_ids": [],
            "secondary_private_ip_address_count": 0,
            "secondary_private_ip_addresses": [],
            "subnet_id": "subnet-09a4c68ecbf72b572",
            "tags": {
              "Name": "Nat-Gateway"
            },
            "tags_all": {
              "Name": "Nat-Gateway"
            },
            "timeouts": null
          },
          "sensitive_attributes": [],
          "private": "eyJlMmJmYjczMC1lY2FhLTExZTYtOGY4OC0zNDM2M2JjN2M0YzAiOnsiY3JlYXRlIjo2MDAwMDAwMDAwMDAsImRlbGV0ZSI6MTgwMDAwMDAwMDAwMCwidXBkYXRlIjo2MDAwMDAwMDAwMDB9fQ==",
          "dependencies": [
            "aws_eip.eip1",
            "aws_internet_gateway.internet-gtw",
            "aws_subnet.Pub-subnet",
            "aws_vpc.RDS-VPC"
          ]
        }
      ]
    },
    {
      "mode": "managed",
      "type": "aws_route_table",
      "name": "Private-RT",
      "provider": "provider[\"registry.terraform.io/hashicorp/aws\"]",
      "instances": [
        {
          "schema_version": 0,
          "attributes": {
            "arn": "arn:aws:ec2:us-east-1:135808924399:route-table/rtb-0db8633f396fa1396",
            "id": "rtb-0db8633f396fa1396",
            "owner_id": "135808924399",
            "propagating_vgws": [],
            "route": [
              {
                "carrier_gateway_id": "",
                "cidr_block": "0.0.0.0/0",
                "core_network_arn": "",
                "destination_prefix_list_id": "",
                "egress_only_gateway_id": "",
                "gateway_id": "nat-00ab3c52cbbb48212",
                "ipv6_cidr_block": "",
                "local_gateway_id": "",
                "nat_gateway_id": "",
                "network_interface_id": "",
                "transit_gateway_id": "",
                "vpc_endpoint_id": "",
                "vpc_peering_connection_id": ""
              }
            ],
            "tags": {
              "Name": "Private-RT"
            },
            "tags_all": {
              "Name": "Private-RT"
            },
            "timeouts": null,
            "vpc_id": "vpc-0f941924a0a933601"
          },
          "sensitive_attributes": [],
          "private": "eyJlMmJmYjczMC1lY2FhLTExZTYtOGY4OC0zNDM2M2JjN2M0YzAiOnsiY3JlYXRlIjozMDAwMDAwMDAwMDAsImRlbGV0ZSI6MzAwMDAwMDAwMDAwLCJ1cGRhdGUiOjEyMDAwMDAwMDAwMH19",
          "dependencies": [
            "aws_eip.eip1",
            "aws_internet_gateway.internet-gtw",
            "aws_nat_gateway.NAT-gtw",
            "aws_subnet.Pub-subnet",
            "aws_vpc.RDS-VPC"
          ]
        }
      ]
    },
    {
      "mode": "managed",
      "type": "aws_route_table",
      "name": "Public-RT",
      "provider": "provider[\"registry.terraform.io/hashicorp/aws\"]",
      "instances": [
        {
          "schema_version": 0,
          "attributes": {
            "arn": "arn:aws:ec2:us-east-1:135808924399:route-table/rtb-05fa1324e834a83ce",
            "id": "rtb-05fa1324e834a83ce",
            "owner_id": "135808924399",
            "propagating_vgws": [],
            "route": [
              {
                "carrier_gateway_id": "",
                "cidr_block": "0.0.0.0/0",
                "core_network_arn": "",
                "destination_prefix_list_id": "",
                "egress_only_gateway_id": "",
                "gateway_id": "igw-0927b81dd949cc8ec",
                "ipv6_cidr_block": "",
                "local_gateway_id": "",
                "nat_gateway_id": "",
                "network_interface_id": "",
                "transit_gateway_id": "",
                "vpc_endpoint_id": "",
                "vpc_peering_connection_id": ""
              }
            ],
            "tags": {
              "Name": "Public-RT"
            },
            "tags_all": {
              "Name": "Public-RT"
            },
            "timeouts": null,
            "vpc_id": "vpc-0f941924a0a933601"
          },
          "sensitive_attributes": [],
          "private": "eyJlMmJmYjczMC1lY2FhLTExZTYtOGY4OC0zNDM2M2JjN2M0YzAiOnsiY3JlYXRlIjozMDAwMDAwMDAwMDAsImRlbGV0ZSI6MzAwMDAwMDAwMDAwLCJ1cGRhdGUiOjEyMDAwMDAwMDAwMH19",
          "dependencies": [
            "aws_internet_gateway.internet-gtw",
            "aws_vpc.RDS-VPC"
          ]
        }
      ]
    },
    {
      "mode": "managed",
      "type": "aws_route_table_association",
      "name": "Pub-ass",
      "provider": "provider[\"registry.terraform.io/hashicorp/aws\"]",
      "instances": [
        {
          "schema_version": 0,
          "attributes": {
            "gateway_id": "",
            "id": "rtbassoc-01602f5a7cab443f7",
            "route_table_id": "rtb-05fa1324e834a83ce",
            "subnet_id": "subnet-09a4c68ecbf72b572",
            "timeouts": null
          },
          "sensitive_attributes": [],
          "private": "eyJlMmJmYjczMC1lY2FhLTExZTYtOGY4OC0zNDM2M2JjN2M0YzAiOnsiY3JlYXRlIjozMDAwMDAwMDAwMDAsImRlbGV0ZSI6MzAwMDAwMDAwMDAwLCJ1cGRhdGUiOjEyMDAwMDAwMDAwMH19",
          "dependencies": [
            "aws_internet_gateway.internet-gtw",
            "aws_route_table.Public-RT",
            "aws_subnet.Pub-subnet",
            "aws_vpc.RDS-VPC"
          ]
        }
      ]
    },
    {
      "mode": "managed",
      "type": "aws_route_table_association",
      "name": "private-ass1",
      "provider": "provider[\"registry.terraform.io/hashicorp/aws\"]",
      "instances": [
        {
          "schema_version": 0,
          "attributes": {
            "gateway_id": "",
            "id": "rtbassoc-01e5070c14d91aead",
            "route_table_id": "rtb-0db8633f396fa1396",
            "subnet_id": "subnet-0a21988676e09c393",
            "timeouts": null
          },
          "sensitive_attributes": [],
          "private": "eyJlMmJmYjczMC1lY2FhLTExZTYtOGY4OC0zNDM2M2JjN2M0YzAiOnsiY3JlYXRlIjozMDAwMDAwMDAwMDAsImRlbGV0ZSI6MzAwMDAwMDAwMDAwLCJ1cGRhdGUiOjEyMDAwMDAwMDAwMH19",
          "dependencies": [
            "aws_eip.eip1",
            "aws_internet_gateway.internet-gtw",
            "aws_nat_gateway.NAT-gtw",
            "aws_route_table.Private-RT",
            "aws_subnet.Private-subnet1",
            "aws_subnet.Pub-subnet",
            "aws_vpc.RDS-VPC"
          ]
        }
      ]
    },
    {
      "mode": "managed",
      "type": "aws_route_table_association",
      "name": "private-ass2",
      "provider": "provider[\"registry.terraform.io/hashicorp/aws\"]",
      "instances": [
        {
          "schema_version": 0,
          "attributes": {
            "gateway_id": "",
            "id": "rtbassoc-0a4203d8a9bb474de",
            "route_table_id": "rtb-0db8633f396fa1396",
            "subnet_id": "subnet-021f7485835f05a49",
            "timeouts": null
          },
          "sensitive_attributes": [],
          "private": "eyJlMmJmYjczMC1lY2FhLTExZTYtOGY4OC0zNDM2M2JjN2M0YzAiOnsiY3JlYXRlIjozMDAwMDAwMDAwMDAsImRlbGV0ZSI6MzAwMDAwMDAwMDAwLCJ1cGRhdGUiOjEyMDAwMDAwMDAwMH19",
          "dependencies": [
            "aws_eip.eip1",
            "aws_internet_gateway.internet-gtw",
            "aws_nat_gateway.NAT-gtw",
            "aws_route_table.Private-RT",
            "aws_subnet.Private-subnet2",
            "aws_subnet.Pub-subnet",
            "aws_vpc.RDS-VPC"
          ]
        }
      ]
    },
    {
      "mode": "managed",
      "type": "aws_security_group",
      "name": "SG",
      "provider": "provider[\"registry.terraform.io/hashicorp/aws\"]",
      "instances": [
        {
          "schema_version": 1,
          "attributes": {
            "arn": "arn:aws:ec2:us-east-1:135808924399:security-group/sg-08b3831fc5f784cae",
            "description": "Managed by Terraform",
            "egress": [
              {
                "cidr_blocks": [
                  "0.0.0.0/0"
                ],
                "description": "",
                "from_port": 0,
                "ipv6_cidr_blocks": [],
                "prefix_list_ids": [],
                "protocol": "-1",
                "security_groups": [],
                "self": false,
                "to_port": 0
              }
            ],
            "id": "sg-08b3831fc5f784cae",
            "ingress": [
              {
                "cidr_blocks": [
                  "0.0.0.0/0"
                ],
                "description": "",
                "from_port": 22,
                "ipv6_cidr_blocks": [],
                "prefix_list_ids": [],
                "protocol": "tcp",
                "security_groups": [],
                "self": false,
                "to_port": 22
              }
            ],
            "name": "terraform-20250515022327661400000001",
            "name_prefix": "terraform-",
            "owner_id": "135808924399",
            "revoke_rules_on_delete": false,
            "tags": {
              "Name": "security-grp"
            },
            "tags_all": {
              "Name": "security-grp"
            },
            "timeouts": null,
            "vpc_id": "vpc-0f941924a0a933601"
          },
          "sensitive_attributes": [],
          "private": "eyJlMmJmYjczMC1lY2FhLTExZTYtOGY4OC0zNDM2M2JjN2M0YzAiOnsiY3JlYXRlIjo2MDAwMDAwMDAwMDAsImRlbGV0ZSI6OTAwMDAwMDAwMDAwfSwic2NoZW1hX3ZlcnNpb24iOiIxIn0=",
          "dependencies": [
            "aws_vpc.RDS-VPC"
          ]
        }
      ]
    },
    {
      "mode": "managed",
      "type": "aws_security_group",
      "name": "rds-sg",
      "provider": "provider[\"registry.terraform.io/hashicorp/aws\"]",
      "instances": [
        {
          "schema_version": 1,
          "attributes": {
            "arn": "arn:aws:ec2:us-east-1:135808924399:security-group/sg-0f4fdbd1980081328",
            "description": "Managed by Terraform",
            "egress": [
              {
                "cidr_blocks": [
                  "0.0.0.0/0"
                ],
                "description": "",
                "from_port": 0,
                "ipv6_cidr_blocks": [],
                "prefix_list_ids": [],
                "protocol": "-1",
                "security_groups": [],
                "self": false,
                "to_port": 0
              }
            ],
            "id": "sg-0f4fdbd1980081328",
            "ingress": [
              {
                "cidr_blocks": [],
                "description": "Allow PostgreSQL from EC2 SG",
                "from_port": 5432,
                "ipv6_cidr_blocks": [],
                "prefix_list_ids": [],
                "protocol": "tcp",
                "security_groups": [
                  "sg-08b3831fc5f784cae"
                ],
                "self": false,
                "to_port": 5432
              }
            ],
            "name": "terraform-20250515024943405300000001",
            "name_prefix": "terraform-",
            "owner_id": "135808924399",
            "revoke_rules_on_delete": false,
            "tags": {
              "Name": "security-grp-rds"
            },
            "tags_all": {
              "Name": "security-grp-rds"
            },
            "timeouts": null,
            "vpc_id": "vpc-0f941924a0a933601"
          },
          "sensitive_attributes": [],
          "private": "eyJlMmJmYjczMC1lY2FhLTExZTYtOGY4OC0zNDM2M2JjN2M0YzAiOnsiY3JlYXRlIjo2MDAwMDAwMDAwMDAsImRlbGV0ZSI6OTAwMDAwMDAwMDAwfSwic2NoZW1hX3ZlcnNpb24iOiIxIn0=",
          "dependencies": [
            "aws_security_group.SG",
            "aws_vpc.RDS-VPC"
          ]
        }
      ]
    },
    {
      "mode": "managed",
      "type": "aws_subnet",
      "name": "Private-subnet1",
      "provider": "provider[\"registry.terraform.io/hashicorp/aws\"]",
      "instances": [
        {
          "schema_version": 1,
          "attributes": {
            "arn": "arn:aws:ec2:us-east-1:135808924399:subnet/subnet-0a21988676e09c393",
            "assign_ipv6_address_on_creation": false,
            "availability_zone": "us-east-1b",
            "availability_zone_id": "use1-az6",
            "cidr_block": "10.0.2.0/24",
            "customer_owned_ipv4_pool": "",
            "enable_dns64": false,
            "enable_lni_at_device_index": 0,
            "enable_resource_name_dns_a_record_on_launch": false,
            "enable_resource_name_dns_aaaa_record_on_launch": false,
            "id": "subnet-0a21988676e09c393",
            "ipv6_cidr_block": "",
            "ipv6_cidr_block_association_id": "",
            "ipv6_native": false,
            "map_customer_owned_ip_on_launch": false,
            "map_public_ip_on_launch": false,
            "outpost_arn": "",
            "owner_id": "135808924399",
            "private_dns_hostname_type_on_launch": "ip-name",
            "tags": {
              "Name": "Private-subnet1"
            },
            "tags_all": {
              "Name": "Private-subnet1"
            },
            "timeouts": null,
            "vpc_id": "vpc-0f941924a0a933601"
          },
          "sensitive_attributes": [],
          "private": "eyJlMmJmYjczMC1lY2FhLTExZTYtOGY4OC0zNDM2M2JjN2M0YzAiOnsiY3JlYXRlIjo2MDAwMDAwMDAwMDAsImRlbGV0ZSI6MTIwMDAwMDAwMDAwMH0sInNjaGVtYV92ZXJzaW9uIjoiMSJ9",
          "dependencies": [
            "aws_vpc.RDS-VPC"
          ]
        }
      ]
    },
    {
      "mode": "managed",
      "type": "aws_subnet",
      "name": "Private-subnet2",
      "provider": "provider[\"registry.terraform.io/hashicorp/aws\"]",
      "instances": [
        {
          "schema_version": 1,
          "attributes": {
            "arn": "arn:aws:ec2:us-east-1:135808924399:subnet/subnet-021f7485835f05a49",
            "assign_ipv6_address_on_creation": false,
            "availability_zone": "us-east-1c",
            "availability_zone_id": "use1-az1",
            "cidr_block": "10.0.3.0/24",
            "customer_owned_ipv4_pool": "",
            "enable_dns64": false,
            "enable_lni_at_device_index": 0,
            "enable_resource_name_dns_a_record_on_launch": false,
            "enable_resource_name_dns_aaaa_record_on_launch": false,
            "id": "subnet-021f7485835f05a49",
            "ipv6_cidr_block": "",
            "ipv6_cidr_block_association_id": "",
            "ipv6_native": false,
            "map_customer_owned_ip_on_launch": false,
            "map_public_ip_on_launch": false,
            "outpost_arn": "",
            "owner_id": "135808924399",
            "private_dns_hostname_type_on_launch": "ip-name",
            "tags": {
              "Name": "Private-subnet2"
            },
            "tags_all": {
              "Name": "Private-subnet2"
            },
            "timeouts": null,
            "vpc_id": "vpc-0f941924a0a933601"
          },
          "sensitive_attributes": [],
          "private": "eyJlMmJmYjczMC1lY2FhLTExZTYtOGY4OC0zNDM2M2JjN2M0YzAiOnsiY3JlYXRlIjo2MDAwMDAwMDAwMDAsImRlbGV0ZSI6MTIwMDAwMDAwMDAwMH0sInNjaGVtYV92ZXJzaW9uIjoiMSJ9",
          "dependencies": [
            "aws_vpc.RDS-VPC"
          ]
        }
      ]
    },
    {
      "mode": "managed",
      "type": "aws_subnet",
      "name": "Pub-subnet",
      "provider": "provider[\"registry.terraform.io/hashicorp/aws\"]",
      "instances": [
        {
          "schema_version": 1,
          "attributes": {
            "arn": "arn:aws:ec2:us-east-1:135808924399:subnet/subnet-09a4c68ecbf72b572",
            "assign_ipv6_address_on_creation": false,
            "availability_zone": "us-east-1b",
            "availability_zone_id": "use1-az6",
            "cidr_block": "10.0.1.0/24",
            "customer_owned_ipv4_pool": "",
            "enable_dns64": false,
            "enable_lni_at_device_index": 0,
            "enable_resource_name_dns_a_record_on_launch": false,
            "enable_resource_name_dns_aaaa_record_on_launch": false,
            "id": "subnet-09a4c68ecbf72b572",
            "ipv6_cidr_block": "",
            "ipv6_cidr_block_association_id": "",
            "ipv6_native": false,
            "map_customer_owned_ip_on_launch": false,
            "map_public_ip_on_launch": true,
            "outpost_arn": "",
            "owner_id": "135808924399",
            "private_dns_hostname_type_on_launch": "ip-name",
            "tags": {
              "Name": "Public-subnet"
            },
            "tags_all": {
              "Name": "Public-subnet"
            },
            "timeouts": null,
            "vpc_id": "vpc-0f941924a0a933601"
          },
          "sensitive_attributes": [],
          "private": "eyJlMmJmYjczMC1lY2FhLTExZTYtOGY4OC0zNDM2M2JjN2M0YzAiOnsiY3JlYXRlIjo2MDAwMDAwMDAwMDAsImRlbGV0ZSI6MTIwMDAwMDAwMDAwMH0sInNjaGVtYV92ZXJzaW9uIjoiMSJ9",
          "dependencies": [
            "aws_vpc.RDS-VPC"
          ]
        }
      ]
    },
    {
      "mode": "managed",
      "type": "aws_vpc",
      "name": "RDS-VPC",
      "provider": "provider[\"registry.terraform.io/hashicorp/aws\"]",
      "instances": [
        {
          "schema_version": 1,
          "attributes": {
            "arn": "arn:aws:ec2:us-east-1:135808924399:vpc/vpc-0f941924a0a933601",
            "assign_generated_ipv6_cidr_block": false,
            "cidr_block": "10.0.0.0/16",
            "default_network_acl_id": "acl-057eb076c28585452",
            "default_route_table_id": "rtb-07d2545cca3971cad",
            "default_security_group_id": "sg-0902cbd67a5524f35",
            "dhcp_options_id": "dopt-07d25e5b23700ffa6",
            "enable_dns_hostnames": true,
            "enable_dns_support": true,
            "enable_network_address_usage_metrics": false,
            "id": "vpc-0f941924a0a933601",
            "instance_tenancy": "default",
            "ipv4_ipam_pool_id": null,
            "ipv4_netmask_length": null,
            "ipv6_association_id": "",
            "ipv6_cidr_block": "",
            "ipv6_cidr_block_network_border_group": "",
            "ipv6_ipam_pool_id": "",
            "ipv6_netmask_length": 0,
            "main_route_table_id": "rtb-07d2545cca3971cad",
            "owner_id": "135808924399",
            "tags": {
              "Name": "RDS-VPC"
            },
            "tags_all": {
              "Name": "RDS-VPC"
            }
          },
          "sensitive_attributes": [],
          "private": "eyJzY2hlbWFfdmVyc2lvbiI6IjEifQ=="
        }
      ]
    },
    {
      "mode": "managed",
      "type": "tls_private_key",
      "name": "example",
      "provider": "provider[\"registry.terraform.io/hashicorp/tls\"]",
      "instances": [
        {
          "schema_version": 1,
          "attributes": {
            "algorithm": "RSA",
            "ecdsa_curve": "P224",
            "id": "5a585964f2296cf776abb9bd73834f65879a20ab",
            "private_key_openssh": "-----BEGIN OPENSSH PRIVATE KEY-----\nb3BlbnNzaC1rZXktdjEAAAAABG5vbmUAAAAEbm9uZQAAAAAAAAABAAACFwAAAAdz\nc2gtcnNhAAAAAwEAAQAAAgEA1lSoxiPQcJAo8VF6rfoaupvbYJXVnrgR1wnKMtVf\nh+bxbmfxc1dC5RUJt/Cx0MjuWfvTdSOqKITZCiyT8oDOJXzykPti3AtLXz4ZUirP\nNcCvVr3IYEqic/2UHCyirDpAgBdRzqdrmRfF/rKHPL06ySv0hi78zRwZK73Bc4oq\n79DQOaCJWSwdRp5FlyJjah92jgUjKpl1N1Vqlvr9l/DxRmoBV8Wt2DKNxZYzMLie\nRdkO8OTS1otXY4VrzMG3MhmP60iGanDqphz1rXhHpvOb6ssQiDSkdj5eSNut8tBu\nh2l9KKWDgb8ZoUOE11pCm4tUNzxzs9C5WrQKwztmpnAQ4z7eTijBiXKQcc/bRByp\n+nt/7wiLNiEuhuS9hj9T2+162Eu//JxFg1aW/Leby5luj906WV8dw9cfRToe9ohD\nVsstQmQYKOrEwxtRgoMOamsou1q3uK1RV1jLC79nCIwX8s0QUf8d14qIVpgs+dii\nwriz6tGjYuydYU8Y8bQ9ctFCaLtmpSNESRZaN/EjvLF6Rsi8oOiZFT3Y+h3Cn2Zn\nqivZj0+BSdwPMU6KiHxKIdB/ztvSJxEFDNjJUqe4dXLFZNqDuhLcFgTTLF7hKH3P\nj7msNBkRtc8AdyZz+q4amVUWk9ZXZ++xGGeDSO6+s8qKD3yIfloahjMgTfhOqxwM\nPEUAAAc4DPHaUQzx2lEAAAAHc3NoLXJzYQAAAgEA1lSoxiPQcJAo8VF6rfoaupvb\nYJXVnrgR1wnKMtVfh+bxbmfxc1dC5RUJt/Cx0MjuWfvTdSOqKITZCiyT8oDOJXzy\nkPti3AtLXz4ZUirPNcCvVr3IYEqic/2UHCyirDpAgBdRzqdrmRfF/rKHPL06ySv0\nhi78zRwZK73Bc4oq79DQOaCJWSwdRp5FlyJjah92jgUjKpl1N1Vqlvr9l/DxRmoB\nV8Wt2DKNxZYzMLieRdkO8OTS1otXY4VrzMG3MhmP60iGanDqphz1rXhHpvOb6ssQ\niDSkdj5eSNut8tBuh2l9KKWDgb8ZoUOE11pCm4tUNzxzs9C5WrQKwztmpnAQ4z7e\nTijBiXKQcc/bRByp+nt/7wiLNiEuhuS9hj9T2+162Eu//JxFg1aW/Leby5luj906\nWV8dw9cfRToe9ohDVsstQmQYKOrEwxtRgoMOamsou1q3uK1RV1jLC79nCIwX8s0Q\nUf8d14qIVpgs+diiwriz6tGjYuydYU8Y8bQ9ctFCaLtmpSNESRZaN/EjvLF6Rsi8\noOiZFT3Y+h3Cn2ZnqivZj0+BSdwPMU6KiHxKIdB/ztvSJxEFDNjJUqe4dXLFZNqD\nuhLcFgTTLF7hKH3Pj7msNBkRtc8AdyZz+q4amVUWk9ZXZ++xGGeDSO6+s8qKD3yI\nfloahjMgTfhOqxwMPEUAAAADAQABAAACAEvm9VIeEs4aL3Wufjyoiti1I06kIV+x\nHhhCTkoMSGWPgsavptFLANSxy5xJcB9ZWRei1/Lu626oBVjWCprhxJ+ADUMM06jL\nkyiqjDsOEA2gLDgSw6heJgPftJj5sa4+fuMd3wnJPpCb27FkNgJrnSrrFxCCCWL1\n5XAZJi4tqyD8mREfaiSbO87rdAee1QgbFlgbN6X5bIppBHNtdWtel4NxPQKBbhxX\nYt+rXnuNlfd0dBcZYhU6iXskH9YGcEMczFvtdjSxwleLf/Gr2+wi73+J5FPoGKoL\nUkaJDaQk7k+kKv+/BcBoFcKHb774JwiAohVhojP24f1eL0WOfr7IhyHc2FFxSq4a\noWPo0l2yfaU4tl0NieiyFOl5EYC8FJCZD9SjXN6q9JniE8fDPohwaDemR12rmcnO\nqJ8VcWJcEEm54CN6RVtW1cWmZkKokPbbAmeIrOlGaZSgaetRD9epHTYyeh5SEvSB\nKmlJq4hCaWuXO9RntV7rrexxTvM/yoH+TvkRJeNZLrtvt45X4/TgcOBZxn00F8fF\nzPDtieg1ZPDSpza9+lTHgeZRVZX4dIn5g1fwnaqGEB48KorSvpw1fWNf3iTiUbMI\n7CVDPQK8ylUZ4yHWTCLCEroGwgG8hTLpyPbQtoaaignxZZ7L72BOnhK7lEZxqSH0\nyMN8ON3C3C8tAAABADwJpEXJYfizlkvPA62FNSS5LNjlhlDIXGcUQRSWgdBKOKqP\n8XmkLB0G+JY8CUVQu84+VL+Gby4rDElSK2rvdbId2fkniEGrT3iVGdF3z+Z4zYXo\nsoSAEejNmQvp6dGG62zAPRvh9LhtAIRN4J//eWVronSWQzzvuK8Z2OZWMT8jVJTW\n8hNdozZFq8a2UQhqyFvZJGYW3Enjmoj+5L1zbmVXhZGmVygZOv84Y/VV1aX2YQyW\nJ0r1dEESPdtKspGGK91Hg0lJxzzYFuOv96FM2+zFrkxCgUuxCtoxDP5lMLs44fn4\nCoLXRHePx7cJv6FrdFV8BbL9Cjhc9MMYYz1P2nYAAAEBAN4gWkj0iJOYEzwrKX73\nW9HxI131BNsfpZ7SuO0Vgeg9yc98mJY68ojbcPW4VfApI3ViREvM3pt+iqmTzCcv\nSD5HEpBqRPVrYJUfX+Nkf9Glu3qhhuPeUxtg73KYRYEtia7/inUdO1/FS9KUu06e\nIv/Y0wy4Hd1AEWEjq3o18dvXK0NfNY578bCLn1QEVBOdqikLmyIxM/gLhRF0E2c7\nNJs3JEb4budWyHmhfOSa9b08zvmonhnJnH/37+IiB1ZNpwrd2KvAEXN8oYPlWzkv\nZZlGOuWy6wY0TDxdXMtQa0hkVQbPxLIMo/HV7REpclfEoUIEiFVZUEsBYFtIVJ2g\nXO8AAAEBAPcD+B03MqWYvh5B35hPq8X3E+SpQAVqF/jcRwWoVVkHvWlJIxoMDnaZ\nAxqZ5xXg3EeO+YW6LJq8j5F0NsAKj+krFq88vzb0oS9Vf1hyJJ5q04tIFarXkUWr\ni3DJU7nu7ff5ioG/rguw04J3hLmVdiRc0rQDHwQrqfdtwEdbQipuMSs56mbXRPu6\nyQU48jbMWwfwkVsX1dPzs7HAK/m78A9Ts8Ou6YSAqi7c2oH1zgrMTGwniXnjjtTP\nloiNfwT3gXvvHNyKpZoSbcldh5p+uOCFFOdfWqNSlKIxb86Sdid6nQjDBVIV1xCc\nu/RemSvuWUk6zCM5jegXP4jsgVw3ogsAAAAAAQID\n-----END OPENSSH PRIVATE KEY-----\n",
            "private_key_pem": "-----BEGIN RSA PRIVATE KEY-----\nMIIJKAIBAAKCAgEA1lSoxiPQcJAo8VF6rfoaupvbYJXVnrgR1wnKMtVfh+bxbmfx\nc1dC5RUJt/Cx0MjuWfvTdSOqKITZCiyT8oDOJXzykPti3AtLXz4ZUirPNcCvVr3I\nYEqic/2UHCyirDpAgBdRzqdrmRfF/rKHPL06ySv0hi78zRwZK73Bc4oq79DQOaCJ\nWSwdRp5FlyJjah92jgUjKpl1N1Vqlvr9l/DxRmoBV8Wt2DKNxZYzMLieRdkO8OTS\n1otXY4VrzMG3MhmP60iGanDqphz1rXhHpvOb6ssQiDSkdj5eSNut8tBuh2l9KKWD\ngb8ZoUOE11pCm4tUNzxzs9C5WrQKwztmpnAQ4z7eTijBiXKQcc/bRByp+nt/7wiL\nNiEuhuS9hj9T2+162Eu//JxFg1aW/Leby5luj906WV8dw9cfRToe9ohDVsstQmQY\nKOrEwxtRgoMOamsou1q3uK1RV1jLC79nCIwX8s0QUf8d14qIVpgs+diiwriz6tGj\nYuydYU8Y8bQ9ctFCaLtmpSNESRZaN/EjvLF6Rsi8oOiZFT3Y+h3Cn2ZnqivZj0+B\nSdwPMU6KiHxKIdB/ztvSJxEFDNjJUqe4dXLFZNqDuhLcFgTTLF7hKH3Pj7msNBkR\ntc8AdyZz+q4amVUWk9ZXZ++xGGeDSO6+s8qKD3yIfloahjMgTfhOqxwMPEUCAwEA\nAQKCAgBL5vVSHhLOGi91rn48qIrYtSNOpCFfsR4YQk5KDEhlj4LGr6bRSwDUscuc\nSXAfWVkXotfy7utuqAVY1gqa4cSfgA1DDNOoy5Moqow7DhANoCw4EsOoXiYD37SY\n+bGuPn7jHd8JyT6Qm9uxZDYCa50q6xcQggli9eVwGSYuLasg/JkRH2okmzvO63QH\nntUIGxZYGzel+WyKaQRzbXVrXpeDcT0CgW4cV2Lfq157jZX3dHQXGWIVOol7JB/W\nBnBDHMxb7XY0scJXi3/xq9vsIu9/ieRT6BiqC1JGiQ2kJO5PpCr/vwXAaBXCh2++\n+CcIgKIVYaIz9uH9Xi9Fjn6+yIch3NhRcUquGqFj6NJdsn2lOLZdDYnoshTpeRGA\nvBSQmQ/Uo1zeqvSZ4hPHwz6IcGg3pkddq5nJzqifFXFiXBBJueAjekVbVtXFpmZC\nqJD22wJniKzpRmmUoGnrUQ/XqR02MnoeUhL0gSppSauIQmlrlzvUZ7Ve663scU7z\nP8qB/k75ESXjWS67b7eOV+P04HDgWcZ9NBfHxczw7YnoNWTw0qc2vfpUx4HmUVWV\n+HSJ+YNX8J2qhhAePCqK0r6cNX1jX94k4lGzCOwlQz0CvMpVGeMh1kwiwhK6BsIB\nvIUy6cj20LaGmooJ8WWey+9gTp4Su5RGcakh9MjDfDjdwtwvLQKCAQEA3iBaSPSI\nk5gTPCspfvdb0fEjXfUE2x+lntK47RWB6D3Jz3yYljryiNtw9bhV8CkjdWJES8ze\nm36KqZPMJy9IPkcSkGpE9WtglR9f42R/0aW7eqGG495TG2DvcphFgS2Jrv+KdR07\nX8VL0pS7Tp4i/9jTDLgd3UARYSOrejXx29crQ181jnvxsIufVARUE52qKQubIjEz\n+AuFEXQTZzs0mzckRvhu51bIeaF85Jr1vTzO+aieGcmcf/fv4iIHVk2nCt3Yq8AR\nc3yhg+VbOS9lmUY65bLrBjRMPF1cy1BrSGRVBs/Esgyj8dXtESlyV8ShQgSIVVlQ\nSwFgW0hUnaBc7wKCAQEA9wP4HTcypZi+HkHfmE+rxfcT5KlABWoX+NxHBahVWQe9\naUkjGgwOdpkDGpnnFeDcR475hbosmryPkXQ2wAqP6SsWrzy/NvShL1V/WHIknmrT\ni0gVqteRRauLcMlTue7t9/mKgb+uC7DTgneEuZV2JFzStAMfBCup923AR1tCKm4x\nKznqZtdE+7rJBTjyNsxbB/CRWxfV0/OzscAr+bvwD1Ozw67phICqLtzagfXOCsxM\nbCeJeeOO1M+WiI1/BPeBe+8c3IqlmhJtyV2Hmn644IUU519ao1KUojFvzpJ2J3qd\nCMMFUhXXEJy79F6ZK+5ZSTrMIzmN6Bc/iOyBXDeiCwKCAQB9UEk/MV2/zqLDZiJR\n8+EETwNB5ZIowPDh6kXT0zdnuzwYZ1V6I6VimlJe/fDVvY+4kIixLtJDbR9zTeN2\nE9Gw+M27VYiz4DErz/h7w93se5CKPYhpE6tVHdnYj5leqD8t0BLfwW8Wt6rwEWKe\nls5uAngGi/SlNpjXcZUzLC3Xdct9hcAkMz6F+C8Z6hs4udEeuOJ7ZsDH5k/bKd4s\ndhVWn8RCmbOPpcESBY39NoL+kMi/xmXzbG9zLoBR1hrHkKV1lvS+6Guv+JbyXzmY\nyGmMEDf4EHlRFb4QrCdGuIbd32SspBh2znTLYYIOFZDhfRfws7fqVqnattsShHrg\nNnFXAoIBAQDI7zqikWcqm7BzroQzQwPpGo7dH+yLOv1bG9zONluO+6PRhIQASTRu\ntxN2TSFUg8DMmPpTFNn52U80NAPhffYI51shm1m0W5TOi0725IrzLtT8ZNvzSD3N\nHbllOvBXvItpf11zJDhxHBtB8vVNfc5H0BY6BpvxaY9uTaHuqcaN+2sVzZvmolBk\nMVIaZHNrrhqSv9eN8TqomoJfIoLjOEUUQrNlh+A/P+awDknVE93SnNPB2vuS4lAq\nvt6mH+vmX2u+JAknQcVqKnmSJvoK6/B5+ufBOqjhWGi981cPA8cHYE9jdDjcyBVV\nVxnxtA4HVXDeB+1M7iGIXXj6aeDk4gB3AoIBADwJpEXJYfizlkvPA62FNSS5LNjl\nhlDIXGcUQRSWgdBKOKqP8XmkLB0G+JY8CUVQu84+VL+Gby4rDElSK2rvdbId2fkn\niEGrT3iVGdF3z+Z4zYXosoSAEejNmQvp6dGG62zAPRvh9LhtAIRN4J//eWVronSW\nQzzvuK8Z2OZWMT8jVJTW8hNdozZFq8a2UQhqyFvZJGYW3Enjmoj+5L1zbmVXhZGm\nVygZOv84Y/VV1aX2YQyWJ0r1dEESPdtKspGGK91Hg0lJxzzYFuOv96FM2+zFrkxC\ngUuxCtoxDP5lMLs44fn4CoLXRHePx7cJv6FrdFV8BbL9Cjhc9MMYYz1P2nY=\n-----END RSA PRIVATE KEY-----\n",
            "private_key_pem_pkcs8": "-----BEGIN PRIVATE KEY-----\nMIIJQgIBADANBgkqhkiG9w0BAQEFAASCCSwwggkoAgEAAoICAQDWVKjGI9BwkCjx\nUXqt+hq6m9tgldWeuBHXCcoy1V+H5vFuZ/FzV0LlFQm38LHQyO5Z+9N1I6oohNkK\nLJPygM4lfPKQ+2LcC0tfPhlSKs81wK9WvchgSqJz/ZQcLKKsOkCAF1HOp2uZF8X+\nsoc8vTrJK/SGLvzNHBkrvcFziirv0NA5oIlZLB1GnkWXImNqH3aOBSMqmXU3VWqW\n+v2X8PFGagFXxa3YMo3FljMwuJ5F2Q7w5NLWi1djhWvMwbcyGY/rSIZqcOqmHPWt\neEem85vqyxCINKR2Pl5I263y0G6HaX0opYOBvxmhQ4TXWkKbi1Q3PHOz0LlatArD\nO2amcBDjPt5OKMGJcpBxz9tEHKn6e3/vCIs2IS6G5L2GP1Pb7XrYS7/8nEWDVpb8\nt5vLmW6P3TpZXx3D1x9FOh72iENWyy1CZBgo6sTDG1GCgw5qayi7Wre4rVFXWMsL\nv2cIjBfyzRBR/x3XiohWmCz52KLCuLPq0aNi7J1hTxjxtD1y0UJou2alI0RJFlo3\n8SO8sXpGyLyg6JkVPdj6HcKfZmeqK9mPT4FJ3A8xToqIfEoh0H/O29InEQUM2MlS\np7h1csVk2oO6EtwWBNMsXuEofc+Puaw0GRG1zwB3JnP6rhqZVRaT1ldn77EYZ4NI\n7r6zyooPfIh+WhqGMyBN+E6rHAw8RQIDAQABAoICAEvm9VIeEs4aL3Wufjyoiti1\nI06kIV+xHhhCTkoMSGWPgsavptFLANSxy5xJcB9ZWRei1/Lu626oBVjWCprhxJ+A\nDUMM06jLkyiqjDsOEA2gLDgSw6heJgPftJj5sa4+fuMd3wnJPpCb27FkNgJrnSrr\nFxCCCWL15XAZJi4tqyD8mREfaiSbO87rdAee1QgbFlgbN6X5bIppBHNtdWtel4Nx\nPQKBbhxXYt+rXnuNlfd0dBcZYhU6iXskH9YGcEMczFvtdjSxwleLf/Gr2+wi73+J\n5FPoGKoLUkaJDaQk7k+kKv+/BcBoFcKHb774JwiAohVhojP24f1eL0WOfr7IhyHc\n2FFxSq4aoWPo0l2yfaU4tl0NieiyFOl5EYC8FJCZD9SjXN6q9JniE8fDPohwaDem\nR12rmcnOqJ8VcWJcEEm54CN6RVtW1cWmZkKokPbbAmeIrOlGaZSgaetRD9epHTYy\neh5SEvSBKmlJq4hCaWuXO9RntV7rrexxTvM/yoH+TvkRJeNZLrtvt45X4/TgcOBZ\nxn00F8fFzPDtieg1ZPDSpza9+lTHgeZRVZX4dIn5g1fwnaqGEB48KorSvpw1fWNf\n3iTiUbMI7CVDPQK8ylUZ4yHWTCLCEroGwgG8hTLpyPbQtoaaignxZZ7L72BOnhK7\nlEZxqSH0yMN8ON3C3C8tAoIBAQDeIFpI9IiTmBM8Kyl+91vR8SNd9QTbH6We0rjt\nFYHoPcnPfJiWOvKI23D1uFXwKSN1YkRLzN6bfoqpk8wnL0g+RxKQakT1a2CVH1/j\nZH/Rpbt6oYbj3lMbYO9ymEWBLYmu/4p1HTtfxUvSlLtOniL/2NMMuB3dQBFhI6t6\nNfHb1ytDXzWOe/Gwi59UBFQTnaopC5siMTP4C4URdBNnOzSbNyRG+G7nVsh5oXzk\nmvW9PM75qJ4ZyZx/9+/iIgdWTacK3dirwBFzfKGD5Vs5L2WZRjrlsusGNEw8XVzL\nUGtIZFUGz8SyDKPx1e0RKXJXxKFCBIhVWVBLAWBbSFSdoFzvAoIBAQD3A/gdNzKl\nmL4eQd+YT6vF9xPkqUAFahf43EcFqFVZB71pSSMaDA52mQMamecV4NxHjvmFuiya\nvI+RdDbACo/pKxavPL829KEvVX9YciSeatOLSBWq15FFq4twyVO57u33+YqBv64L\nsNOCd4S5lXYkXNK0Ax8EK6n3bcBHW0IqbjErOepm10T7uskFOPI2zFsH8JFbF9XT\n87OxwCv5u/APU7PDrumEgKou3NqB9c4KzExsJ4l5447Uz5aIjX8E94F77xzciqWa\nEm3JXYeafrjghRTnX1qjUpSiMW/OknYnep0IwwVSFdcQnLv0Xpkr7llJOswjOY3o\nFz+I7IFcN6ILAoIBAH1QST8xXb/OosNmIlHz4QRPA0HlkijA8OHqRdPTN2e7PBhn\nVXojpWKaUl798NW9j7iQiLEu0kNtH3NN43YT0bD4zbtViLPgMSvP+HvD3ex7kIo9\niGkTq1Ud2diPmV6oPy3QEt/Bbxa3qvARYp6Wzm4CeAaL9KU2mNdxlTMsLdd1y32F\nwCQzPoX4LxnqGzi50R644ntmwMfmT9sp3ix2FVafxEKZs4+lwRIFjf02gv6QyL/G\nZfNsb3MugFHWGseQpXWW9L7oa6/4lvJfOZjIaYwQN/gQeVEVvhCsJ0a4ht3fZKyk\nGHbOdMthgg4VkOF9F/Czt+pWqdq22xKEeuA2cVcCggEBAMjvOqKRZyqbsHOuhDND\nA+kajt0f7Is6/Vsb3M42W477o9GEhABJNG63E3ZNIVSDwMyY+lMU2fnZTzQ0A+F9\n9gjnWyGbWbRblM6LTvbkivMu1Pxk2/NIPc0duWU68Fe8i2l/XXMkOHEcG0Hy9U19\nzkfQFjoGm/Fpj25Noe6pxo37axXNm+aiUGQxUhpkc2uuGpK/143xOqiagl8iguM4\nRRRCs2WH4D8/5rAOSdUT3dKc08Ha+5LiUCq+3qYf6+Zfa74kCSdBxWoqeZIm+grr\n8Hn658E6qOFYaL3zVw8DxwdgT2N0ONzIFVVXGfG0DgdVcN4H7UzuIYhdePpp4OTi\nAHcCggEAPAmkRclh+LOWS88DrYU1JLks2OWGUMhcZxRBFJaB0Eo4qo/xeaQsHQb4\nljwJRVC7zj5Uv4ZvLisMSVIrau91sh3Z+SeIQatPeJUZ0XfP5njNheiyhIAR6M2Z\nC+np0YbrbMA9G+H0uG0AhE3gn/95ZWuidJZDPO+4rxnY5lYxPyNUlNbyE12jNkWr\nxrZRCGrIW9kkZhbcSeOaiP7kvXNuZVeFkaZXKBk6/zhj9VXVpfZhDJYnSvV0QRI9\n20qykYYr3UeDSUnHPNgW46/3oUzb7MWuTEKBS7EK2jEM/mUwuzjh+fgKgtdEd4/H\ntwm/oWt0VXwFsv0KOFz0wxhjPU/adg==\n-----END PRIVATE KEY-----\n",
            "public_key_fingerprint_md5": "17:6a:71:e1:32:f8:70:b6:86:ff:69:80:43:76:39:21",
            "public_key_fingerprint_sha256": "SHA256:dBSpc1ul947Tdgo8pLHCWwsf564BfF39ap3Fog6OQ8c",
            "public_key_openssh": "ssh-rsa AAAAB3NzaC1yc2EAAAADAQABAAACAQDWVKjGI9BwkCjxUXqt+hq6m9tgldWeuBHXCcoy1V+H5vFuZ/FzV0LlFQm38LHQyO5Z+9N1I6oohNkKLJPygM4lfPKQ+2LcC0tfPhlSKs81wK9WvchgSqJz/ZQcLKKsOkCAF1HOp2uZF8X+soc8vTrJK/SGLvzNHBkrvcFziirv0NA5oIlZLB1GnkWXImNqH3aOBSMqmXU3VWqW+v2X8PFGagFXxa3YMo3FljMwuJ5F2Q7w5NLWi1djhWvMwbcyGY/rSIZqcOqmHPWteEem85vqyxCINKR2Pl5I263y0G6HaX0opYOBvxmhQ4TXWkKbi1Q3PHOz0LlatArDO2amcBDjPt5OKMGJcpBxz9tEHKn6e3/vCIs2IS6G5L2GP1Pb7XrYS7/8nEWDVpb8t5vLmW6P3TpZXx3D1x9FOh72iENWyy1CZBgo6sTDG1GCgw5qayi7Wre4rVFXWMsLv2cIjBfyzRBR/x3XiohWmCz52KLCuLPq0aNi7J1hTxjxtD1y0UJou2alI0RJFlo38SO8sXpGyLyg6JkVPdj6HcKfZmeqK9mPT4FJ3A8xToqIfEoh0H/O29InEQUM2MlSp7h1csVk2oO6EtwWBNMsXuEofc+Puaw0GRG1zwB3JnP6rhqZVRaT1ldn77EYZ4NI7r6zyooPfIh+WhqGMyBN+E6rHAw8RQ==\n",
            "public_key_pem": "-----BEGIN PUBLIC KEY-----\nMIICIjANBgkqhkiG9w0BAQEFAAOCAg8AMIICCgKCAgEA1lSoxiPQcJAo8VF6rfoa\nupvbYJXVnrgR1wnKMtVfh+bxbmfxc1dC5RUJt/Cx0MjuWfvTdSOqKITZCiyT8oDO\nJXzykPti3AtLXz4ZUirPNcCvVr3IYEqic/2UHCyirDpAgBdRzqdrmRfF/rKHPL06\nySv0hi78zRwZK73Bc4oq79DQOaCJWSwdRp5FlyJjah92jgUjKpl1N1Vqlvr9l/Dx\nRmoBV8Wt2DKNxZYzMLieRdkO8OTS1otXY4VrzMG3MhmP60iGanDqphz1rXhHpvOb\n6ssQiDSkdj5eSNut8tBuh2l9KKWDgb8ZoUOE11pCm4tUNzxzs9C5WrQKwztmpnAQ\n4z7eTijBiXKQcc/bRByp+nt/7wiLNiEuhuS9hj9T2+162Eu//JxFg1aW/Leby5lu\nj906WV8dw9cfRToe9ohDVsstQmQYKOrEwxtRgoMOamsou1q3uK1RV1jLC79nCIwX\n8s0QUf8d14qIVpgs+diiwriz6tGjYuydYU8Y8bQ9ctFCaLtmpSNESRZaN/EjvLF6\nRsi8oOiZFT3Y+h3Cn2ZnqivZj0+BSdwPMU6KiHxKIdB/ztvSJxEFDNjJUqe4dXLF\nZNqDuhLcFgTTLF7hKH3Pj7msNBkRtc8AdyZz+q4amVUWk9ZXZ++xGGeDSO6+s8qK\nD3yIfloahjMgTfhOqxwMPEUCAwEAAQ==\n-----END PUBLIC KEY-----\n",
            "rsa_bits": 4096
          },
          "sensitive_attributes": [
            [
              {
                "type": "get_attr",
                "value": "private_key_pem_pkcs8"
              }
            ],
            [
              {
                "type": "get_attr",
                "value": "private_key_openssh"
              }
            ],
            [
              {
                "type": "get_attr",
                "value": "private_key_pem"
              }
            ]
          ]
        }
      ]
    }
  ],
  "check_results": null
}
