{
  "version": 4,
  "terraform_version": "1.10.5",
  "serial": 141,
  "lineage": "c48aeb1c-5c00-64b9-cb67-cd492c5fe803",
  "outputs": {},
  "resources": [
    {
      "mode": "managed",
      "type": "aws_instance",
      "name": "my-instance",
      "provider": "provider[\"registry.terraform.io/hashicorp/aws\"]",
      "instances": [
        {
          "schema_version": 1,
          "attributes": {
            "ami": "ami-0e449927258d45bc4",
            "arn": "arn:aws:ec2:us-east-1:135808924399:instance/i-0ad7c7ea65b35132b",
            "associate_public_ip_address": true,
            "availability_zone": "us-east-1a",
            "capacity_reservation_specification": [
              {
                "capacity_reservation_preference": "open",
                "capacity_reservation_target": []
              }
            ],
            "cpu_core_count": 1,
            "cpu_options": [
              {
                "amd_sev_snp": "",
                "core_count": 1,
                "threads_per_core": 1
              }
            ],
            "cpu_threads_per_core": 1,
            "credit_specification": [
              {
                "cpu_credits": "standard"
              }
            ],
            "disable_api_stop": false,
            "disable_api_termination": false,
            "ebs_block_device": [],
            "ebs_optimized": false,
            "enclave_options": [
              {
                "enabled": false
              }
            ],
            "ephemeral_block_device": [],
            "get_password_data": false,
            "hibernation": false,
            "host_id": "",
            "host_resource_group_arn": null,
            "iam_instance_profile": "",
            "id": "i-0ad7c7ea65b35132b",
            "instance_initiated_shutdown_behavior": "stop",
            "instance_lifecycle": "",
            "instance_market_options": [],
            "instance_state": "running",
            "instance_type": "t2.micro",
            "ipv6_address_count": 0,
            "ipv6_addresses": [],
            "key_name": "my-key",
            "launch_template": [],
            "maintenance_options": [
              {
                "auto_recovery": "default"
              }
            ],
            "metadata_options": [
              {
                "http_endpoint": "enabled",
                "http_protocol_ipv6": "disabled",
                "http_put_response_hop_limit": 2,
                "http_tokens": "required",
                "instance_metadata_tags": "disabled"
              }
            ],
            "monitoring": false,
            "network_interface": [],
            "outpost_arn": "",
            "password_data": "",
            "placement_group": "",
            "placement_partition_number": 0,
            "primary_network_interface_id": "eni-09678c57296e40bcc",
            "private_dns": "ip-10-0-1-54.ec2.internal",
            "private_dns_name_options": [
              {
                "enable_resource_name_dns_a_record": false,
                "enable_resource_name_dns_aaaa_record": false,
                "hostname_type": "ip-name"
              }
            ],
            "private_ip": "10.0.1.54",
            "public_dns": "",
            "public_ip": "52.207.252.0",
            "root_block_device": [
              {
                "delete_on_termination": true,
                "device_name": "/dev/xvda",
                "encrypted": false,
                "iops": 3000,
                "kms_key_id": "",
                "tags": {},
                "tags_all": {},
                "throughput": 125,
                "volume_id": "vol-00a9a57696c31ea93",
                "volume_size": 8,
                "volume_type": "gp3"
              }
            ],
            "secondary_private_ips": [],
            "security_groups": [],
            "source_dest_check": true,
            "spot_instance_request_id": "",
            "subnet_id": "subnet-0c59ee7838764688c",
            "tags": {
              "Name": "EC2-lb"
            },
            "tags_all": {
              "Name": "EC2-lb"
            },
            "tenancy": "default",
            "timeouts": null,
            "user_data": "effc4999f1e91ce8c044a5a8bddcc50bc70c9978",
            "user_data_base64": null,
            "user_data_replace_on_change": false,
            "volume_tags": null,
            "vpc_security_group_ids": [
              "sg-00fbe17f8ad5f1907"
            ]
          },
          "sensitive_attributes": [],
          "private": "eyJlMmJmYjczMC1lY2FhLTExZTYtOGY4OC0zNDM2M2JjN2M0YzAiOnsiY3JlYXRlIjo2MDAwMDAwMDAwMDAsImRlbGV0ZSI6MTIwMDAwMDAwMDAwMCwicmVhZCI6OTAwMDAwMDAwMDAwLCJ1cGRhdGUiOjYwMDAwMDAwMDAwMH0sInNjaGVtYV92ZXJzaW9uIjoiMSJ9",
          "dependencies": [
            "aws_key_pair.example",
            "aws_security_group.sg",
            "aws_subnet.pub-subnet1",
            "aws_vpc.lb-vpc",
            "tls_private_key.example"
          ]
        }
      ]
    },
    {
      "mode": "managed",
      "type": "aws_internet_gateway",
      "name": "internet_gateway",
      "provider": "provider[\"registry.terraform.io/hashicorp/aws\"]",
      "instances": [
        {
          "schema_version": 0,
          "attributes": {
            "arn": "arn:aws:ec2:us-east-1:135808924399:internet-gateway/igw-02e61f1ed9c4ecddb",
            "id": "igw-02e61f1ed9c4ecddb",
            "owner_id": "135808924399",
            "tags": {
              "Name": "internet-gatway-01"
            },
            "tags_all": {
              "Name": "internet-gatway-01"
            },
            "timeouts": null,
            "vpc_id": "vpc-07f84758fbb1384b2"
          },
          "sensitive_attributes": [],
          "private": "eyJlMmJmYjczMC1lY2FhLTExZTYtOGY4OC0zNDM2M2JjN2M0YzAiOnsiY3JlYXRlIjoxMjAwMDAwMDAwMDAwLCJkZWxldGUiOjEyMDAwMDAwMDAwMDAsInVwZGF0ZSI6MTIwMDAwMDAwMDAwMH19",
          "dependencies": [
            "aws_vpc.lb-vpc"
          ]
        }
      ]
    },
    {
      "mode": "managed",
      "type": "aws_key_pair",
      "name": "example",
      "provider": "provider[\"registry.terraform.io/hashicorp/aws\"]",
      "instances": [
        {
          "schema_version": 1,
          "attributes": {
            "arn": "arn:aws:ec2:us-east-1:135808924399:key-pair/my-key",
            "fingerprint": "d7:fe:cd:96:55:b0:c9:f3:7d:23:51:0d:ad:36:78:ce",
            "id": "my-key",
            "key_name": "my-key",
            "key_name_prefix": "",
            "key_pair_id": "key-039233b48a8ad1204",
            "key_type": "rsa",
            "public_key": "ssh-rsa AAAAB3NzaC1yc2EAAAADAQABAAACAQC1H/HhbUPjj0fj5smGyDSW2ITvYL6TLlP9eQSzSn3+eF6V2Lsif14umdSbSs3FwpJQuwfWE2pBwwxclTA7+VCH02R50YqrGQ0vSUE5+pHHBqtAtNffK82dJPkpdG9PCOozLDCheKWDUeaaMGIUFGlFRGZ8u3L03JQMzquNxEF4yTPDKALDQnEG5zx7UCrnKGISXcwcXOtLLz1zDnqLAuzKfILb50LKABm3mSSy8l3ovU10pvMclwTIT/xdbytXn6WjX2dSy8DI57YXCaK/lmY+KeuC27BZ1GAKARdjaY2u30l+BKJRdcEdjOiuKGdUBlCkDoHn1Pyen8w9E+OSR5qraYt3m9dON/1vvTnPFegN7jsAWoCvVGmUvGjAFY9R+bvv3PPlenFJz5pOoyRMDPKgW+SZUhuvBpcAkFertqhw3tNbQvVi0kzCYwI9hw7sY/B2viLbCIQMpxAyvtEn2PQ5OrmTWEh+hQrviAYBj8bfCtWfy6abnW9DqndMaztEYqjLSNWX3YOjxNnMHAit0GvRGYpPA9beWVWyksj3kPWw/PRCsqaXcSV3p1P5th+Q0FAIr1jeYRG8v/hrPIP+Le95ZSoC8jgwOrLXkSLkIx+00ak3JnKSrvQyqBEOZ90yE0/NjUwx6PGLOmLX+umz/AaD+l65TpWST08DzLBfcE21+Q==",
            "tags": null,
            "tags_all": {}
          },
          "sensitive_attributes": [],
          "private": "eyJzY2hlbWFfdmVyc2lvbiI6IjEifQ==",
          "dependencies": [
            "tls_private_key.example"
          ]
        }
      ]
    },
    {
      "mode": "managed",
      "type": "aws_lb_target_group",
      "name": "target-grp-lb",
      "provider": "provider[\"registry.terraform.io/hashicorp/aws\"]",
      "instances": [
        {
          "schema_version": 0,
          "attributes": {
            "arn": "arn:aws:elasticloadbalancing:us-east-1:135808924399:targetgroup/target-lb/ed4fa39a243bbe0d",
            "arn_suffix": "targetgroup/target-lb/ed4fa39a243bbe0d",
            "connection_termination": null,
            "deregistration_delay": "300",
            "health_check": [
              {
                "enabled": true,
                "healthy_threshold": 5,
                "interval": 30,
                "matcher": "200",
                "path": "/",
                "port": "traffic-port",
                "protocol": "HTTP",
                "timeout": 5,
                "unhealthy_threshold": 2
              }
            ],
            "id": "arn:aws:elasticloadbalancing:us-east-1:135808924399:targetgroup/target-lb/ed4fa39a243bbe0d",
            "ip_address_type": "ipv4",
            "lambda_multi_value_headers_enabled": false,
            "load_balancer_arns": [],
            "load_balancing_algorithm_type": "round_robin",
            "load_balancing_anomaly_mitigation": "off",
            "load_balancing_cross_zone_enabled": "use_load_balancer_configuration",
            "name": "target-lb",
            "name_prefix": "",
            "port": 80,
            "preserve_client_ip": null,
            "protocol": "HTTP",
            "protocol_version": "HTTP1",
            "proxy_protocol_v2": false,
            "slow_start": 0,
            "stickiness": [
              {
                "cookie_duration": 86400,
                "cookie_name": "",
                "enabled": false,
                "type": "lb_cookie"
              }
            ],
            "tags": {
              "Name": "target-lb"
            },
            "tags_all": {
              "Name": "target-lb"
            },
            "target_failover": [
              {
                "on_deregistration": null,
                "on_unhealthy": null
              }
            ],
            "target_health_state": [
              {
                "enable_unhealthy_connection_termination": null
              }
            ],
            "target_type": "instance",
            "vpc_id": "vpc-07f84758fbb1384b2"
          },
          "sensitive_attributes": [],
          "private": "bnVsbA==",
          "dependencies": [
            "aws_vpc.lb-vpc"
          ]
        }
      ]
    },
    {
      "mode": "managed",
      "type": "aws_lb_target_group_attachment",
      "name": "attachement",
      "provider": "provider[\"registry.terraform.io/hashicorp/aws\"]",
      "instances": [
        {
          "schema_version": 0,
          "attributes": {
            "availability_zone": null,
            "id": "arn:aws:elasticloadbalancing:us-east-1:135808924399:targetgroup/target-lb/ed4fa39a243bbe0d-20250508041226449500000004",
            "port": 80,
            "target_group_arn": "arn:aws:elasticloadbalancing:us-east-1:135808924399:targetgroup/target-lb/ed4fa39a243bbe0d",
            "target_id": "i-0ad7c7ea65b35132b"
          },
          "sensitive_attributes": [],
          "private": "bnVsbA==",
          "dependencies": [
            "aws_instance.my-instance",
            "aws_key_pair.example",
            "aws_lb_target_group.target-grp-lb",
            "aws_security_group.sg",
            "aws_subnet.pub-subnet1",
            "aws_vpc.lb-vpc",
            "tls_private_key.example"
          ]
        }
      ]
    },
    {
      "mode": "managed",
      "type": "aws_route_table",
      "name": "route-table",
      "provider": "provider[\"registry.terraform.io/hashicorp/aws\"]",
      "instances": [
        {
          "schema_version": 0,
          "attributes": {
            "arn": "arn:aws:ec2:us-east-1:135808924399:route-table/rtb-0e98029688a0ed5c9",
            "id": "rtb-0e98029688a0ed5c9",
            "owner_id": "135808924399",
            "propagating_vgws": [],
            "route": [
              {
                "carrier_gateway_id": "",
                "cidr_block": "0.0.0.0/0",
                "core_network_arn": "",
                "destination_prefix_list_id": "",
                "egress_only_gateway_id": "",
                "gateway_id": "igw-02e61f1ed9c4ecddb",
                "ipv6_cidr_block": "",
                "local_gateway_id": "",
                "nat_gateway_id": "",
                "network_interface_id": "",
                "transit_gateway_id": "",
                "vpc_endpoint_id": "",
                "vpc_peering_connection_id": ""
              }
            ],
            "tags": {
              "Name": "Routing table-subs"
            },
            "tags_all": {
              "Name": "Routing table-subs"
            },
            "timeouts": null,
            "vpc_id": "vpc-07f84758fbb1384b2"
          },
          "sensitive_attributes": [],
          "private": "eyJlMmJmYjczMC1lY2FhLTExZTYtOGY4OC0zNDM2M2JjN2M0YzAiOnsiY3JlYXRlIjozMDAwMDAwMDAwMDAsImRlbGV0ZSI6MzAwMDAwMDAwMDAwLCJ1cGRhdGUiOjEyMDAwMDAwMDAwMH19",
          "dependencies": [
            "aws_internet_gateway.internet_gateway",
            "aws_vpc.lb-vpc"
          ]
        }
      ]
    },
    {
      "mode": "managed",
      "type": "aws_route_table_association",
      "name": "association",
      "provider": "provider[\"registry.terraform.io/hashicorp/aws\"]",
      "instances": [
        {
          "schema_version": 0,
          "attributes": {
            "gateway_id": "",
            "id": "rtbassoc-004616257118f8fe2",
            "route_table_id": "rtb-0e98029688a0ed5c9",
            "subnet_id": "subnet-05611d099607b9b65",
            "timeouts": null
          },
          "sensitive_attributes": [],
          "private": "eyJlMmJmYjczMC1lY2FhLTExZTYtOGY4OC0zNDM2M2JjN2M0YzAiOnsiY3JlYXRlIjozMDAwMDAwMDAwMDAsImRlbGV0ZSI6MzAwMDAwMDAwMDAwLCJ1cGRhdGUiOjEyMDAwMDAwMDAwMH19",
          "dependencies": [
            "aws_internet_gateway.internet_gateway",
            "aws_route_table.route-table",
            "aws_subnet.pub-subnet2",
            "aws_vpc.lb-vpc"
          ]
        }
      ]
    },
    {
      "mode": "managed",
      "type": "aws_route_table_association",
      "name": "association2",
      "provider": "provider[\"registry.terraform.io/hashicorp/aws\"]",
      "instances": [
        {
          "schema_version": 0,
          "attributes": {
            "gateway_id": "",
            "id": "rtbassoc-07d825ce2f3150ce9",
            "route_table_id": "rtb-0e98029688a0ed5c9",
            "subnet_id": "subnet-0c59ee7838764688c",
            "timeouts": null
          },
          "sensitive_attributes": [],
          "private": "eyJlMmJmYjczMC1lY2FhLTExZTYtOGY4OC0zNDM2M2JjN2M0YzAiOnsiY3JlYXRlIjozMDAwMDAwMDAwMDAsImRlbGV0ZSI6MzAwMDAwMDAwMDAwLCJ1cGRhdGUiOjEyMDAwMDAwMDAwMH19",
          "dependencies": [
            "aws_internet_gateway.internet_gateway",
            "aws_route_table.route-table",
            "aws_subnet.pub-subnet1",
            "aws_vpc.lb-vpc"
          ]
        }
      ]
    },
    {
      "mode": "managed",
      "type": "aws_security_group",
      "name": "sg",
      "provider": "provider[\"registry.terraform.io/hashicorp/aws\"]",
      "instances": [
        {
          "schema_version": 1,
          "attributes": {
            "arn": "arn:aws:ec2:us-east-1:135808924399:security-group/sg-00fbe17f8ad5f1907",
            "description": "Managed by Terraform",
            "egress": [
              {
                "cidr_blocks": [
                  "0.0.0.0/0"
                ],
                "description": "",
                "from_port": 0,
                "ipv6_cidr_blocks": [],
                "prefix_list_ids": [],
                "protocol": "-1",
                "security_groups": [],
                "self": false,
                "to_port": 0
              }
            ],
            "id": "sg-00fbe17f8ad5f1907",
            "ingress": [
              {
                "cidr_blocks": [
                  "0.0.0.0/0"
                ],
                "description": "",
                "from_port": 22,
                "ipv6_cidr_blocks": [],
                "prefix_list_ids": [],
                "protocol": "tcp",
                "security_groups": [],
                "self": false,
                "to_port": 22
              },
              {
                "cidr_blocks": [
                  "0.0.0.0/0"
                ],
                "description": "",
                "from_port": 80,
                "ipv6_cidr_blocks": [],
                "prefix_list_ids": [],
                "protocol": "tcp",
                "security_groups": [],
                "self": false,
                "to_port": 80
              }
            ],
            "name": "terraform-20250508041156683700000001",
            "name_prefix": "terraform-",
            "owner_id": "135808924399",
            "revoke_rules_on_delete": false,
            "tags": {
              "Name": "N"
            },
            "tags_all": {
              "Name": "N"
            },
            "timeouts": null,
            "vpc_id": "vpc-07f84758fbb1384b2"
          },
          "sensitive_attributes": [],
          "private": "eyJlMmJmYjczMC1lY2FhLTExZTYtOGY4OC0zNDM2M2JjN2M0YzAiOnsiY3JlYXRlIjo2MDAwMDAwMDAwMDAsImRlbGV0ZSI6OTAwMDAwMDAwMDAwfSwic2NoZW1hX3ZlcnNpb24iOiIxIn0=",
          "dependencies": [
            "aws_vpc.lb-vpc"
          ]
        }
      ]
    },
    {
      "mode": "managed",
      "type": "aws_subnet",
      "name": "pub-subnet1",
      "provider": "provider[\"registry.terraform.io/hashicorp/aws\"]",
      "instances": [
        {
          "schema_version": 1,
          "attributes": {
            "arn": "arn:aws:ec2:us-east-1:135808924399:subnet/subnet-0c59ee7838764688c",
            "assign_ipv6_address_on_creation": false,
            "availability_zone": "us-east-1a",
            "availability_zone_id": "use1-az4",
            "cidr_block": "10.0.1.0/24",
            "customer_owned_ipv4_pool": "",
            "enable_dns64": false,
            "enable_lni_at_device_index": 0,
            "enable_resource_name_dns_a_record_on_launch": false,
            "enable_resource_name_dns_aaaa_record_on_launch": false,
            "id": "subnet-0c59ee7838764688c",
            "ipv6_cidr_block": "",
            "ipv6_cidr_block_association_id": "",
            "ipv6_native": false,
            "map_customer_owned_ip_on_launch": false,
            "map_public_ip_on_launch": true,
            "outpost_arn": "",
            "owner_id": "135808924399",
            "private_dns_hostname_type_on_launch": "ip-name",
            "tags": {
              "Name": "Public-subnet1"
            },
            "tags_all": {
              "Name": "Public-subnet1"
            },
            "timeouts": null,
            "vpc_id": "vpc-07f84758fbb1384b2"
          },
          "sensitive_attributes": [],
          "private": "eyJlMmJmYjczMC1lY2FhLTExZTYtOGY4OC0zNDM2M2JjN2M0YzAiOnsiY3JlYXRlIjo2MDAwMDAwMDAwMDAsImRlbGV0ZSI6MTIwMDAwMDAwMDAwMH0sInNjaGVtYV92ZXJzaW9uIjoiMSJ9",
          "dependencies": [
            "aws_vpc.lb-vpc"
          ]
        }
      ]
    },
    {
      "mode": "managed",
      "type": "aws_subnet",
      "name": "pub-subnet2",
      "provider": "provider[\"registry.terraform.io/hashicorp/aws\"]",
      "instances": [
        {
          "schema_version": 1,
          "attributes": {
            "arn": "arn:aws:ec2:us-east-1:135808924399:subnet/subnet-05611d099607b9b65",
            "assign_ipv6_address_on_creation": false,
            "availability_zone": "us-east-1b",
            "availability_zone_id": "use1-az6",
            "cidr_block": "10.0.2.0/24",
            "customer_owned_ipv4_pool": "",
            "enable_dns64": false,
            "enable_lni_at_device_index": 0,
            "enable_resource_name_dns_a_record_on_launch": false,
            "enable_resource_name_dns_aaaa_record_on_launch": false,
            "id": "subnet-05611d099607b9b65",
            "ipv6_cidr_block": "",
            "ipv6_cidr_block_association_id": "",
            "ipv6_native": false,
            "map_customer_owned_ip_on_launch": false,
            "map_public_ip_on_launch": true,
            "outpost_arn": "",
            "owner_id": "135808924399",
            "private_dns_hostname_type_on_launch": "ip-name",
            "tags": {
              "Name": "Public-subnet2"
            },
            "tags_all": {
              "Name": "Public-subnet2"
            },
            "timeouts": null,
            "vpc_id": "vpc-07f84758fbb1384b2"
          },
          "sensitive_attributes": [],
          "private": "eyJlMmJmYjczMC1lY2FhLTExZTYtOGY4OC0zNDM2M2JjN2M0YzAiOnsiY3JlYXRlIjo2MDAwMDAwMDAwMDAsImRlbGV0ZSI6MTIwMDAwMDAwMDAwMH0sInNjaGVtYV92ZXJzaW9uIjoiMSJ9",
          "dependencies": [
            "aws_vpc.lb-vpc"
          ]
        }
      ]
    },
    {
      "mode": "managed",
      "type": "aws_vpc",
      "name": "lb-vpc",
      "provider": "provider[\"registry.terraform.io/hashicorp/aws\"]",
      "instances": [
        {
          "schema_version": 1,
          "attributes": {
            "arn": "arn:aws:ec2:us-east-1:135808924399:vpc/vpc-07f84758fbb1384b2",
            "assign_generated_ipv6_cidr_block": false,
            "cidr_block": "10.0.0.0/16",
            "default_network_acl_id": "acl-0fd1ab292988b1314",
            "default_route_table_id": "rtb-09738d57403849d69",
            "default_security_group_id": "sg-068a9ff2b303d59bd",
            "dhcp_options_id": "dopt-07d25e5b23700ffa6",
            "enable_dns_hostnames": false,
            "enable_dns_support": true,
            "enable_network_address_usage_metrics": false,
            "id": "vpc-07f84758fbb1384b2",
            "instance_tenancy": "default",
            "ipv4_ipam_pool_id": null,
            "ipv4_netmask_length": null,
            "ipv6_association_id": "",
            "ipv6_cidr_block": "",
            "ipv6_cidr_block_network_border_group": "",
            "ipv6_ipam_pool_id": "",
            "ipv6_netmask_length": 0,
            "main_route_table_id": "rtb-09738d57403849d69",
            "owner_id": "135808924399",
            "tags": {
              "Name": "Lb-VPC"
            },
            "tags_all": {
              "Name": "Lb-VPC"
            }
          },
          "sensitive_attributes": [],
          "private": "eyJzY2hlbWFfdmVyc2lvbiI6IjEifQ=="
        }
      ]
    },
    {
      "mode": "managed",
      "type": "tls_private_key",
      "name": "example",
      "provider": "provider[\"registry.terraform.io/hashicorp/tls\"]",
      "instances": [
        {
          "schema_version": 1,
          "attributes": {
            "algorithm": "RSA",
            "ecdsa_curve": "P224",
            "id": "fbd08f17638ce590c3f8a99ebe21f739451fb5c0",
            "private_key_openssh": "-----BEGIN OPENSSH PRIVATE KEY-----\nb3BlbnNzaC1rZXktdjEAAAAABG5vbmUAAAAEbm9uZQAAAAAAAAABAAACFwAAAAdz\nc2gtcnNhAAAAAwEAAQAAAgEAtR/x4W1D449H4+bJhsg0ltiE72C+ky5T/XkEs0p9\n/nheldi7In9eLpnUm0rNxcKSULsH1hNqQcMMXJUwO/lQh9NkedGKqxkNL0lBOfqR\nxwarQLTX3yvNnST5KXRvTwjqMywwoXilg1HmmjBiFBRpRURmfLty9NyUDM6rjcRB\neMkzwygCw0JxBuc8e1Aq5yhiEl3MHFzrSy89cw56iwLsynyC2+dCygAZt5kksvJd\n6L1NdKbzHJcEyE/8XW8rV5+lo19nUsvAyOe2Fwmiv5ZmPinrgtuwWdRgCgEXY2mN\nrt9JfgSiUXXBHYzorihnVAZQpA6B59T8np/MPRPjkkeaq2mLd5vXTjf9b705zxXo\nDe47AFqAr1RplLxowBWPUfm779zz5XpxSc+aTqMkTAzyoFvkmVIbrwaXAJBXq7ao\ncN7TW0L1YtJMwmMCPYcO7GPwdr4i2wiEDKcQMr7RJ9j0OTq5k1hIfoUK74gGAY/G\n3wrVn8umm51vQ6p3TGs7RGKoy0jVl92Do8TZzBwIrdBr0RmKTwPW3llVspLI95D1\nsPz0QrKml3Eld6dT+bYfkNBQCK9Y3mERvL/4azyD/i3veWUqAvI4MDqy15Ei5CMf\ntNGpNyZykq70MqgRDmfdMhNPzY1MMejxizpi1/rps/wGg/peuU6Vkk9PA8ywX3BN\ntfkAAAc4qD0F2Kg9BdgAAAAHc3NoLXJzYQAAAgEAtR/x4W1D449H4+bJhsg0ltiE\n72C+ky5T/XkEs0p9/nheldi7In9eLpnUm0rNxcKSULsH1hNqQcMMXJUwO/lQh9Nk\nedGKqxkNL0lBOfqRxwarQLTX3yvNnST5KXRvTwjqMywwoXilg1HmmjBiFBRpRURm\nfLty9NyUDM6rjcRBeMkzwygCw0JxBuc8e1Aq5yhiEl3MHFzrSy89cw56iwLsynyC\n2+dCygAZt5kksvJd6L1NdKbzHJcEyE/8XW8rV5+lo19nUsvAyOe2Fwmiv5ZmPinr\ngtuwWdRgCgEXY2mNrt9JfgSiUXXBHYzorihnVAZQpA6B59T8np/MPRPjkkeaq2mL\nd5vXTjf9b705zxXoDe47AFqAr1RplLxowBWPUfm779zz5XpxSc+aTqMkTAzyoFvk\nmVIbrwaXAJBXq7aocN7TW0L1YtJMwmMCPYcO7GPwdr4i2wiEDKcQMr7RJ9j0OTq5\nk1hIfoUK74gGAY/G3wrVn8umm51vQ6p3TGs7RGKoy0jVl92Do8TZzBwIrdBr0RmK\nTwPW3llVspLI95D1sPz0QrKml3Eld6dT+bYfkNBQCK9Y3mERvL/4azyD/i3veWUq\nAvI4MDqy15Ei5CMftNGpNyZykq70MqgRDmfdMhNPzY1MMejxizpi1/rps/wGg/pe\nuU6Vkk9PA8ywX3BNtfkAAAADAQABAAACACoaLN2byoYhDjL5uKqt6xuNZQlH0cTg\npgFrmh4bGMKINGRcptNUDA6FD5ixgLeRjPVbJG0swixbLIpw2291erS3/MkcXkF7\nZ0cwngreJfi/ohs+blegFQGMUKbEPAOBLP+MLBm8s6yc4x/AU2wbeoTxa2lfIU+t\n3nRDrjkb/6QWEQQyTsIYtbFHGxYHApINHw7p4sJNDxzA9GXEXdPmcCh5XOnFDg9q\nio/U92TpVc7+Af01uZlRuXjerukBKHAL2jLpwFjMqBmLUxZz1PL4APg+QlJ+wrV+\n2nw42LjxFlAp8ylp5llNKAC4enXRSoOLnD8maCf9qGMu/gjMkL+2CUue86qT+rfh\nMcLLqe+ksArBtODQ7pUBrli1HbaX2fCsMIuljJDCSZIJD6+YUJsLBlsZGmxN0vpE\nSotmlnzG16dBG6JCYVYf0LTAJIvBPZ+RZ3lNQmUUbMhDsWtElLZU7hYC421w5/2c\nsYkjMrjZTOYa1xBbSvau+mntgJswbhXap5qD2F0h8cV4C/qVxEVQa9SNM1xtwEJA\n07NYfNLeuaZ8CzuTlbCXanyl4jPtMoXipz4rnlzLd8UBPIUD7OJQMyIz0OOoeFVV\nhun8WGEKFpzfOtzyWxI48IHlAW7Jg7N3jxz3OJLTfw2BF5MHHH+nR1BJGQwibDKX\nX1OPciiUwWjJAAABAQCUdpB1M7U/LKRvBr1jOyW2ETEdbs7ZXxySi52TlV0FpRdo\nc1u81sxFOeprO7YZCsHDY5EgWfR6Wbe/qwv/pe6jP7dz38Oja+i47/r57MzRir6L\nK9MG3BozyUYBmvE+FuykNfcPSQd5lEMXf9xn4pXxuILRNsbqeSzwvalGCbbHpmYO\nJa5CdbbbNeADqDhD82jUp8yWlL81aUZZZTicL4YaXfnGqbXOhFax8jd1O7tN6wFR\nFYd61V/axUDFINjVqHihv3iz6VFKXpAxxo/0Y0EhCJrXZCNRw+f+jgtUnF9mLfv1\n5pQIjfm27wAw4uecOjWhs0M2abeh9HLqzrGQ1mkVAAABAQDTxeo7n6hLGInwWlhZ\ndNV0meCW/MjaWPi5gODDxC+0AdfaXW7TIP7/ydudfDiIXOUEdFyCtuFc6NZDmA+h\n+LEZTxg9siRiZRppAh9r2Gu7qBWSpsek/EiF8mTLykW2P1IIe6gs2A20IM4G0C4c\nPjwvdxiEFXKYuUg76WIzRSM8+7lbax3h5/PssBg6QwYXMCod7IuTfvIRLRpBB0kL\nBtPUXG1Kl28GCBpMAH/C5BdgkfzOwLxJANdUpMMV963MxXsq0vnE/aD51ZbAgUu4\nBvi47f1khMVRQkR6UIu3B3/JUxqeIMv3UJ0+KGnGZoInVs0F98PIX75ffFeylWQL\nvgRLAAABAQDa83hXsUgXJY/FVQozu9vriVqMkxe1qiEC5g/1hxmzK8u/52OMn15t\nyAk4iYlS4yGfeHtRm3M7sqyMpCDQa1pk15bXXAn0PkptqTTUYCFs+pit/l9MPdkp\nHuW+mN2at61Fgl/r/rLyeIBngG/vQLkLEw5ZJ+5FUpXEFJMexFDtQW8rCkVhKNIy\nJMBjha3UKxERu4N+6xAxEefvnYd6IKbzzE2/Jw0Kxemzq4Bpw4oFA8VzsSo68VRP\n6OkKyepTBiAfmjqo8ZkAmYFsiZNEr/WSGRe5hr9InCNBbLFszUcWsKIF9tU44b6g\nsVZUyPzd4QbE7IAroNsJGSsY96iQltxLAAAAAAEC\n-----END OPENSSH PRIVATE KEY-----\n",
            "private_key_pem": "-----BEGIN RSA PRIVATE KEY-----\nMIIJKAIBAAKCAgEAtR/x4W1D449H4+bJhsg0ltiE72C+ky5T/XkEs0p9/nheldi7\nIn9eLpnUm0rNxcKSULsH1hNqQcMMXJUwO/lQh9NkedGKqxkNL0lBOfqRxwarQLTX\n3yvNnST5KXRvTwjqMywwoXilg1HmmjBiFBRpRURmfLty9NyUDM6rjcRBeMkzwygC\nw0JxBuc8e1Aq5yhiEl3MHFzrSy89cw56iwLsynyC2+dCygAZt5kksvJd6L1NdKbz\nHJcEyE/8XW8rV5+lo19nUsvAyOe2Fwmiv5ZmPinrgtuwWdRgCgEXY2mNrt9JfgSi\nUXXBHYzorihnVAZQpA6B59T8np/MPRPjkkeaq2mLd5vXTjf9b705zxXoDe47AFqA\nr1RplLxowBWPUfm779zz5XpxSc+aTqMkTAzyoFvkmVIbrwaXAJBXq7aocN7TW0L1\nYtJMwmMCPYcO7GPwdr4i2wiEDKcQMr7RJ9j0OTq5k1hIfoUK74gGAY/G3wrVn8um\nm51vQ6p3TGs7RGKoy0jVl92Do8TZzBwIrdBr0RmKTwPW3llVspLI95D1sPz0QrKm\nl3Eld6dT+bYfkNBQCK9Y3mERvL/4azyD/i3veWUqAvI4MDqy15Ei5CMftNGpNyZy\nkq70MqgRDmfdMhNPzY1MMejxizpi1/rps/wGg/peuU6Vkk9PA8ywX3BNtfkCAwEA\nAQKCAgAqGizdm8qGIQ4y+biqresbjWUJR9HE4KYBa5oeGxjCiDRkXKbTVAwOhQ+Y\nsYC3kYz1WyRtLMIsWyyKcNtvdXq0t/zJHF5Be2dHMJ4K3iX4v6IbPm5XoBUBjFCm\nxDwDgSz/jCwZvLOsnOMfwFNsG3qE8WtpXyFPrd50Q645G/+kFhEEMk7CGLWxRxsW\nBwKSDR8O6eLCTQ8cwPRlxF3T5nAoeVzpxQ4PaoqP1Pdk6VXO/gH9NbmZUbl43q7p\nAShwC9oy6cBYzKgZi1MWc9Ty+AD4PkJSfsK1ftp8ONi48RZQKfMpaeZZTSgAuHp1\n0UqDi5w/Jmgn/ahjLv4IzJC/tglLnvOqk/q34THCy6nvpLAKwbTg0O6VAa5YtR22\nl9nwrDCLpYyQwkmSCQ+vmFCbCwZbGRpsTdL6REqLZpZ8xtenQRuiQmFWH9C0wCSL\nwT2fkWd5TUJlFGzIQ7FrRJS2VO4WAuNtcOf9nLGJIzK42UzmGtcQW0r2rvpp7YCb\nMG4V2qeag9hdIfHFeAv6lcRFUGvUjTNcbcBCQNOzWHzS3rmmfAs7k5Wwl2p8peIz\n7TKF4qc+K55cy3fFATyFA+ziUDMiM9DjqHhVVYbp/FhhChac3zrc8lsSOPCB5QFu\nyYOzd48c9ziS038NgReTBxx/p0dQSRkMImwyl19Tj3IolMFoyQKCAQEA08XqO5+o\nSxiJ8FpYWXTVdJnglvzI2lj4uYDgw8QvtAHX2l1u0yD+/8nbnXw4iFzlBHRcgrbh\nXOjWQ5gPofixGU8YPbIkYmUaaQIfa9hru6gVkqbHpPxIhfJky8pFtj9SCHuoLNgN\ntCDOBtAuHD48L3cYhBVymLlIO+liM0UjPPu5W2sd4efz7LAYOkMGFzAqHeyLk37y\nES0aQQdJCwbT1FxtSpdvBggaTAB/wuQXYJH8zsC8SQDXVKTDFfetzMV7KtL5xP2g\n+dWWwIFLuAb4uO39ZITFUUJEelCLtwd/yVManiDL91CdPihpxmaCJ1bNBffDyF++\nX3xXspVkC74ESwKCAQEA2vN4V7FIFyWPxVUKM7vb64lajJMXtaohAuYP9YcZsyvL\nv+djjJ9ebcgJOImJUuMhn3h7UZtzO7KsjKQg0GtaZNeW11wJ9D5Kbak01GAhbPqY\nrf5fTD3ZKR7lvpjdmretRYJf6/6y8niAZ4Bv70C5CxMOWSfuRVKVxBSTHsRQ7UFv\nKwpFYSjSMiTAY4Wt1CsREbuDfusQMRHn752HeiCm88xNvycNCsXps6uAacOKBQPF\nc7EqOvFUT+jpCsnqUwYgH5o6qPGZAJmBbImTRK/1khkXuYa/SJwjQWyxbM1HFrCi\nBfbVOOG+oLFWVMj83eEGxOyAK6DbCRkrGPeokJbcSwKCAQA49YORs9iVEi2Pqw0W\nSnlbGkQw+B6hs8p6QnKx1OOru88t2XGEcdyEOevKyO1/p9SlRRLYyY2F6s4ucgjK\nXNRtZTu05GQq3tyin8KJxDT9zTC4OAl8k6qB9Hct5OKpKRDMXU4Xeaj96NDhPj8Y\ns5iGf7blV8txzmviSVxzQ8Y9kcsCDqaD61pNL/PkP8C0nezGDahg7IT5H7NvCCGa\nSKTS+mUe6eofqjBAfuXeKnErNTjU9zvtOr+v8XzTPMHPUNJW61XoqPsSF2OrtVsD\nTUS6oLBFx/w2Zed7KozZlrfFE4gWPeX+R/1zCXWhulKJeCw+zawoCbBviEciLlIx\nYlNPAoIBAFuHroZSSUXL4QdoXoR0AyK638ymbSH3hidVD9TfboH1TA7kZzxRH0Ob\nfSdSb8LjypmE32ClMI4DSpjcwA8A4eAINDnBczPUmn6vXrNtoGuTcyJBlYsky9Sh\n4v9DnlhgcqH9N6ZLanlsoJkkGycUkoarp7Lju3rlZFB9HWeeQAp+8T834vsT+pMV\nxAuWxa1Nd6xHDFiRYcpxptkHrKwEXGbMwK+pXo1jYShICL2uDdO82N1dcb8ERe/F\n+S4WbMvaYrFzYxRfM0wJ4A4EkTkEqg8ySDW5u9tZ0m82RhGq2w4ENydxIX/O90br\n+6AkCXmj6ZWHHKmgbBCoodilJ6WSO3MCggEBAJR2kHUztT8spG8GvWM7JbYRMR1u\nztlfHJKLnZOVXQWlF2hzW7zWzEU56ms7thkKwcNjkSBZ9HpZt7+rC/+l7qM/t3Pf\nw6Nr6Ljv+vnszNGKvosr0wbcGjPJRgGa8T4W7KQ19w9JB3mUQxd/3GfilfG4gtE2\nxup5LPC9qUYJtsemZg4lrkJ1tts14AOoOEPzaNSnzJaUvzVpRlllOJwvhhpd+cap\ntc6EVrHyN3U7u03rAVEVh3rVX9rFQMUg2NWoeKG/eLPpUUpekDHGj/RjQSEImtdk\nI1HD5/6OC1ScX2Yt+/XmlAiN+bbvADDi55w6NaGzQzZpt6H0curOsZDWaRU=\n-----END RSA PRIVATE KEY-----\n",
            "private_key_pem_pkcs8": "-----BEGIN PRIVATE KEY-----\nMIIJQgIBADANBgkqhkiG9w0BAQEFAASCCSwwggkoAgEAAoICAQC1H/HhbUPjj0fj\n5smGyDSW2ITvYL6TLlP9eQSzSn3+eF6V2Lsif14umdSbSs3FwpJQuwfWE2pBwwxc\nlTA7+VCH02R50YqrGQ0vSUE5+pHHBqtAtNffK82dJPkpdG9PCOozLDCheKWDUeaa\nMGIUFGlFRGZ8u3L03JQMzquNxEF4yTPDKALDQnEG5zx7UCrnKGISXcwcXOtLLz1z\nDnqLAuzKfILb50LKABm3mSSy8l3ovU10pvMclwTIT/xdbytXn6WjX2dSy8DI57YX\nCaK/lmY+KeuC27BZ1GAKARdjaY2u30l+BKJRdcEdjOiuKGdUBlCkDoHn1Pyen8w9\nE+OSR5qraYt3m9dON/1vvTnPFegN7jsAWoCvVGmUvGjAFY9R+bvv3PPlenFJz5pO\noyRMDPKgW+SZUhuvBpcAkFertqhw3tNbQvVi0kzCYwI9hw7sY/B2viLbCIQMpxAy\nvtEn2PQ5OrmTWEh+hQrviAYBj8bfCtWfy6abnW9DqndMaztEYqjLSNWX3YOjxNnM\nHAit0GvRGYpPA9beWVWyksj3kPWw/PRCsqaXcSV3p1P5th+Q0FAIr1jeYRG8v/hr\nPIP+Le95ZSoC8jgwOrLXkSLkIx+00ak3JnKSrvQyqBEOZ90yE0/NjUwx6PGLOmLX\n+umz/AaD+l65TpWST08DzLBfcE21+QIDAQABAoICACoaLN2byoYhDjL5uKqt6xuN\nZQlH0cTgpgFrmh4bGMKINGRcptNUDA6FD5ixgLeRjPVbJG0swixbLIpw2291erS3\n/MkcXkF7Z0cwngreJfi/ohs+blegFQGMUKbEPAOBLP+MLBm8s6yc4x/AU2wbeoTx\na2lfIU+t3nRDrjkb/6QWEQQyTsIYtbFHGxYHApINHw7p4sJNDxzA9GXEXdPmcCh5\nXOnFDg9qio/U92TpVc7+Af01uZlRuXjerukBKHAL2jLpwFjMqBmLUxZz1PL4APg+\nQlJ+wrV+2nw42LjxFlAp8ylp5llNKAC4enXRSoOLnD8maCf9qGMu/gjMkL+2CUue\n86qT+rfhMcLLqe+ksArBtODQ7pUBrli1HbaX2fCsMIuljJDCSZIJD6+YUJsLBlsZ\nGmxN0vpESotmlnzG16dBG6JCYVYf0LTAJIvBPZ+RZ3lNQmUUbMhDsWtElLZU7hYC\n421w5/2csYkjMrjZTOYa1xBbSvau+mntgJswbhXap5qD2F0h8cV4C/qVxEVQa9SN\nM1xtwEJA07NYfNLeuaZ8CzuTlbCXanyl4jPtMoXipz4rnlzLd8UBPIUD7OJQMyIz\n0OOoeFVVhun8WGEKFpzfOtzyWxI48IHlAW7Jg7N3jxz3OJLTfw2BF5MHHH+nR1BJ\nGQwibDKXX1OPciiUwWjJAoIBAQDTxeo7n6hLGInwWlhZdNV0meCW/MjaWPi5gODD\nxC+0AdfaXW7TIP7/ydudfDiIXOUEdFyCtuFc6NZDmA+h+LEZTxg9siRiZRppAh9r\n2Gu7qBWSpsek/EiF8mTLykW2P1IIe6gs2A20IM4G0C4cPjwvdxiEFXKYuUg76WIz\nRSM8+7lbax3h5/PssBg6QwYXMCod7IuTfvIRLRpBB0kLBtPUXG1Kl28GCBpMAH/C\n5BdgkfzOwLxJANdUpMMV963MxXsq0vnE/aD51ZbAgUu4Bvi47f1khMVRQkR6UIu3\nB3/JUxqeIMv3UJ0+KGnGZoInVs0F98PIX75ffFeylWQLvgRLAoIBAQDa83hXsUgX\nJY/FVQozu9vriVqMkxe1qiEC5g/1hxmzK8u/52OMn15tyAk4iYlS4yGfeHtRm3M7\nsqyMpCDQa1pk15bXXAn0PkptqTTUYCFs+pit/l9MPdkpHuW+mN2at61Fgl/r/rLy\neIBngG/vQLkLEw5ZJ+5FUpXEFJMexFDtQW8rCkVhKNIyJMBjha3UKxERu4N+6xAx\nEefvnYd6IKbzzE2/Jw0Kxemzq4Bpw4oFA8VzsSo68VRP6OkKyepTBiAfmjqo8ZkA\nmYFsiZNEr/WSGRe5hr9InCNBbLFszUcWsKIF9tU44b6gsVZUyPzd4QbE7IAroNsJ\nGSsY96iQltxLAoIBADj1g5Gz2JUSLY+rDRZKeVsaRDD4HqGzynpCcrHU46u7zy3Z\ncYRx3IQ568rI7X+n1KVFEtjJjYXqzi5yCMpc1G1lO7TkZCre3KKfwonENP3NMLg4\nCXyTqoH0dy3k4qkpEMxdThd5qP3o0OE+PxizmIZ/tuVXy3HOa+JJXHNDxj2RywIO\npoPrWk0v8+Q/wLSd7MYNqGDshPkfs28IIZpIpNL6ZR7p6h+qMEB+5d4qcSs1ONT3\nO+06v6/xfNM8wc9Q0lbrVeio+xIXY6u1WwNNRLqgsEXH/DZl53sqjNmWt8UTiBY9\n5f5H/XMJdaG6Uol4LD7NrCgJsG+IRyIuUjFiU08CggEAW4euhlJJRcvhB2hehHQD\nIrrfzKZtIfeGJ1UP1N9ugfVMDuRnPFEfQ5t9J1JvwuPKmYTfYKUwjgNKmNzADwDh\n4Ag0OcFzM9Safq9es22ga5NzIkGViyTL1KHi/0OeWGByof03pktqeWygmSQbJxSS\nhqunsuO7euVkUH0dZ55ACn7xPzfi+xP6kxXEC5bFrU13rEcMWJFhynGm2QesrARc\nZszAr6lejWNhKEgIva4N07zY3V1xvwRF78X5LhZsy9pisXNjFF8zTAngDgSROQSq\nDzJINbm721nSbzZGEarbDgQ3J3Ehf873Ruv7oCQJeaPplYccqaBsEKih2KUnpZI7\ncwKCAQEAlHaQdTO1Pyykbwa9YzslthExHW7O2V8ckoudk5VdBaUXaHNbvNbMRTnq\nazu2GQrBw2ORIFn0elm3v6sL/6Xuoz+3c9/Do2vouO/6+ezM0Yq+iyvTBtwaM8lG\nAZrxPhbspDX3D0kHeZRDF3/cZ+KV8biC0TbG6nks8L2pRgm2x6ZmDiWuQnW22zXg\nA6g4Q/No1KfMlpS/NWlGWWU4nC+GGl35xqm1zoRWsfI3dTu7TesBURWHetVf2sVA\nxSDY1ah4ob94s+lRSl6QMcaP9GNBIQia12QjUcPn/o4LVJxfZi379eaUCI35tu8A\nMOLnnDo1obNDNmm3ofRy6s6xkNZpFQ==\n-----END PRIVATE KEY-----\n",
            "public_key_fingerprint_md5": "9b:ed:62:ad:6c:34:7f:56:2a:5d:27:ed:b9:50:f4:de",
            "public_key_fingerprint_sha256": "SHA256:ohUZHusU3cPXsIPoP3XPAluTO6RJlrevilvqm+dDoQ0",
            "public_key_openssh": "ssh-rsa AAAAB3NzaC1yc2EAAAADAQABAAACAQC1H/HhbUPjj0fj5smGyDSW2ITvYL6TLlP9eQSzSn3+eF6V2Lsif14umdSbSs3FwpJQuwfWE2pBwwxclTA7+VCH02R50YqrGQ0vSUE5+pHHBqtAtNffK82dJPkpdG9PCOozLDCheKWDUeaaMGIUFGlFRGZ8u3L03JQMzquNxEF4yTPDKALDQnEG5zx7UCrnKGISXcwcXOtLLz1zDnqLAuzKfILb50LKABm3mSSy8l3ovU10pvMclwTIT/xdbytXn6WjX2dSy8DI57YXCaK/lmY+KeuC27BZ1GAKARdjaY2u30l+BKJRdcEdjOiuKGdUBlCkDoHn1Pyen8w9E+OSR5qraYt3m9dON/1vvTnPFegN7jsAWoCvVGmUvGjAFY9R+bvv3PPlenFJz5pOoyRMDPKgW+SZUhuvBpcAkFertqhw3tNbQvVi0kzCYwI9hw7sY/B2viLbCIQMpxAyvtEn2PQ5OrmTWEh+hQrviAYBj8bfCtWfy6abnW9DqndMaztEYqjLSNWX3YOjxNnMHAit0GvRGYpPA9beWVWyksj3kPWw/PRCsqaXcSV3p1P5th+Q0FAIr1jeYRG8v/hrPIP+Le95ZSoC8jgwOrLXkSLkIx+00ak3JnKSrvQyqBEOZ90yE0/NjUwx6PGLOmLX+umz/AaD+l65TpWST08DzLBfcE21+Q==\n",
            "public_key_pem": "-----BEGIN PUBLIC KEY-----\nMIICIjANBgkqhkiG9w0BAQEFAAOCAg8AMIICCgKCAgEAtR/x4W1D449H4+bJhsg0\nltiE72C+ky5T/XkEs0p9/nheldi7In9eLpnUm0rNxcKSULsH1hNqQcMMXJUwO/lQ\nh9NkedGKqxkNL0lBOfqRxwarQLTX3yvNnST5KXRvTwjqMywwoXilg1HmmjBiFBRp\nRURmfLty9NyUDM6rjcRBeMkzwygCw0JxBuc8e1Aq5yhiEl3MHFzrSy89cw56iwLs\nynyC2+dCygAZt5kksvJd6L1NdKbzHJcEyE/8XW8rV5+lo19nUsvAyOe2Fwmiv5Zm\nPinrgtuwWdRgCgEXY2mNrt9JfgSiUXXBHYzorihnVAZQpA6B59T8np/MPRPjkkea\nq2mLd5vXTjf9b705zxXoDe47AFqAr1RplLxowBWPUfm779zz5XpxSc+aTqMkTAzy\noFvkmVIbrwaXAJBXq7aocN7TW0L1YtJMwmMCPYcO7GPwdr4i2wiEDKcQMr7RJ9j0\nOTq5k1hIfoUK74gGAY/G3wrVn8umm51vQ6p3TGs7RGKoy0jVl92Do8TZzBwIrdBr\n0RmKTwPW3llVspLI95D1sPz0QrKml3Eld6dT+bYfkNBQCK9Y3mERvL/4azyD/i3v\neWUqAvI4MDqy15Ei5CMftNGpNyZykq70MqgRDmfdMhNPzY1MMejxizpi1/rps/wG\ng/peuU6Vkk9PA8ywX3BNtfkCAwEAAQ==\n-----END PUBLIC KEY-----\n",
            "rsa_bits": 4096
          },
          "sensitive_attributes": [
            [
              {
                "type": "get_attr",
                "value": "private_key_pem_pkcs8"
              }
            ],
            [
              {
                "type": "get_attr",
                "value": "private_key_openssh"
              }
            ],
            [
              {
                "type": "get_attr",
                "value": "private_key_pem"
              }
            ]
          ]
        }
      ]
    }
  ],
  "check_results": null
}
